
Microsoft Visual Studio Solution File, Format Version 12.00
# Visual Studio Version 18
VisualStudioVersion = 18.3.11512.155 d18.3
MinimumVisualStudioVersion = 10.0.40219.1
Project("{2150E333-8FDC-42A3-9474-1A3956D46DE8}") = "Defender.BudgetTracker", "Defender.BudgetTracker", "{85F7CBF3-EF26-4AC4-22AF-16D15013B88E}"
EndProject
Project("{FAE04EC0-301F-11D3-BF4B-00C04F79EFBC}") = "Application", "src\Defender.BudgetTracker\src\Application\Application.csproj", "{23204EB3-62B4-4BBF-AA5D-B7838D397223}"
EndProject
Project("{FAE04EC0-301F-11D3-BF4B-00C04F79EFBC}") = "Domain", "src\Defender.BudgetTracker\src\Domain\Domain.csproj", "{14380918-6E63-4BC9-82A4-85257F9C3A22}"
EndProject
Project("{FAE04EC0-301F-11D3-BF4B-00C04F79EFBC}") = "Infrastructure", "src\Defender.BudgetTracker\src\Infrastructure\Infrastructure.csproj", "{51029CA5-23D1-4FA2-8BA7-E8EB3970D668}"
EndProject
Project("{FAE04EC0-301F-11D3-BF4B-00C04F79EFBC}") = "Defender.BudgetTracker.Tests", "src\Defender.BudgetTracker\src\Tests\Defender.BudgetTracker.Tests.csproj", "{36A1E6E8-5865-46FD-9142-AF149705004D}"
EndProject
Project("{FAE04EC0-301F-11D3-BF4B-00C04F79EFBC}") = "WebApi", "src\Defender.BudgetTracker\src\WebApi\WebApi.csproj", "{EFA4222A-230D-4734-8723-7D7B7AE3ADFA}"
EndProject
Project("{2150E333-8FDC-42A3-9474-1A3956D46DE8}") = "Defender.IdentityService", "Defender.IdentityService", "{C8C5DAC2-19D6-1CC4-B55E-3732F248532B}"
EndProject
Project("{FAE04EC0-301F-11D3-BF4B-00C04F79EFBC}") = "Application", "src\Defender.IdentityService\src\Application\Application.csproj", "{5BB601E6-F587-4EA7-A78C-5BC72C0142E4}"
EndProject
Project("{FAE04EC0-301F-11D3-BF4B-00C04F79EFBC}") = "Domain", "src\Defender.IdentityService\src\Domain\Domain.csproj", "{91CB9564-A859-4DD8-AB7B-DF0A137FF947}"
EndProject
Project("{FAE04EC0-301F-11D3-BF4B-00C04F79EFBC}") = "Infrastructure", "src\Defender.IdentityService\src\Infrastructure\Infrastructure.csproj", "{D818E18F-4107-4583-8FFC-2979DC835271}"
EndProject
Project("{FAE04EC0-301F-11D3-BF4B-00C04F79EFBC}") = "Defender.IdentityService.Tests", "src\Defender.IdentityService\src\Tests\Defender.IdentityService.Tests.csproj", "{0BEAB3BF-2AA1-40BA-A7EF-ECF99C7C4D75}"
EndProject
Project("{FAE04EC0-301F-11D3-BF4B-00C04F79EFBC}") = "WebApi", "src\Defender.IdentityService\src\WebApi\WebApi.csproj", "{0CB1CB08-428E-445E-BE56-6FFED4E53A25}"
EndProject
Project("{2150E333-8FDC-42A3-9474-1A3956D46DE8}") = "Defender.JobSchedulerService", "Defender.JobSchedulerService", "{C09F6456-0B9B-3DB7-F860-4614DEF252DE}"
EndProject
Project("{FAE04EC0-301F-11D3-BF4B-00C04F79EFBC}") = "Application", "src\Defender.JobSchedulerService\src\Application\Application.csproj", "{AA543315-876C-478A-BDE0-3209F85D0931}"
EndProject
Project("{FAE04EC0-301F-11D3-BF4B-00C04F79EFBC}") = "Domain", "src\Defender.JobSchedulerService\src\Domain\Domain.csproj", "{2AB1E888-A7CE-42D2-A2F1-E733D1BA4E13}"
EndProject
Project("{FAE04EC0-301F-11D3-BF4B-00C04F79EFBC}") = "Infrastructure", "src\Defender.JobSchedulerService\src\Infrastructure\Infrastructure.csproj", "{3EC6C255-9BB7-4DD9-8946-474137CB78F2}"
EndProject
Project("{FAE04EC0-301F-11D3-BF4B-00C04F79EFBC}") = "Defender.JobSchedulerService.Tests", "src\Defender.JobSchedulerService\src\Tests\Defender.JobSchedulerService.Tests.csproj", "{8467037A-5381-4950-A998-5AB72E7A6DF0}"
EndProject
Project("{FAE04EC0-301F-11D3-BF4B-00C04F79EFBC}") = "WebApi", "src\Defender.JobSchedulerService\src\WebApi\WebApi.csproj", "{6D1955E8-6FFE-4496-8149-A266906C644F}"
EndProject
Project("{2150E333-8FDC-42A3-9474-1A3956D46DE8}") = "Defender.NotificationService", "Defender.NotificationService", "{03CCC7DC-32FE-5D17-CECD-CBFC96260A88}"
EndProject
Project("{FAE04EC0-301F-11D3-BF4B-00C04F79EFBC}") = "Application", "src\Defender.NotificationService\src\Application\Application.csproj", "{73E02863-3DF6-446E-8800-A92488708983}"
EndProject
Project("{FAE04EC0-301F-11D3-BF4B-00C04F79EFBC}") = "Domain", "src\Defender.NotificationService\src\Domain\Domain.csproj", "{23DCABC2-93CD-4247-892D-0E8A85D29B6A}"
EndProject
Project("{FAE04EC0-301F-11D3-BF4B-00C04F79EFBC}") = "Infrastructure", "src\Defender.NotificationService\src\Infrastructure\Infrastructure.csproj", "{FB113D69-1F1E-4FD8-89A5-EED1F5AF1EDA}"
EndProject
Project("{FAE04EC0-301F-11D3-BF4B-00C04F79EFBC}") = "Defender.NotificationService.Tests", "src\Defender.NotificationService\src\Tests\Defender.NotificationService.Tests.csproj", "{F2E8A4A3-0EC1-4960-BF8A-770F03C4F2D6}"
EndProject
Project("{FAE04EC0-301F-11D3-BF4B-00C04F79EFBC}") = "WebApi", "src\Defender.NotificationService\src\WebApi\WebApi.csproj", "{17E615EE-8D6A-4488-9BC4-AF1A041D7AB7}"
EndProject
Project("{2150E333-8FDC-42A3-9474-1A3956D46DE8}") = "Defender.PersonalFoodAdviser", "Defender.PersonalFoodAdviser", "{CF2E20A4-4434-BC58-957C-20692CC225B4}"
EndProject
Project("{FAE04EC0-301F-11D3-BF4B-00C04F79EFBC}") = "Application", "src\Defender.PersonalFoodAdviser\src\Application\Application.csproj", "{5ABA7C68-7C51-4E31-A8BA-359C3ED62662}"
EndProject
Project("{FAE04EC0-301F-11D3-BF4B-00C04F79EFBC}") = "Domain", "src\Defender.PersonalFoodAdviser\src\Domain\Domain.csproj", "{9A731A36-9FD4-46D8-9D03-F4F4DAAE8EC3}"
EndProject
Project("{FAE04EC0-301F-11D3-BF4B-00C04F79EFBC}") = "Infrastructure", "src\Defender.PersonalFoodAdviser\src\Infrastructure\Infrastructure.csproj", "{A419657E-0BF4-437C-BC47-645509F6B339}"
EndProject
Project("{FAE04EC0-301F-11D3-BF4B-00C04F79EFBC}") = "Defender.PersonalFoodAdviser.Tests", "src\Defender.PersonalFoodAdviser\src\Tests\Defender.PersonalFoodAdviser.Tests.csproj", "{2D59EBDD-2CF9-4C91-A843-010C2517551F}"
EndProject
Project("{FAE04EC0-301F-11D3-BF4B-00C04F79EFBC}") = "WebApi", "src\Defender.PersonalFoodAdviser\src\WebApi\WebApi.csproj", "{C2FBE12F-AB87-4058-A6B7-FBF98A012725}"
EndProject
Project("{2150E333-8FDC-42A3-9474-1A3956D46DE8}") = "Defender.Portal", "Defender.Portal", "{78AC0782-8D79-803C-7557-0626E0D01D92}"
EndProject
Project("{FAE04EC0-301F-11D3-BF4B-00C04F79EFBC}") = "Application", "src\Defender.Portal\src\Application\Application.csproj", "{4CA40E06-EE00-4697-B82A-DE6A88380A2C}"
EndProject
Project("{FAE04EC0-301F-11D3-BF4B-00C04F79EFBC}") = "Domain", "src\Defender.Portal\src\Domain\Domain.csproj", "{34BB4BCA-E226-4201-8407-2ABBE6C4EFCE}"
EndProject
Project("{FAE04EC0-301F-11D3-BF4B-00C04F79EFBC}") = "Infrastructure", "src\Defender.Portal\src\Infrastructure\Infrastructure.csproj", "{91A2DCA3-D517-4F2F-BF83-339D5F6EA048}"
EndProject
Project("{FAE04EC0-301F-11D3-BF4B-00C04F79EFBC}") = "Defender.Portal.Tests", "src\Defender.Portal\src\Tests\Defender.Portal.Tests.csproj", "{3B28D7D5-CA05-4033-8966-8E204C181CEF}"
EndProject
Project("{FAE04EC0-301F-11D3-BF4B-00C04F79EFBC}") = "WebUI", "src\Defender.Portal\src\WebUI\WebUI.csproj", "{35050099-E6C0-4E65-9A57-5F82178A5F6C}"
EndProject
Project("{2150E333-8FDC-42A3-9474-1A3956D46DE8}") = "Defender.RiskGamesService", "Defender.RiskGamesService", "{45EE3C78-BE9F-467D-2FE2-0A845B33D93D}"
EndProject
Project("{FAE04EC0-301F-11D3-BF4B-00C04F79EFBC}") = "Application", "src\Defender.RiskGamesService\src\Application\Application.csproj", "{E15264D4-4C30-4C4B-8A53-1976BA944ACF}"
EndProject
Project("{FAE04EC0-301F-11D3-BF4B-00C04F79EFBC}") = "Common", "src\Defender.RiskGamesService\src\Common\Common.csproj", "{A4B10966-2AED-4894-BE57-A420AC9F5BB0}"
EndProject
Project("{FAE04EC0-301F-11D3-BF4B-00C04F79EFBC}") = "Domain", "src\Defender.RiskGamesService\src\Domain\Domain.csproj", "{0BF07ADE-A2C5-4C58-AFAC-5CB0AF9B77A5}"
EndProject
Project("{FAE04EC0-301F-11D3-BF4B-00C04F79EFBC}") = "Infrastructure", "src\Defender.RiskGamesService\src\Infrastructure\Infrastructure.csproj", "{107A7F89-B528-42B7-A6D4-92B55164F159}"
EndProject
Project("{FAE04EC0-301F-11D3-BF4B-00C04F79EFBC}") = "Defender.RiskGamesService.Tests", "src\Defender.RiskGamesService\src\Tests\Defender.RiskGamesService.Tests.csproj", "{F3DE6E5F-5E18-4E63-A6F1-2DB0E7C40BC5}"
EndProject
Project("{FAE04EC0-301F-11D3-BF4B-00C04F79EFBC}") = "WebApi", "src\Defender.RiskGamesService\src\WebApi\WebApi.csproj", "{49B20464-6555-4543-91C8-28929649F55B}"
EndProject
Project("{2150E333-8FDC-42A3-9474-1A3956D46DE8}") = "Defender.UserManagementService", "Defender.UserManagementService", "{C5669A2C-8E26-7102-6FA8-FEA31A489191}"
EndProject
Project("{FAE04EC0-301F-11D3-BF4B-00C04F79EFBC}") = "Application", "src\Defender.UserManagementService\src\Application\Application.csproj", "{1EB263FF-BBF4-4722-BE13-FEE8F7D5CE2D}"
EndProject
Project("{FAE04EC0-301F-11D3-BF4B-00C04F79EFBC}") = "Domain", "src\Defender.UserManagementService\src\Domain\Domain.csproj", "{91A589BF-837D-4A9C-BE91-DD207638EA32}"
EndProject
Project("{FAE04EC0-301F-11D3-BF4B-00C04F79EFBC}") = "Infrastructure", "src\Defender.UserManagementService\src\Infrastructure\Infrastructure.csproj", "{25DE1078-791D-4E62-A752-39A1E6750A62}"
EndProject
Project("{FAE04EC0-301F-11D3-BF4B-00C04F79EFBC}") = "Defender.UserManagementService.Tests", "src\Defender.UserManagementService\src\Tests\Defender.UserManagementService.Tests.csproj", "{BECC058C-260F-4596-A0C5-FF4688C524C1}"
EndProject
Project("{FAE04EC0-301F-11D3-BF4B-00C04F79EFBC}") = "WebApi", "src\Defender.UserManagementService\src\WebApi\WebApi.csproj", "{81426E3E-401A-449F-AD2C-1A60B41ED8C3}"
EndProject
Project("{2150E333-8FDC-42A3-9474-1A3956D46DE8}") = "Defender.WalletService", "Defender.WalletService", "{8AA4D357-CA7A-9C9E-7ABE-1F531872A85D}"
EndProject
Project("{FAE04EC0-301F-11D3-BF4B-00C04F79EFBC}") = "Application", "src\Defender.WalletService\src\Application\Application.csproj", "{CE077ABB-F8DF-415A-902C-74DE2875C6BF}"
EndProject
Project("{FAE04EC0-301F-11D3-BF4B-00C04F79EFBC}") = "Common", "src\Defender.WalletService\src\Common\Common.csproj", "{7CEFECD5-6CF4-48FB-87F9-D8CC641C0D96}"
EndProject
Project("{FAE04EC0-301F-11D3-BF4B-00C04F79EFBC}") = "Domain", "src\Defender.WalletService\src\Domain\Domain.csproj", "{3F1B40FF-7F23-4797-913C-7812E093081D}"
EndProject
Project("{FAE04EC0-301F-11D3-BF4B-00C04F79EFBC}") = "Infrastructure", "src\Defender.WalletService\src\Infrastructure\Infrastructure.csproj", "{F52498C1-D444-4CC6-BEFA-025CCCEDFB9F}"
EndProject
Project("{FAE04EC0-301F-11D3-BF4B-00C04F79EFBC}") = "Defender.WalletService.Tests", "src\Defender.WalletService\src\Tests\Defender.WalletService.Tests.csproj", "{3CC81405-AE1A-41A8-B78F-738551FF3FC4}"
EndProject
Project("{FAE04EC0-301F-11D3-BF4B-00C04F79EFBC}") = "WebApi", "src\Defender.WalletService\src\WebApi\WebApi.csproj", "{611873DC-593C-474F-AF65-28469E8A6496}"
EndProject
Project("{2150E333-8FDC-42A3-9474-1A3956D46DE8}") = "Libraries", "Libraries", "{F2E35B3E-9711-EDEC-6202-DB40BDEED14A}"
EndProject
Project("{2150E333-8FDC-42A3-9474-1A3956D46DE8}") = "Defender.Common", "Defender.Common", "{C26CCF14-F2D3-981E-873D-75A0BD707A5A}"
EndProject
Project("{FAE04EC0-301F-11D3-BF4B-00C04F79EFBC}") = "Defender.Common", "src\Defender.Common\src\Defender.Common\Defender.Common.csproj", "{AD55F4B3-EF16-4E92-8E1B-B1AA266B2DC8}"
EndProject
Project("{FAE04EC0-301F-11D3-BF4B-00C04F79EFBC}") = "Defender.Common.Tests", "src\Defender.Common\src\Tests\Defender.Common.Tests.csproj", "{BE2EC44B-E758-4DAB-8548-F876F05612FE}"
EndProject
Project("{2150E333-8FDC-42A3-9474-1A3956D46DE8}") = "Defender.DistributedCache", "Defender.DistributedCache", "{8CF52549-CAF2-3FE9-D387-B19BC1ABF6CE}"
EndProject
Project("{FAE04EC0-301F-11D3-BF4B-00C04F79EFBC}") = "Defender.DistributedCache", "src\Defender.DistributedCache\src\Defender.DistributedCache\Defender.DistributedCache.csproj", "{81FD3450-383B-4716-A534-980D4BE3E270}"
EndProject
Project("{FAE04EC0-301F-11D3-BF4B-00C04F79EFBC}") = "Defender.DistributedCacheTestWebApi", "src\Defender.DistributedCache\src\Defender.DistributedCacheTestWebApi\Defender.DistributedCacheTestWebApi.csproj", "{7582CDAD-AD51-49C2-B213-E722811A748D}"
EndProject
Project("{FAE04EC0-301F-11D3-BF4B-00C04F79EFBC}") = "Defender.DistributedCache.Tests", "src\Defender.DistributedCache\src\Tests\Defender.DistributedCache.Tests.csproj", "{BB12931E-1D47-47D0-B107-E6AEFBE05663}"
EndProject
Project("{2150E333-8FDC-42A3-9474-1A3956D46DE8}") = "Defender.Kafka", "Defender.Kafka", "{65F57DB5-8BF3-EABC-59F4-DC3A5D6CD6D7}"
EndProject
Project("{FAE04EC0-301F-11D3-BF4B-00C04F79EFBC}") = "Defender.Kafka", "src\Defender.Kafka\src\Defender.Kafka\Defender.Kafka.csproj", "{48230F87-2DF3-4735-A1A1-D7156C2ECA9C}"
EndProject
Project("{FAE04EC0-301F-11D3-BF4B-00C04F79EFBC}") = "Defender.Kafka.Tests", "src\Defender.Kafka\src\Tests\Defender.Kafka.Tests.csproj", "{565CB24E-72B6-4124-851F-C418E4EB8E0E}"
EndProject
Global
	GlobalSection(SolutionConfigurationPlatforms) = preSolution
		Debug|Any CPU = Debug|Any CPU
		Debug|x64 = Debug|x64
		Debug|x86 = Debug|x86
		Release|Any CPU = Release|Any CPU
		Release|x64 = Release|x64
		Release|x86 = Release|x86
	EndGlobalSection
	GlobalSection(ProjectConfigurationPlatforms) = postSolution
		{23204EB3-62B4-4BBF-AA5D-B7838D397223}.Debug|Any CPU.ActiveCfg = Debug|Any CPU
		{23204EB3-62B4-4BBF-AA5D-B7838D397223}.Debug|Any CPU.Build.0 = Debug|Any CPU
		{23204EB3-62B4-4BBF-AA5D-B7838D397223}.Debug|x64.ActiveCfg = Debug|Any CPU
		{23204EB3-62B4-4BBF-AA5D-B7838D397223}.Debug|x64.Build.0 = Debug|Any CPU
		{23204EB3-62B4-4BBF-AA5D-B7838D397223}.Debug|x86.ActiveCfg = Debug|Any CPU
		{23204EB3-62B4-4BBF-AA5D-B7838D397223}.Debug|x86.Build.0 = Debug|Any CPU
		{23204EB3-62B4-4BBF-AA5D-B7838D397223}.Release|Any CPU.ActiveCfg = Release|Any CPU
		{23204EB3-62B4-4BBF-AA5D-B7838D397223}.Release|Any CPU.Build.0 = Release|Any CPU
		{23204EB3-62B4-4BBF-AA5D-B7838D397223}.Release|x64.ActiveCfg = Release|Any CPU
		{23204EB3-62B4-4BBF-AA5D-B7838D397223}.Release|x64.Build.0 = Release|Any CPU
		{23204EB3-62B4-4BBF-AA5D-B7838D397223}.Release|x86.ActiveCfg = Release|Any CPU
		{23204EB3-62B4-4BBF-AA5D-B7838D397223}.Release|x86.Build.0 = Release|Any CPU
		{14380918-6E63-4BC9-82A4-85257F9C3A22}.Debug|Any CPU.ActiveCfg = Debug|Any CPU
		{14380918-6E63-4BC9-82A4-85257F9C3A22}.Debug|Any CPU.Build.0 = Debug|Any CPU
		{14380918-6E63-4BC9-82A4-85257F9C3A22}.Debug|x64.ActiveCfg = Debug|Any CPU
		{14380918-6E63-4BC9-82A4-85257F9C3A22}.Debug|x64.Build.0 = Debug|Any CPU
		{14380918-6E63-4BC9-82A4-85257F9C3A22}.Debug|x86.ActiveCfg = Debug|Any CPU
		{14380918-6E63-4BC9-82A4-85257F9C3A22}.Debug|x86.Build.0 = Debug|Any CPU
		{14380918-6E63-4BC9-82A4-85257F9C3A22}.Release|Any CPU.ActiveCfg = Release|Any CPU
		{14380918-6E63-4BC9-82A4-85257F9C3A22}.Release|Any CPU.Build.0 = Release|Any CPU
		{14380918-6E63-4BC9-82A4-85257F9C3A22}.Release|x64.ActiveCfg = Release|Any CPU
		{14380918-6E63-4BC9-82A4-85257F9C3A22}.Release|x64.Build.0 = Release|Any CPU
		{14380918-6E63-4BC9-82A4-85257F9C3A22}.Release|x86.ActiveCfg = Release|Any CPU
		{14380918-6E63-4BC9-82A4-85257F9C3A22}.Release|x86.Build.0 = Release|Any CPU
		{51029CA5-23D1-4FA2-8BA7-E8EB3970D668}.Debug|Any CPU.ActiveCfg = Debug|Any CPU
		{51029CA5-23D1-4FA2-8BA7-E8EB3970D668}.Debug|Any CPU.Build.0 = Debug|Any CPU
		{51029CA5-23D1-4FA2-8BA7-E8EB3970D668}.Debug|x64.ActiveCfg = Debug|Any CPU
		{51029CA5-23D1-4FA2-8BA7-E8EB3970D668}.Debug|x64.Build.0 = Debug|Any CPU
		{51029CA5-23D1-4FA2-8BA7-E8EB3970D668}.Debug|x86.ActiveCfg = Debug|Any CPU
		{51029CA5-23D1-4FA2-8BA7-E8EB3970D668}.Debug|x86.Build.0 = Debug|Any CPU
		{51029CA5-23D1-4FA2-8BA7-E8EB3970D668}.Release|Any CPU.ActiveCfg = Release|Any CPU
		{51029CA5-23D1-4FA2-8BA7-E8EB3970D668}.Release|Any CPU.Build.0 = Release|Any CPU
		{51029CA5-23D1-4FA2-8BA7-E8EB3970D668}.Release|x64.ActiveCfg = Release|Any CPU
		{51029CA5-23D1-4FA2-8BA7-E8EB3970D668}.Release|x64.Build.0 = Release|Any CPU
		{51029CA5-23D1-4FA2-8BA7-E8EB3970D668}.Release|x86.ActiveCfg = Release|Any CPU
		{51029CA5-23D1-4FA2-8BA7-E8EB3970D668}.Release|x86.Build.0 = Release|Any CPU
		{36A1E6E8-5865-46FD-9142-AF149705004D}.Debug|Any CPU.ActiveCfg = Debug|Any CPU
		{36A1E6E8-5865-46FD-9142-AF149705004D}.Debug|Any CPU.Build.0 = Debug|Any CPU
		{36A1E6E8-5865-46FD-9142-AF149705004D}.Debug|x64.ActiveCfg = Debug|Any CPU
		{36A1E6E8-5865-46FD-9142-AF149705004D}.Debug|x64.Build.0 = Debug|Any CPU
		{36A1E6E8-5865-46FD-9142-AF149705004D}.Debug|x86.ActiveCfg = Debug|Any CPU
		{36A1E6E8-5865-46FD-9142-AF149705004D}.Debug|x86.Build.0 = Debug|Any CPU
		{36A1E6E8-5865-46FD-9142-AF149705004D}.Release|Any CPU.ActiveCfg = Release|Any CPU
		{36A1E6E8-5865-46FD-9142-AF149705004D}.Release|Any CPU.Build.0 = Release|Any CPU
		{36A1E6E8-5865-46FD-9142-AF149705004D}.Release|x64.ActiveCfg = Release|Any CPU
		{36A1E6E8-5865-46FD-9142-AF149705004D}.Release|x64.Build.0 = Release|Any CPU
		{36A1E6E8-5865-46FD-9142-AF149705004D}.Release|x86.ActiveCfg = Release|Any CPU
		{36A1E6E8-5865-46FD-9142-AF149705004D}.Release|x86.Build.0 = Release|Any CPU
		{EFA4222A-230D-4734-8723-7D7B7AE3ADFA}.Debug|Any CPU.ActiveCfg = Debug|Any CPU
		{EFA4222A-230D-4734-8723-7D7B7AE3ADFA}.Debug|Any CPU.Build.0 = Debug|Any CPU
		{EFA4222A-230D-4734-8723-7D7B7AE3ADFA}.Debug|x64.ActiveCfg = Debug|Any CPU
		{EFA4222A-230D-4734-8723-7D7B7AE3ADFA}.Debug|x64.Build.0 = Debug|Any CPU
		{EFA4222A-230D-4734-8723-7D7B7AE3ADFA}.Debug|x86.ActiveCfg = Debug|Any CPU
		{EFA4222A-230D-4734-8723-7D7B7AE3ADFA}.Debug|x86.Build.0 = Debug|Any CPU
		{EFA4222A-230D-4734-8723-7D7B7AE3ADFA}.Release|Any CPU.ActiveCfg = Release|Any CPU
		{EFA4222A-230D-4734-8723-7D7B7AE3ADFA}.Release|Any CPU.Build.0 = Release|Any CPU
		{EFA4222A-230D-4734-8723-7D7B7AE3ADFA}.Release|x64.ActiveCfg = Release|Any CPU
		{EFA4222A-230D-4734-8723-7D7B7AE3ADFA}.Release|x64.Build.0 = Release|Any CPU
		{EFA4222A-230D-4734-8723-7D7B7AE3ADFA}.Release|x86.ActiveCfg = Release|Any CPU
		{EFA4222A-230D-4734-8723-7D7B7AE3ADFA}.Release|x86.Build.0 = Release|Any CPU
		{5BB601E6-F587-4EA7-A78C-5BC72C0142E4}.Debug|Any CPU.ActiveCfg = Debug|Any CPU
		{5BB601E6-F587-4EA7-A78C-5BC72C0142E4}.Debug|Any CPU.Build.0 = Debug|Any CPU
		{5BB601E6-F587-4EA7-A78C-5BC72C0142E4}.Debug|x64.ActiveCfg = Debug|Any CPU
		{5BB601E6-F587-4EA7-A78C-5BC72C0142E4}.Debug|x64.Build.0 = Debug|Any CPU
		{5BB601E6-F587-4EA7-A78C-5BC72C0142E4}.Debug|x86.ActiveCfg = Debug|Any CPU
		{5BB601E6-F587-4EA7-A78C-5BC72C0142E4}.Debug|x86.Build.0 = Debug|Any CPU
		{5BB601E6-F587-4EA7-A78C-5BC72C0142E4}.Release|Any CPU.ActiveCfg = Release|Any CPU
		{5BB601E6-F587-4EA7-A78C-5BC72C0142E4}.Release|Any CPU.Build.0 = Release|Any CPU
		{5BB601E6-F587-4EA7-A78C-5BC72C0142E4}.Release|x64.ActiveCfg = Release|Any CPU
		{5BB601E6-F587-4EA7-A78C-5BC72C0142E4}.Release|x64.Build.0 = Release|Any CPU
		{5BB601E6-F587-4EA7-A78C-5BC72C0142E4}.Release|x86.ActiveCfg = Release|Any CPU
		{5BB601E6-F587-4EA7-A78C-5BC72C0142E4}.Release|x86.Build.0 = Release|Any CPU
		{91CB9564-A859-4DD8-AB7B-DF0A137FF947}.Debug|Any CPU.ActiveCfg = Debug|Any CPU
		{91CB9564-A859-4DD8-AB7B-DF0A137FF947}.Debug|Any CPU.Build.0 = Debug|Any CPU
		{91CB9564-A859-4DD8-AB7B-DF0A137FF947}.Debug|x64.ActiveCfg = Debug|Any CPU
		{91CB9564-A859-4DD8-AB7B-DF0A137FF947}.Debug|x64.Build.0 = Debug|Any CPU
		{91CB9564-A859-4DD8-AB7B-DF0A137FF947}.Debug|x86.ActiveCfg = Debug|Any CPU
		{91CB9564-A859-4DD8-AB7B-DF0A137FF947}.Debug|x86.Build.0 = Debug|Any CPU
		{91CB9564-A859-4DD8-AB7B-DF0A137FF947}.Release|Any CPU.ActiveCfg = Release|Any CPU
		{91CB9564-A859-4DD8-AB7B-DF0A137FF947}.Release|Any CPU.Build.0 = Release|Any CPU
		{91CB9564-A859-4DD8-AB7B-DF0A137FF947}.Release|x64.ActiveCfg = Release|Any CPU
		{91CB9564-A859-4DD8-AB7B-DF0A137FF947}.Release|x64.Build.0 = Release|Any CPU
		{91CB9564-A859-4DD8-AB7B-DF0A137FF947}.Release|x86.ActiveCfg = Release|Any CPU
		{91CB9564-A859-4DD8-AB7B-DF0A137FF947}.Release|x86.Build.0 = Release|Any CPU
		{D818E18F-4107-4583-8FFC-2979DC835271}.Debug|Any CPU.ActiveCfg = Debug|Any CPU
		{D818E18F-4107-4583-8FFC-2979DC835271}.Debug|Any CPU.Build.0 = Debug|Any CPU
		{D818E18F-4107-4583-8FFC-2979DC835271}.Debug|x64.ActiveCfg = Debug|Any CPU
		{D818E18F-4107-4583-8FFC-2979DC835271}.Debug|x64.Build.0 = Debug|Any CPU
		{D818E18F-4107-4583-8FFC-2979DC835271}.Debug|x86.ActiveCfg = Debug|Any CPU
		{D818E18F-4107-4583-8FFC-2979DC835271}.Debug|x86.Build.0 = Debug|Any CPU
		{D818E18F-4107-4583-8FFC-2979DC835271}.Release|Any CPU.ActiveCfg = Release|Any CPU
		{D818E18F-4107-4583-8FFC-2979DC835271}.Release|Any CPU.Build.0 = Release|Any CPU
		{D818E18F-4107-4583-8FFC-2979DC835271}.Release|x64.ActiveCfg = Release|Any CPU
		{D818E18F-4107-4583-8FFC-2979DC835271}.Release|x64.Build.0 = Release|Any CPU
		{D818E18F-4107-4583-8FFC-2979DC835271}.Release|x86.ActiveCfg = Release|Any CPU
		{D818E18F-4107-4583-8FFC-2979DC835271}.Release|x86.Build.0 = Release|Any CPU
		{0BEAB3BF-2AA1-40BA-A7EF-ECF99C7C4D75}.Debug|Any CPU.ActiveCfg = Debug|Any CPU
		{0BEAB3BF-2AA1-40BA-A7EF-ECF99C7C4D75}.Debug|Any CPU.Build.0 = Debug|Any CPU
		{0BEAB3BF-2AA1-40BA-A7EF-ECF99C7C4D75}.Debug|x64.ActiveCfg = Debug|Any CPU
		{0BEAB3BF-2AA1-40BA-A7EF-ECF99C7C4D75}.Debug|x64.Build.0 = Debug|Any CPU
		{0BEAB3BF-2AA1-40BA-A7EF-ECF99C7C4D75}.Debug|x86.ActiveCfg = Debug|Any CPU
		{0BEAB3BF-2AA1-40BA-A7EF-ECF99C7C4D75}.Debug|x86.Build.0 = Debug|Any CPU
		{0BEAB3BF-2AA1-40BA-A7EF-ECF99C7C4D75}.Release|Any CPU.ActiveCfg = Release|Any CPU
		{0BEAB3BF-2AA1-40BA-A7EF-ECF99C7C4D75}.Release|Any CPU.Build.0 = Release|Any CPU
		{0BEAB3BF-2AA1-40BA-A7EF-ECF99C7C4D75}.Release|x64.ActiveCfg = Release|Any CPU
		{0BEAB3BF-2AA1-40BA-A7EF-ECF99C7C4D75}.Release|x64.Build.0 = Release|Any CPU
		{0BEAB3BF-2AA1-40BA-A7EF-ECF99C7C4D75}.Release|x86.ActiveCfg = Release|Any CPU
		{0BEAB3BF-2AA1-40BA-A7EF-ECF99C7C4D75}.Release|x86.Build.0 = Release|Any CPU
		{0CB1CB08-428E-445E-BE56-6FFED4E53A25}.Debug|Any CPU.ActiveCfg = Debug|Any CPU
		{0CB1CB08-428E-445E-BE56-6FFED4E53A25}.Debug|Any CPU.Build.0 = Debug|Any CPU
		{0CB1CB08-428E-445E-BE56-6FFED4E53A25}.Debug|x64.ActiveCfg = Debug|Any CPU
		{0CB1CB08-428E-445E-BE56-6FFED4E53A25}.Debug|x64.Build.0 = Debug|Any CPU
		{0CB1CB08-428E-445E-BE56-6FFED4E53A25}.Debug|x86.ActiveCfg = Debug|Any CPU
		{0CB1CB08-428E-445E-BE56-6FFED4E53A25}.Debug|x86.Build.0 = Debug|Any CPU
		{0CB1CB08-428E-445E-BE56-6FFED4E53A25}.Release|Any CPU.ActiveCfg = Release|Any CPU
		{0CB1CB08-428E-445E-BE56-6FFED4E53A25}.Release|Any CPU.Build.0 = Release|Any CPU
		{0CB1CB08-428E-445E-BE56-6FFED4E53A25}.Release|x64.ActiveCfg = Release|Any CPU
		{0CB1CB08-428E-445E-BE56-6FFED4E53A25}.Release|x64.Build.0 = Release|Any CPU
		{0CB1CB08-428E-445E-BE56-6FFED4E53A25}.Release|x86.ActiveCfg = Release|Any CPU
		{0CB1CB08-428E-445E-BE56-6FFED4E53A25}.Release|x86.Build.0 = Release|Any CPU
		{AA543315-876C-478A-BDE0-3209F85D0931}.Debug|Any CPU.ActiveCfg = Debug|Any CPU
		{AA543315-876C-478A-BDE0-3209F85D0931}.Debug|Any CPU.Build.0 = Debug|Any CPU
		{AA543315-876C-478A-BDE0-3209F85D0931}.Debug|x64.ActiveCfg = Debug|Any CPU
		{AA543315-876C-478A-BDE0-3209F85D0931}.Debug|x64.Build.0 = Debug|Any CPU
		{AA543315-876C-478A-BDE0-3209F85D0931}.Debug|x86.ActiveCfg = Debug|Any CPU
		{AA543315-876C-478A-BDE0-3209F85D0931}.Debug|x86.Build.0 = Debug|Any CPU
		{AA543315-876C-478A-BDE0-3209F85D0931}.Release|Any CPU.ActiveCfg = Release|Any CPU
		{AA543315-876C-478A-BDE0-3209F85D0931}.Release|Any CPU.Build.0 = Release|Any CPU
		{AA543315-876C-478A-BDE0-3209F85D0931}.Release|x64.ActiveCfg = Release|Any CPU
		{AA543315-876C-478A-BDE0-3209F85D0931}.Release|x64.Build.0 = Release|Any CPU
		{AA543315-876C-478A-BDE0-3209F85D0931}.Release|x86.ActiveCfg = Release|Any CPU
		{AA543315-876C-478A-BDE0-3209F85D0931}.Release|x86.Build.0 = Release|Any CPU
		{2AB1E888-A7CE-42D2-A2F1-E733D1BA4E13}.Debug|Any CPU.ActiveCfg = Debug|Any CPU
		{2AB1E888-A7CE-42D2-A2F1-E733D1BA4E13}.Debug|Any CPU.Build.0 = Debug|Any CPU
		{2AB1E888-A7CE-42D2-A2F1-E733D1BA4E13}.Debug|x64.ActiveCfg = Debug|Any CPU
		{2AB1E888-A7CE-42D2-A2F1-E733D1BA4E13}.Debug|x64.Build.0 = Debug|Any CPU
		{2AB1E888-A7CE-42D2-A2F1-E733D1BA4E13}.Debug|x86.ActiveCfg = Debug|Any CPU
		{2AB1E888-A7CE-42D2-A2F1-E733D1BA4E13}.Debug|x86.Build.0 = Debug|Any CPU
		{2AB1E888-A7CE-42D2-A2F1-E733D1BA4E13}.Release|Any CPU.ActiveCfg = Release|Any CPU
		{2AB1E888-A7CE-42D2-A2F1-E733D1BA4E13}.Release|Any CPU.Build.0 = Release|Any CPU
		{2AB1E888-A7CE-42D2-A2F1-E733D1BA4E13}.Release|x64.ActiveCfg = Release|Any CPU
		{2AB1E888-A7CE-42D2-A2F1-E733D1BA4E13}.Release|x64.Build.0 = Release|Any CPU
		{2AB1E888-A7CE-42D2-A2F1-E733D1BA4E13}.Release|x86.ActiveCfg = Release|Any CPU
		{2AB1E888-A7CE-42D2-A2F1-E733D1BA4E13}.Release|x86.Build.0 = Release|Any CPU
		{3EC6C255-9BB7-4DD9-8946-474137CB78F2}.Debug|Any CPU.ActiveCfg = Debug|Any CPU
		{3EC6C255-9BB7-4DD9-8946-474137CB78F2}.Debug|Any CPU.Build.0 = Debug|Any CPU
		{3EC6C255-9BB7-4DD9-8946-474137CB78F2}.Debug|x64.ActiveCfg = Debug|Any CPU
		{3EC6C255-9BB7-4DD9-8946-474137CB78F2}.Debug|x64.Build.0 = Debug|Any CPU
		{3EC6C255-9BB7-4DD9-8946-474137CB78F2}.Debug|x86.ActiveCfg = Debug|Any CPU
		{3EC6C255-9BB7-4DD9-8946-474137CB78F2}.Debug|x86.Build.0 = Debug|Any CPU
		{3EC6C255-9BB7-4DD9-8946-474137CB78F2}.Release|Any CPU.ActiveCfg = Release|Any CPU
		{3EC6C255-9BB7-4DD9-8946-474137CB78F2}.Release|Any CPU.Build.0 = Release|Any CPU
		{3EC6C255-9BB7-4DD9-8946-474137CB78F2}.Release|x64.ActiveCfg = Release|Any CPU
		{3EC6C255-9BB7-4DD9-8946-474137CB78F2}.Release|x64.Build.0 = Release|Any CPU
		{3EC6C255-9BB7-4DD9-8946-474137CB78F2}.Release|x86.ActiveCfg = Release|Any CPU
		{3EC6C255-9BB7-4DD9-8946-474137CB78F2}.Release|x86.Build.0 = Release|Any CPU
		{8467037A-5381-4950-A998-5AB72E7A6DF0}.Debug|Any CPU.ActiveCfg = Debug|Any CPU
		{8467037A-5381-4950-A998-5AB72E7A6DF0}.Debug|Any CPU.Build.0 = Debug|Any CPU
		{8467037A-5381-4950-A998-5AB72E7A6DF0}.Debug|x64.ActiveCfg = Debug|Any CPU
		{8467037A-5381-4950-A998-5AB72E7A6DF0}.Debug|x64.Build.0 = Debug|Any CPU
		{8467037A-5381-4950-A998-5AB72E7A6DF0}.Debug|x86.ActiveCfg = Debug|Any CPU
		{8467037A-5381-4950-A998-5AB72E7A6DF0}.Debug|x86.Build.0 = Debug|Any CPU
		{8467037A-5381-4950-A998-5AB72E7A6DF0}.Release|Any CPU.ActiveCfg = Release|Any CPU
		{8467037A-5381-4950-A998-5AB72E7A6DF0}.Release|Any CPU.Build.0 = Release|Any CPU
		{8467037A-5381-4950-A998-5AB72E7A6DF0}.Release|x64.ActiveCfg = Release|Any CPU
		{8467037A-5381-4950-A998-5AB72E7A6DF0}.Release|x64.Build.0 = Release|Any CPU
		{8467037A-5381-4950-A998-5AB72E7A6DF0}.Release|x86.ActiveCfg = Release|Any CPU
		{8467037A-5381-4950-A998-5AB72E7A6DF0}.Release|x86.Build.0 = Release|Any CPU
		{6D1955E8-6FFE-4496-8149-A266906C644F}.Debug|Any CPU.ActiveCfg = Debug|Any CPU
		{6D1955E8-6FFE-4496-8149-A266906C644F}.Debug|Any CPU.Build.0 = Debug|Any CPU
		{6D1955E8-6FFE-4496-8149-A266906C644F}.Debug|x64.ActiveCfg = Debug|Any CPU
		{6D1955E8-6FFE-4496-8149-A266906C644F}.Debug|x64.Build.0 = Debug|Any CPU
		{6D1955E8-6FFE-4496-8149-A266906C644F}.Debug|x86.ActiveCfg = Debug|Any CPU
		{6D1955E8-6FFE-4496-8149-A266906C644F}.Debug|x86.Build.0 = Debug|Any CPU
		{6D1955E8-6FFE-4496-8149-A266906C644F}.Release|Any CPU.ActiveCfg = Release|Any CPU
		{6D1955E8-6FFE-4496-8149-A266906C644F}.Release|Any CPU.Build.0 = Release|Any CPU
		{6D1955E8-6FFE-4496-8149-A266906C644F}.Release|x64.ActiveCfg = Release|Any CPU
		{6D1955E8-6FFE-4496-8149-A266906C644F}.Release|x64.Build.0 = Release|Any CPU
		{6D1955E8-6FFE-4496-8149-A266906C644F}.Release|x86.ActiveCfg = Release|Any CPU
		{6D1955E8-6FFE-4496-8149-A266906C644F}.Release|x86.Build.0 = Release|Any CPU
		{73E02863-3DF6-446E-8800-A92488708983}.Debug|Any CPU.ActiveCfg = Debug|Any CPU
		{73E02863-3DF6-446E-8800-A92488708983}.Debug|Any CPU.Build.0 = Debug|Any CPU
		{73E02863-3DF6-446E-8800-A92488708983}.Debug|x64.ActiveCfg = Debug|Any CPU
		{73E02863-3DF6-446E-8800-A92488708983}.Debug|x64.Build.0 = Debug|Any CPU
		{73E02863-3DF6-446E-8800-A92488708983}.Debug|x86.ActiveCfg = Debug|Any CPU
		{73E02863-3DF6-446E-8800-A92488708983}.Debug|x86.Build.0 = Debug|Any CPU
		{73E02863-3DF6-446E-8800-A92488708983}.Release|Any CPU.ActiveCfg = Release|Any CPU
		{73E02863-3DF6-446E-8800-A92488708983}.Release|Any CPU.Build.0 = Release|Any CPU
		{73E02863-3DF6-446E-8800-A92488708983}.Release|x64.ActiveCfg = Release|Any CPU
		{73E02863-3DF6-446E-8800-A92488708983}.Release|x64.Build.0 = Release|Any CPU
		{73E02863-3DF6-446E-8800-A92488708983}.Release|x86.ActiveCfg = Release|Any CPU
		{73E02863-3DF6-446E-8800-A92488708983}.Release|x86.Build.0 = Release|Any CPU
		{23DCABC2-93CD-4247-892D-0E8A85D29B6A}.Debug|Any CPU.ActiveCfg = Debug|Any CPU
		{23DCABC2-93CD-4247-892D-0E8A85D29B6A}.Debug|Any CPU.Build.0 = Debug|Any CPU
		{23DCABC2-93CD-4247-892D-0E8A85D29B6A}.Debug|x64.ActiveCfg = Debug|Any CPU
		{23DCABC2-93CD-4247-892D-0E8A85D29B6A}.Debug|x64.Build.0 = Debug|Any CPU
		{23DCABC2-93CD-4247-892D-0E8A85D29B6A}.Debug|x86.ActiveCfg = Debug|Any CPU
		{23DCABC2-93CD-4247-892D-0E8A85D29B6A}.Debug|x86.Build.0 = Debug|Any CPU
		{23DCABC2-93CD-4247-892D-0E8A85D29B6A}.Release|Any CPU.ActiveCfg = Release|Any CPU
		{23DCABC2-93CD-4247-892D-0E8A85D29B6A}.Release|Any CPU.Build.0 = Release|Any CPU
		{23DCABC2-93CD-4247-892D-0E8A85D29B6A}.Release|x64.ActiveCfg = Release|Any CPU
		{23DCABC2-93CD-4247-892D-0E8A85D29B6A}.Release|x64.Build.0 = Release|Any CPU
		{23DCABC2-93CD-4247-892D-0E8A85D29B6A}.Release|x86.ActiveCfg = Release|Any CPU
		{23DCABC2-93CD-4247-892D-0E8A85D29B6A}.Release|x86.Build.0 = Release|Any CPU
		{FB113D69-1F1E-4FD8-89A5-EED1F5AF1EDA}.Debug|Any CPU.ActiveCfg = Debug|Any CPU
		{FB113D69-1F1E-4FD8-89A5-EED1F5AF1EDA}.Debug|Any CPU.Build.0 = Debug|Any CPU
		{FB113D69-1F1E-4FD8-89A5-EED1F5AF1EDA}.Debug|x64.ActiveCfg = Debug|Any CPU
		{FB113D69-1F1E-4FD8-89A5-EED1F5AF1EDA}.Debug|x64.Build.0 = Debug|Any CPU
		{FB113D69-1F1E-4FD8-89A5-EED1F5AF1EDA}.Debug|x86.ActiveCfg = Debug|Any CPU
		{FB113D69-1F1E-4FD8-89A5-EED1F5AF1EDA}.Debug|x86.Build.0 = Debug|Any CPU
		{FB113D69-1F1E-4FD8-89A5-EED1F5AF1EDA}.Release|Any CPU.ActiveCfg = Release|Any CPU
		{FB113D69-1F1E-4FD8-89A5-EED1F5AF1EDA}.Release|Any CPU.Build.0 = Release|Any CPU
		{FB113D69-1F1E-4FD8-89A5-EED1F5AF1EDA}.Release|x64.ActiveCfg = Release|Any CPU
		{FB113D69-1F1E-4FD8-89A5-EED1F5AF1EDA}.Release|x64.Build.0 = Release|Any CPU
		{FB113D69-1F1E-4FD8-89A5-EED1F5AF1EDA}.Release|x86.ActiveCfg = Release|Any CPU
		{FB113D69-1F1E-4FD8-89A5-EED1F5AF1EDA}.Release|x86.Build.0 = Release|Any CPU
		{F2E8A4A3-0EC1-4960-BF8A-770F03C4F2D6}.Debug|Any CPU.ActiveCfg = Debug|Any CPU
		{F2E8A4A3-0EC1-4960-BF8A-770F03C4F2D6}.Debug|Any CPU.Build.0 = Debug|Any CPU
		{F2E8A4A3-0EC1-4960-BF8A-770F03C4F2D6}.Debug|x64.ActiveCfg = Debug|Any CPU
		{F2E8A4A3-0EC1-4960-BF8A-770F03C4F2D6}.Debug|x64.Build.0 = Debug|Any CPU
		{F2E8A4A3-0EC1-4960-BF8A-770F03C4F2D6}.Debug|x86.ActiveCfg = Debug|Any CPU
		{F2E8A4A3-0EC1-4960-BF8A-770F03C4F2D6}.Debug|x86.Build.0 = Debug|Any CPU
		{F2E8A4A3-0EC1-4960-BF8A-770F03C4F2D6}.Release|Any CPU.ActiveCfg = Release|Any CPU
		{F2E8A4A3-0EC1-4960-BF8A-770F03C4F2D6}.Release|Any CPU.Build.0 = Release|Any CPU
		{F2E8A4A3-0EC1-4960-BF8A-770F03C4F2D6}.Release|x64.ActiveCfg = Release|Any CPU
		{F2E8A4A3-0EC1-4960-BF8A-770F03C4F2D6}.Release|x64.Build.0 = Release|Any CPU
		{F2E8A4A3-0EC1-4960-BF8A-770F03C4F2D6}.Release|x86.ActiveCfg = Release|Any CPU
		{F2E8A4A3-0EC1-4960-BF8A-770F03C4F2D6}.Release|x86.Build.0 = Release|Any CPU
		{17E615EE-8D6A-4488-9BC4-AF1A041D7AB7}.Debug|Any CPU.ActiveCfg = Debug|Any CPU
		{17E615EE-8D6A-4488-9BC4-AF1A041D7AB7}.Debug|Any CPU.Build.0 = Debug|Any CPU
		{17E615EE-8D6A-4488-9BC4-AF1A041D7AB7}.Debug|x64.ActiveCfg = Debug|Any CPU
		{17E615EE-8D6A-4488-9BC4-AF1A041D7AB7}.Debug|x64.Build.0 = Debug|Any CPU
		{17E615EE-8D6A-4488-9BC4-AF1A041D7AB7}.Debug|x86.ActiveCfg = Debug|Any CPU
		{17E615EE-8D6A-4488-9BC4-AF1A041D7AB7}.Debug|x86.Build.0 = Debug|Any CPU
		{17E615EE-8D6A-4488-9BC4-AF1A041D7AB7}.Release|Any CPU.ActiveCfg = Release|Any CPU
		{17E615EE-8D6A-4488-9BC4-AF1A041D7AB7}.Release|Any CPU.Build.0 = Release|Any CPU
		{17E615EE-8D6A-4488-9BC4-AF1A041D7AB7}.Release|x64.ActiveCfg = Release|Any CPU
		{17E615EE-8D6A-4488-9BC4-AF1A041D7AB7}.Release|x64.Build.0 = Release|Any CPU
		{17E615EE-8D6A-4488-9BC4-AF1A041D7AB7}.Release|x86.ActiveCfg = Release|Any CPU
		{17E615EE-8D6A-4488-9BC4-AF1A041D7AB7}.Release|x86.Build.0 = Release|Any CPU
		{5ABA7C68-7C51-4E31-A8BA-359C3ED62662}.Debug|Any CPU.ActiveCfg = Debug|Any CPU
		{5ABA7C68-7C51-4E31-A8BA-359C3ED62662}.Debug|Any CPU.Build.0 = Debug|Any CPU
		{5ABA7C68-7C51-4E31-A8BA-359C3ED62662}.Debug|x64.ActiveCfg = Debug|Any CPU
		{5ABA7C68-7C51-4E31-A8BA-359C3ED62662}.Debug|x64.Build.0 = Debug|Any CPU
		{5ABA7C68-7C51-4E31-A8BA-359C3ED62662}.Debug|x86.ActiveCfg = Debug|Any CPU
		{5ABA7C68-7C51-4E31-A8BA-359C3ED62662}.Debug|x86.Build.0 = Debug|Any CPU
		{5ABA7C68-7C51-4E31-A8BA-359C3ED62662}.Release|Any CPU.ActiveCfg = Release|Any CPU
		{5ABA7C68-7C51-4E31-A8BA-359C3ED62662}.Release|Any CPU.Build.0 = Release|Any CPU
		{5ABA7C68-7C51-4E31-A8BA-359C3ED62662}.Release|x64.ActiveCfg = Release|Any CPU
		{5ABA7C68-7C51-4E31-A8BA-359C3ED62662}.Release|x64.Build.0 = Release|Any CPU
		{5ABA7C68-7C51-4E31-A8BA-359C3ED62662}.Release|x86.ActiveCfg = Release|Any CPU
		{5ABA7C68-7C51-4E31-A8BA-359C3ED62662}.Release|x86.Build.0 = Release|Any CPU
		{9A731A36-9FD4-46D8-9D03-F4F4DAAE8EC3}.Debug|Any CPU.ActiveCfg = Debug|Any CPU
		{9A731A36-9FD4-46D8-9D03-F4F4DAAE8EC3}.Debug|Any CPU.Build.0 = Debug|Any CPU
		{9A731A36-9FD4-46D8-9D03-F4F4DAAE8EC3}.Debug|x64.ActiveCfg = Debug|Any CPU
		{9A731A36-9FD4-46D8-9D03-F4F4DAAE8EC3}.Debug|x64.Build.0 = Debug|Any CPU
		{9A731A36-9FD4-46D8-9D03-F4F4DAAE8EC3}.Debug|x86.ActiveCfg = Debug|Any CPU
		{9A731A36-9FD4-46D8-9D03-F4F4DAAE8EC3}.Debug|x86.Build.0 = Debug|Any CPU
		{9A731A36-9FD4-46D8-9D03-F4F4DAAE8EC3}.Release|Any CPU.ActiveCfg = Release|Any CPU
		{9A731A36-9FD4-46D8-9D03-F4F4DAAE8EC3}.Release|Any CPU.Build.0 = Release|Any CPU
		{9A731A36-9FD4-46D8-9D03-F4F4DAAE8EC3}.Release|x64.ActiveCfg = Release|Any CPU
		{9A731A36-9FD4-46D8-9D03-F4F4DAAE8EC3}.Release|x64.Build.0 = Release|Any CPU
		{9A731A36-9FD4-46D8-9D03-F4F4DAAE8EC3}.Release|x86.ActiveCfg = Release|Any CPU
		{9A731A36-9FD4-46D8-9D03-F4F4DAAE8EC3}.Release|x86.Build.0 = Release|Any CPU
		{A419657E-0BF4-437C-BC47-645509F6B339}.Debug|Any CPU.ActiveCfg = Debug|Any CPU
		{A419657E-0BF4-437C-BC47-645509F6B339}.Debug|Any CPU.Build.0 = Debug|Any CPU
		{A419657E-0BF4-437C-BC47-645509F6B339}.Debug|x64.ActiveCfg = Debug|Any CPU
		{A419657E-0BF4-437C-BC47-645509F6B339}.Debug|x64.Build.0 = Debug|Any CPU
		{A419657E-0BF4-437C-BC47-645509F6B339}.Debug|x86.ActiveCfg = Debug|Any CPU
		{A419657E-0BF4-437C-BC47-645509F6B339}.Debug|x86.Build.0 = Debug|Any CPU
		{A419657E-0BF4-437C-BC47-645509F6B339}.Release|Any CPU.ActiveCfg = Release|Any CPU
		{A419657E-0BF4-437C-BC47-645509F6B339}.Release|Any CPU.Build.0 = Release|Any CPU
		{A419657E-0BF4-437C-BC47-645509F6B339}.Release|x64.ActiveCfg = Release|Any CPU
		{A419657E-0BF4-437C-BC47-645509F6B339}.Release|x64.Build.0 = Release|Any CPU
		{A419657E-0BF4-437C-BC47-645509F6B339}.Release|x86.ActiveCfg = Release|Any CPU
		{A419657E-0BF4-437C-BC47-645509F6B339}.Release|x86.Build.0 = Release|Any CPU
		{2D59EBDD-2CF9-4C91-A843-010C2517551F}.Debug|Any CPU.ActiveCfg = Debug|Any CPU
		{2D59EBDD-2CF9-4C91-A843-010C2517551F}.Debug|Any CPU.Build.0 = Debug|Any CPU
		{2D59EBDD-2CF9-4C91-A843-010C2517551F}.Debug|x64.ActiveCfg = Debug|Any CPU
		{2D59EBDD-2CF9-4C91-A843-010C2517551F}.Debug|x64.Build.0 = Debug|Any CPU
		{2D59EBDD-2CF9-4C91-A843-010C2517551F}.Debug|x86.ActiveCfg = Debug|Any CPU
		{2D59EBDD-2CF9-4C91-A843-010C2517551F}.Debug|x86.Build.0 = Debug|Any CPU
		{2D59EBDD-2CF9-4C91-A843-010C2517551F}.Release|Any CPU.ActiveCfg = Release|Any CPU
		{2D59EBDD-2CF9-4C91-A843-010C2517551F}.Release|Any CPU.Build.0 = Release|Any CPU
		{2D59EBDD-2CF9-4C91-A843-010C2517551F}.Release|x64.ActiveCfg = Release|Any CPU
		{2D59EBDD-2CF9-4C91-A843-010C2517551F}.Release|x64.Build.0 = Release|Any CPU
		{2D59EBDD-2CF9-4C91-A843-010C2517551F}.Release|x86.ActiveCfg = Release|Any CPU
		{2D59EBDD-2CF9-4C91-A843-010C2517551F}.Release|x86.Build.0 = Release|Any CPU
		{C2FBE12F-AB87-4058-A6B7-FBF98A012725}.Debug|Any CPU.ActiveCfg = Debug|Any CPU
		{C2FBE12F-AB87-4058-A6B7-FBF98A012725}.Debug|Any CPU.Build.0 = Debug|Any CPU
		{C2FBE12F-AB87-4058-A6B7-FBF98A012725}.Debug|x64.ActiveCfg = Debug|Any CPU
		{C2FBE12F-AB87-4058-A6B7-FBF98A012725}.Debug|x64.Build.0 = Debug|Any CPU
		{C2FBE12F-AB87-4058-A6B7-FBF98A012725}.Debug|x86.ActiveCfg = Debug|Any CPU
		{C2FBE12F-AB87-4058-A6B7-FBF98A012725}.Debug|x86.Build.0 = Debug|Any CPU
		{C2FBE12F-AB87-4058-A6B7-FBF98A012725}.Release|Any CPU.ActiveCfg = Release|Any CPU
		{C2FBE12F-AB87-4058-A6B7-FBF98A012725}.Release|Any CPU.Build.0 = Release|Any CPU
		{C2FBE12F-AB87-4058-A6B7-FBF98A012725}.Release|x64.ActiveCfg = Release|Any CPU
		{C2FBE12F-AB87-4058-A6B7-FBF98A012725}.Release|x64.Build.0 = Release|Any CPU
		{C2FBE12F-AB87-4058-A6B7-FBF98A012725}.Release|x86.ActiveCfg = Release|Any CPU
		{C2FBE12F-AB87-4058-A6B7-FBF98A012725}.Release|x86.Build.0 = Release|Any CPU
		{4CA40E06-EE00-4697-B82A-DE6A88380A2C}.Debug|Any CPU.ActiveCfg = Debug|Any CPU
		{4CA40E06-EE00-4697-B82A-DE6A88380A2C}.Debug|Any CPU.Build.0 = Debug|Any CPU
		{4CA40E06-EE00-4697-B82A-DE6A88380A2C}.Debug|x64.ActiveCfg = Debug|Any CPU
		{4CA40E06-EE00-4697-B82A-DE6A88380A2C}.Debug|x64.Build.0 = Debug|Any CPU
		{4CA40E06-EE00-4697-B82A-DE6A88380A2C}.Debug|x86.ActiveCfg = Debug|Any CPU
		{4CA40E06-EE00-4697-B82A-DE6A88380A2C}.Debug|x86.Build.0 = Debug|Any CPU
		{4CA40E06-EE00-4697-B82A-DE6A88380A2C}.Release|Any CPU.ActiveCfg = Release|Any CPU
		{4CA40E06-EE00-4697-B82A-DE6A88380A2C}.Release|Any CPU.Build.0 = Release|Any CPU
		{4CA40E06-EE00-4697-B82A-DE6A88380A2C}.Release|x64.ActiveCfg = Release|Any CPU
		{4CA40E06-EE00-4697-B82A-DE6A88380A2C}.Release|x64.Build.0 = Release|Any CPU
		{4CA40E06-EE00-4697-B82A-DE6A88380A2C}.Release|x86.ActiveCfg = Release|Any CPU
		{4CA40E06-EE00-4697-B82A-DE6A88380A2C}.Release|x86.Build.0 = Release|Any CPU
		{34BB4BCA-E226-4201-8407-2ABBE6C4EFCE}.Debug|Any CPU.ActiveCfg = Debug|Any CPU
		{34BB4BCA-E226-4201-8407-2ABBE6C4EFCE}.Debug|Any CPU.Build.0 = Debug|Any CPU
		{34BB4BCA-E226-4201-8407-2ABBE6C4EFCE}.Debug|x64.ActiveCfg = Debug|Any CPU
		{34BB4BCA-E226-4201-8407-2ABBE6C4EFCE}.Debug|x64.Build.0 = Debug|Any CPU
		{34BB4BCA-E226-4201-8407-2ABBE6C4EFCE}.Debug|x86.ActiveCfg = Debug|Any CPU
		{34BB4BCA-E226-4201-8407-2ABBE6C4EFCE}.Debug|x86.Build.0 = Debug|Any CPU
		{34BB4BCA-E226-4201-8407-2ABBE6C4EFCE}.Release|Any CPU.ActiveCfg = Release|Any CPU
		{34BB4BCA-E226-4201-8407-2ABBE6C4EFCE}.Release|Any CPU.Build.0 = Release|Any CPU
		{34BB4BCA-E226-4201-8407-2ABBE6C4EFCE}.Release|x64.ActiveCfg = Release|Any CPU
		{34BB4BCA-E226-4201-8407-2ABBE6C4EFCE}.Release|x64.Build.0 = Release|Any CPU
		{34BB4BCA-E226-4201-8407-2ABBE6C4EFCE}.Release|x86.ActiveCfg = Release|Any CPU
		{34BB4BCA-E226-4201-8407-2ABBE6C4EFCE}.Release|x86.Build.0 = Release|Any CPU
		{91A2DCA3-D517-4F2F-BF83-339D5F6EA048}.Debug|Any CPU.ActiveCfg = Debug|Any CPU
		{91A2DCA3-D517-4F2F-BF83-339D5F6EA048}.Debug|Any CPU.Build.0 = Debug|Any CPU
		{91A2DCA3-D517-4F2F-BF83-339D5F6EA048}.Debug|x64.ActiveCfg = Debug|Any CPU
		{91A2DCA3-D517-4F2F-BF83-339D5F6EA048}.Debug|x64.Build.0 = Debug|Any CPU
		{91A2DCA3-D517-4F2F-BF83-339D5F6EA048}.Debug|x86.ActiveCfg = Debug|Any CPU
		{91A2DCA3-D517-4F2F-BF83-339D5F6EA048}.Debug|x86.Build.0 = Debug|Any CPU
		{91A2DCA3-D517-4F2F-BF83-339D5F6EA048}.Release|Any CPU.ActiveCfg = Release|Any CPU
		{91A2DCA3-D517-4F2F-BF83-339D5F6EA048}.Release|Any CPU.Build.0 = Release|Any CPU
		{91A2DCA3-D517-4F2F-BF83-339D5F6EA048}.Release|x64.ActiveCfg = Release|Any CPU
		{91A2DCA3-D517-4F2F-BF83-339D5F6EA048}.Release|x64.Build.0 = Release|Any CPU
		{91A2DCA3-D517-4F2F-BF83-339D5F6EA048}.Release|x86.ActiveCfg = Release|Any CPU
		{91A2DCA3-D517-4F2F-BF83-339D5F6EA048}.Release|x86.Build.0 = Release|Any CPU
		{3B28D7D5-CA05-4033-8966-8E204C181CEF}.Debug|Any CPU.ActiveCfg = Debug|Any CPU
		{3B28D7D5-CA05-4033-8966-8E204C181CEF}.Debug|Any CPU.Build.0 = Debug|Any CPU
		{3B28D7D5-CA05-4033-8966-8E204C181CEF}.Debug|x64.ActiveCfg = Debug|Any CPU
		{3B28D7D5-CA05-4033-8966-8E204C181CEF}.Debug|x64.Build.0 = Debug|Any CPU
		{3B28D7D5-CA05-4033-8966-8E204C181CEF}.Debug|x86.ActiveCfg = Debug|Any CPU
		{3B28D7D5-CA05-4033-8966-8E204C181CEF}.Debug|x86.Build.0 = Debug|Any CPU
		{3B28D7D5-CA05-4033-8966-8E204C181CEF}.Release|Any CPU.ActiveCfg = Release|Any CPU
		{3B28D7D5-CA05-4033-8966-8E204C181CEF}.Release|Any CPU.Build.0 = Release|Any CPU
		{3B28D7D5-CA05-4033-8966-8E204C181CEF}.Release|x64.ActiveCfg = Release|Any CPU
		{3B28D7D5-CA05-4033-8966-8E204C181CEF}.Release|x64.Build.0 = Release|Any CPU
		{3B28D7D5-CA05-4033-8966-8E204C181CEF}.Release|x86.ActiveCfg = Release|Any CPU
		{3B28D7D5-CA05-4033-8966-8E204C181CEF}.Release|x86.Build.0 = Release|Any CPU
		{35050099-E6C0-4E65-9A57-5F82178A5F6C}.Debug|Any CPU.ActiveCfg = Debug|Any CPU
		{35050099-E6C0-4E65-9A57-5F82178A5F6C}.Debug|Any CPU.Build.0 = Debug|Any CPU
		{35050099-E6C0-4E65-9A57-5F82178A5F6C}.Debug|x64.ActiveCfg = Debug|Any CPU
		{35050099-E6C0-4E65-9A57-5F82178A5F6C}.Debug|x64.Build.0 = Debug|Any CPU
		{35050099-E6C0-4E65-9A57-5F82178A5F6C}.Debug|x86.ActiveCfg = Debug|Any CPU
		{35050099-E6C0-4E65-9A57-5F82178A5F6C}.Debug|x86.Build.0 = Debug|Any CPU
		{35050099-E6C0-4E65-9A57-5F82178A5F6C}.Release|Any CPU.ActiveCfg = Release|Any CPU
		{35050099-E6C0-4E65-9A57-5F82178A5F6C}.Release|Any CPU.Build.0 = Release|Any CPU
		{35050099-E6C0-4E65-9A57-5F82178A5F6C}.Release|x64.ActiveCfg = Release|Any CPU
		{35050099-E6C0-4E65-9A57-5F82178A5F6C}.Release|x64.Build.0 = Release|Any CPU
		{35050099-E6C0-4E65-9A57-5F82178A5F6C}.Release|x86.ActiveCfg = Release|Any CPU
		{35050099-E6C0-4E65-9A57-5F82178A5F6C}.Release|x86.Build.0 = Release|Any CPU
		{E15264D4-4C30-4C4B-8A53-1976BA944ACF}.Debug|Any CPU.ActiveCfg = Debug|Any CPU
		{E15264D4-4C30-4C4B-8A53-1976BA944ACF}.Debug|Any CPU.Build.0 = Debug|Any CPU
		{E15264D4-4C30-4C4B-8A53-1976BA944ACF}.Debug|x64.ActiveCfg = Debug|Any CPU
		{E15264D4-4C30-4C4B-8A53-1976BA944ACF}.Debug|x64.Build.0 = Debug|Any CPU
		{E15264D4-4C30-4C4B-8A53-1976BA944ACF}.Debug|x86.ActiveCfg = Debug|Any CPU
		{E15264D4-4C30-4C4B-8A53-1976BA944ACF}.Debug|x86.Build.0 = Debug|Any CPU
		{E15264D4-4C30-4C4B-8A53-1976BA944ACF}.Release|Any CPU.ActiveCfg = Release|Any CPU
		{E15264D4-4C30-4C4B-8A53-1976BA944ACF}.Release|Any CPU.Build.0 = Release|Any CPU
		{E15264D4-4C30-4C4B-8A53-1976BA944ACF}.Release|x64.ActiveCfg = Release|Any CPU
		{E15264D4-4C30-4C4B-8A53-1976BA944ACF}.Release|x64.Build.0 = Release|Any CPU
		{E15264D4-4C30-4C4B-8A53-1976BA944ACF}.Release|x86.ActiveCfg = Release|Any CPU
		{E15264D4-4C30-4C4B-8A53-1976BA944ACF}.Release|x86.Build.0 = Release|Any CPU
		{A4B10966-2AED-4894-BE57-A420AC9F5BB0}.Debug|Any CPU.ActiveCfg = Debug|Any CPU
		{A4B10966-2AED-4894-BE57-A420AC9F5BB0}.Debug|Any CPU.Build.0 = Debug|Any CPU
		{A4B10966-2AED-4894-BE57-A420AC9F5BB0}.Debug|x64.ActiveCfg = Debug|Any CPU
		{A4B10966-2AED-4894-BE57-A420AC9F5BB0}.Debug|x64.Build.0 = Debug|Any CPU
		{A4B10966-2AED-4894-BE57-A420AC9F5BB0}.Debug|x86.ActiveCfg = Debug|Any CPU
		{A4B10966-2AED-4894-BE57-A420AC9F5BB0}.Debug|x86.Build.0 = Debug|Any CPU
		{A4B10966-2AED-4894-BE57-A420AC9F5BB0}.Release|Any CPU.ActiveCfg = Release|Any CPU
		{A4B10966-2AED-4894-BE57-A420AC9F5BB0}.Release|Any CPU.Build.0 = Release|Any CPU
		{A4B10966-2AED-4894-BE57-A420AC9F5BB0}.Release|x64.ActiveCfg = Release|Any CPU
		{A4B10966-2AED-4894-BE57-A420AC9F5BB0}.Release|x64.Build.0 = Release|Any CPU
		{A4B10966-2AED-4894-BE57-A420AC9F5BB0}.Release|x86.ActiveCfg = Release|Any CPU
		{A4B10966-2AED-4894-BE57-A420AC9F5BB0}.Release|x86.Build.0 = Release|Any CPU
		{0BF07ADE-A2C5-4C58-AFAC-5CB0AF9B77A5}.Debug|Any CPU.ActiveCfg = Debug|Any CPU
		{0BF07ADE-A2C5-4C58-AFAC-5CB0AF9B77A5}.Debug|Any CPU.Build.0 = Debug|Any CPU
		{0BF07ADE-A2C5-4C58-AFAC-5CB0AF9B77A5}.Debug|x64.ActiveCfg = Debug|Any CPU
		{0BF07ADE-A2C5-4C58-AFAC-5CB0AF9B77A5}.Debug|x64.Build.0 = Debug|Any CPU
		{0BF07ADE-A2C5-4C58-AFAC-5CB0AF9B77A5}.Debug|x86.ActiveCfg = Debug|Any CPU
		{0BF07ADE-A2C5-4C58-AFAC-5CB0AF9B77A5}.Debug|x86.Build.0 = Debug|Any CPU
		{0BF07ADE-A2C5-4C58-AFAC-5CB0AF9B77A5}.Release|Any CPU.ActiveCfg = Release|Any CPU
		{0BF07ADE-A2C5-4C58-AFAC-5CB0AF9B77A5}.Release|Any CPU.Build.0 = Release|Any CPU
		{0BF07ADE-A2C5-4C58-AFAC-5CB0AF9B77A5}.Release|x64.ActiveCfg = Release|Any CPU
		{0BF07ADE-A2C5-4C58-AFAC-5CB0AF9B77A5}.Release|x64.Build.0 = Release|Any CPU
		{0BF07ADE-A2C5-4C58-AFAC-5CB0AF9B77A5}.Release|x86.ActiveCfg = Release|Any CPU
		{0BF07ADE-A2C5-4C58-AFAC-5CB0AF9B77A5}.Release|x86.Build.0 = Release|Any CPU
		{107A7F89-B528-42B7-A6D4-92B55164F159}.Debug|Any CPU.ActiveCfg = Debug|Any CPU
		{107A7F89-B528-42B7-A6D4-92B55164F159}.Debug|Any CPU.Build.0 = Debug|Any CPU
		{107A7F89-B528-42B7-A6D4-92B55164F159}.Debug|x64.ActiveCfg = Debug|Any CPU
		{107A7F89-B528-42B7-A6D4-92B55164F159}.Debug|x64.Build.0 = Debug|Any CPU
		{107A7F89-B528-42B7-A6D4-92B55164F159}.Debug|x86.ActiveCfg = Debug|Any CPU
		{107A7F89-B528-42B7-A6D4-92B55164F159}.Debug|x86.Build.0 = Debug|Any CPU
		{107A7F89-B528-42B7-A6D4-92B55164F159}.Release|Any CPU.ActiveCfg = Release|Any CPU
		{107A7F89-B528-42B7-A6D4-92B55164F159}.Release|Any CPU.Build.0 = Release|Any CPU
		{107A7F89-B528-42B7-A6D4-92B55164F159}.Release|x64.ActiveCfg = Release|Any CPU
		{107A7F89-B528-42B7-A6D4-92B55164F159}.Release|x64.Build.0 = Release|Any CPU
		{107A7F89-B528-42B7-A6D4-92B55164F159}.Release|x86.ActiveCfg = Release|Any CPU
		{107A7F89-B528-42B7-A6D4-92B55164F159}.Release|x86.Build.0 = Release|Any CPU
		{F3DE6E5F-5E18-4E63-A6F1-2DB0E7C40BC5}.Debug|Any CPU.ActiveCfg = Debug|Any CPU
		{F3DE6E5F-5E18-4E63-A6F1-2DB0E7C40BC5}.Debug|Any CPU.Build.0 = Debug|Any CPU
		{F3DE6E5F-5E18-4E63-A6F1-2DB0E7C40BC5}.Debug|x64.ActiveCfg = Debug|Any CPU
		{F3DE6E5F-5E18-4E63-A6F1-2DB0E7C40BC5}.Debug|x64.Build.0 = Debug|Any CPU
		{F3DE6E5F-5E18-4E63-A6F1-2DB0E7C40BC5}.Debug|x86.ActiveCfg = Debug|Any CPU
		{F3DE6E5F-5E18-4E63-A6F1-2DB0E7C40BC5}.Debug|x86.Build.0 = Debug|Any CPU
		{F3DE6E5F-5E18-4E63-A6F1-2DB0E7C40BC5}.Release|Any CPU.ActiveCfg = Release|Any CPU
		{F3DE6E5F-5E18-4E63-A6F1-2DB0E7C40BC5}.Release|Any CPU.Build.0 = Release|Any CPU
		{F3DE6E5F-5E18-4E63-A6F1-2DB0E7C40BC5}.Release|x64.ActiveCfg = Release|Any CPU
		{F3DE6E5F-5E18-4E63-A6F1-2DB0E7C40BC5}.Release|x64.Build.0 = Release|Any CPU
		{F3DE6E5F-5E18-4E63-A6F1-2DB0E7C40BC5}.Release|x86.ActiveCfg = Release|Any CPU
		{F3DE6E5F-5E18-4E63-A6F1-2DB0E7C40BC5}.Release|x86.Build.0 = Release|Any CPU
		{49B20464-6555-4543-91C8-28929649F55B}.Debug|Any CPU.ActiveCfg = Debug|Any CPU
		{49B20464-6555-4543-91C8-28929649F55B}.Debug|Any CPU.Build.0 = Debug|Any CPU
		{49B20464-6555-4543-91C8-28929649F55B}.Debug|x64.ActiveCfg = Debug|Any CPU
		{49B20464-6555-4543-91C8-28929649F55B}.Debug|x64.Build.0 = Debug|Any CPU
		{49B20464-6555-4543-91C8-28929649F55B}.Debug|x86.ActiveCfg = Debug|Any CPU
		{49B20464-6555-4543-91C8-28929649F55B}.Debug|x86.Build.0 = Debug|Any CPU
		{49B20464-6555-4543-91C8-28929649F55B}.Release|Any CPU.ActiveCfg = Release|Any CPU
		{49B20464-6555-4543-91C8-28929649F55B}.Release|Any CPU.Build.0 = Release|Any CPU
		{49B20464-6555-4543-91C8-28929649F55B}.Release|x64.ActiveCfg = Release|Any CPU
		{49B20464-6555-4543-91C8-28929649F55B}.Release|x64.Build.0 = Release|Any CPU
		{49B20464-6555-4543-91C8-28929649F55B}.Release|x86.ActiveCfg = Release|Any CPU
		{49B20464-6555-4543-91C8-28929649F55B}.Release|x86.Build.0 = Release|Any CPU
		{1EB263FF-BBF4-4722-BE13-FEE8F7D5CE2D}.Debug|Any CPU.ActiveCfg = Debug|Any CPU
		{1EB263FF-BBF4-4722-BE13-FEE8F7D5CE2D}.Debug|Any CPU.Build.0 = Debug|Any CPU
		{1EB263FF-BBF4-4722-BE13-FEE8F7D5CE2D}.Debug|x64.ActiveCfg = Debug|Any CPU
		{1EB263FF-BBF4-4722-BE13-FEE8F7D5CE2D}.Debug|x64.Build.0 = Debug|Any CPU
		{1EB263FF-BBF4-4722-BE13-FEE8F7D5CE2D}.Debug|x86.ActiveCfg = Debug|Any CPU
		{1EB263FF-BBF4-4722-BE13-FEE8F7D5CE2D}.Debug|x86.Build.0 = Debug|Any CPU
		{1EB263FF-BBF4-4722-BE13-FEE8F7D5CE2D}.Release|Any CPU.ActiveCfg = Release|Any CPU
		{1EB263FF-BBF4-4722-BE13-FEE8F7D5CE2D}.Release|Any CPU.Build.0 = Release|Any CPU
		{1EB263FF-BBF4-4722-BE13-FEE8F7D5CE2D}.Release|x64.ActiveCfg = Release|Any CPU
		{1EB263FF-BBF4-4722-BE13-FEE8F7D5CE2D}.Release|x64.Build.0 = Release|Any CPU
		{1EB263FF-BBF4-4722-BE13-FEE8F7D5CE2D}.Release|x86.ActiveCfg = Release|Any CPU
		{1EB263FF-BBF4-4722-BE13-FEE8F7D5CE2D}.Release|x86.Build.0 = Release|Any CPU
		{91A589BF-837D-4A9C-BE91-DD207638EA32}.Debug|Any CPU.ActiveCfg = Debug|Any CPU
		{91A589BF-837D-4A9C-BE91-DD207638EA32}.Debug|Any CPU.Build.0 = Debug|Any CPU
		{91A589BF-837D-4A9C-BE91-DD207638EA32}.Debug|x64.ActiveCfg = Debug|Any CPU
		{91A589BF-837D-4A9C-BE91-DD207638EA32}.Debug|x64.Build.0 = Debug|Any CPU
		{91A589BF-837D-4A9C-BE91-DD207638EA32}.Debug|x86.ActiveCfg = Debug|Any CPU
		{91A589BF-837D-4A9C-BE91-DD207638EA32}.Debug|x86.Build.0 = Debug|Any CPU
		{91A589BF-837D-4A9C-BE91-DD207638EA32}.Release|Any CPU.ActiveCfg = Release|Any CPU
		{91A589BF-837D-4A9C-BE91-DD207638EA32}.Release|Any CPU.Build.0 = Release|Any CPU
		{91A589BF-837D-4A9C-BE91-DD207638EA32}.Release|x64.ActiveCfg = Release|Any CPU
		{91A589BF-837D-4A9C-BE91-DD207638EA32}.Release|x64.Build.0 = Release|Any CPU
		{91A589BF-837D-4A9C-BE91-DD207638EA32}.Release|x86.ActiveCfg = Release|Any CPU
		{91A589BF-837D-4A9C-BE91-DD207638EA32}.Release|x86.Build.0 = Release|Any CPU
		{25DE1078-791D-4E62-A752-39A1E6750A62}.Debug|Any CPU.ActiveCfg = Debug|Any CPU
		{25DE1078-791D-4E62-A752-39A1E6750A62}.Debug|Any CPU.Build.0 = Debug|Any CPU
		{25DE1078-791D-4E62-A752-39A1E6750A62}.Debug|x64.ActiveCfg = Debug|Any CPU
		{25DE1078-791D-4E62-A752-39A1E6750A62}.Debug|x64.Build.0 = Debug|Any CPU
		{25DE1078-791D-4E62-A752-39A1E6750A62}.Debug|x86.ActiveCfg = Debug|Any CPU
		{25DE1078-791D-4E62-A752-39A1E6750A62}.Debug|x86.Build.0 = Debug|Any CPU
		{25DE1078-791D-4E62-A752-39A1E6750A62}.Release|Any CPU.ActiveCfg = Release|Any CPU
		{25DE1078-791D-4E62-A752-39A1E6750A62}.Release|Any CPU.Build.0 = Release|Any CPU
		{25DE1078-791D-4E62-A752-39A1E6750A62}.Release|x64.ActiveCfg = Release|Any CPU
		{25DE1078-791D-4E62-A752-39A1E6750A62}.Release|x64.Build.0 = Release|Any CPU
		{25DE1078-791D-4E62-A752-39A1E6750A62}.Release|x86.ActiveCfg = Release|Any CPU
		{25DE1078-791D-4E62-A752-39A1E6750A62}.Release|x86.Build.0 = Release|Any CPU
		{BECC058C-260F-4596-A0C5-FF4688C524C1}.Debug|Any CPU.ActiveCfg = Debug|Any CPU
		{BECC058C-260F-4596-A0C5-FF4688C524C1}.Debug|Any CPU.Build.0 = Debug|Any CPU
		{BECC058C-260F-4596-A0C5-FF4688C524C1}.Debug|x64.ActiveCfg = Debug|Any CPU
		{BECC058C-260F-4596-A0C5-FF4688C524C1}.Debug|x64.Build.0 = Debug|Any CPU
		{BECC058C-260F-4596-A0C5-FF4688C524C1}.Debug|x86.ActiveCfg = Debug|Any CPU
		{BECC058C-260F-4596-A0C5-FF4688C524C1}.Debug|x86.Build.0 = Debug|Any CPU
		{BECC058C-260F-4596-A0C5-FF4688C524C1}.Release|Any CPU.ActiveCfg = Release|Any CPU
		{BECC058C-260F-4596-A0C5-FF4688C524C1}.Release|Any CPU.Build.0 = Release|Any CPU
		{BECC058C-260F-4596-A0C5-FF4688C524C1}.Release|x64.ActiveCfg = Release|Any CPU
		{BECC058C-260F-4596-A0C5-FF4688C524C1}.Release|x64.Build.0 = Release|Any CPU
		{BECC058C-260F-4596-A0C5-FF4688C524C1}.Release|x86.ActiveCfg = Release|Any CPU
		{BECC058C-260F-4596-A0C5-FF4688C524C1}.Release|x86.Build.0 = Release|Any CPU
		{81426E3E-401A-449F-AD2C-1A60B41ED8C3}.Debug|Any CPU.ActiveCfg = Debug|Any CPU
		{81426E3E-401A-449F-AD2C-1A60B41ED8C3}.Debug|Any CPU.Build.0 = Debug|Any CPU
		{81426E3E-401A-449F-AD2C-1A60B41ED8C3}.Debug|x64.ActiveCfg = Debug|Any CPU
		{81426E3E-401A-449F-AD2C-1A60B41ED8C3}.Debug|x64.Build.0 = Debug|Any CPU
		{81426E3E-401A-449F-AD2C-1A60B41ED8C3}.Debug|x86.ActiveCfg = Debug|Any CPU
		{81426E3E-401A-449F-AD2C-1A60B41ED8C3}.Debug|x86.Build.0 = Debug|Any CPU
		{81426E3E-401A-449F-AD2C-1A60B41ED8C3}.Release|Any CPU.ActiveCfg = Release|Any CPU
		{81426E3E-401A-449F-AD2C-1A60B41ED8C3}.Release|Any CPU.Build.0 = Release|Any CPU
		{81426E3E-401A-449F-AD2C-1A60B41ED8C3}.Release|x64.ActiveCfg = Release|Any CPU
		{81426E3E-401A-449F-AD2C-1A60B41ED8C3}.Release|x64.Build.0 = Release|Any CPU
		{81426E3E-401A-449F-AD2C-1A60B41ED8C3}.Release|x86.ActiveCfg = Release|Any CPU
		{81426E3E-401A-449F-AD2C-1A60B41ED8C3}.Release|x86.Build.0 = Release|Any CPU
		{CE077ABB-F8DF-415A-902C-74DE2875C6BF}.Debug|Any CPU.ActiveCfg = Debug|Any CPU
		{CE077ABB-F8DF-415A-902C-74DE2875C6BF}.Debug|Any CPU.Build.0 = Debug|Any CPU
		{CE077ABB-F8DF-415A-902C-74DE2875C6BF}.Debug|x64.ActiveCfg = Debug|Any CPU
		{CE077ABB-F8DF-415A-902C-74DE2875C6BF}.Debug|x64.Build.0 = Debug|Any CPU
		{CE077ABB-F8DF-415A-902C-74DE2875C6BF}.Debug|x86.ActiveCfg = Debug|Any CPU
		{CE077ABB-F8DF-415A-902C-74DE2875C6BF}.Debug|x86.Build.0 = Debug|Any CPU
		{CE077ABB-F8DF-415A-902C-74DE2875C6BF}.Release|Any CPU.ActiveCfg = Release|Any CPU
		{CE077ABB-F8DF-415A-902C-74DE2875C6BF}.Release|Any CPU.Build.0 = Release|Any CPU
		{CE077ABB-F8DF-415A-902C-74DE2875C6BF}.Release|x64.ActiveCfg = Release|Any CPU
		{CE077ABB-F8DF-415A-902C-74DE2875C6BF}.Release|x64.Build.0 = Release|Any CPU
		{CE077ABB-F8DF-415A-902C-74DE2875C6BF}.Release|x86.ActiveCfg = Release|Any CPU
		{CE077ABB-F8DF-415A-902C-74DE2875C6BF}.Release|x86.Build.0 = Release|Any CPU
		{7CEFECD5-6CF4-48FB-87F9-D8CC641C0D96}.Debug|Any CPU.ActiveCfg = Debug|Any CPU
		{7CEFECD5-6CF4-48FB-87F9-D8CC641C0D96}.Debug|Any CPU.Build.0 = Debug|Any CPU
		{7CEFECD5-6CF4-48FB-87F9-D8CC641C0D96}.Debug|x64.ActiveCfg = Debug|Any CPU
		{7CEFECD5-6CF4-48FB-87F9-D8CC641C0D96}.Debug|x64.Build.0 = Debug|Any CPU
		{7CEFECD5-6CF4-48FB-87F9-D8CC641C0D96}.Debug|x86.ActiveCfg = Debug|Any CPU
		{7CEFECD5-6CF4-48FB-87F9-D8CC641C0D96}.Debug|x86.Build.0 = Debug|Any CPU
		{7CEFECD5-6CF4-48FB-87F9-D8CC641C0D96}.Release|Any CPU.ActiveCfg = Release|Any CPU
		{7CEFECD5-6CF4-48FB-87F9-D8CC641C0D96}.Release|Any CPU.Build.0 = Release|Any CPU
		{7CEFECD5-6CF4-48FB-87F9-D8CC641C0D96}.Release|x64.ActiveCfg = Release|Any CPU
		{7CEFECD5-6CF4-48FB-87F9-D8CC641C0D96}.Release|x64.Build.0 = Release|Any CPU
		{7CEFECD5-6CF4-48FB-87F9-D8CC641C0D96}.Release|x86.ActiveCfg = Release|Any CPU
		{7CEFECD5-6CF4-48FB-87F9-D8CC641C0D96}.Release|x86.Build.0 = Release|Any CPU
		{3F1B40FF-7F23-4797-913C-7812E093081D}.Debug|Any CPU.ActiveCfg = Debug|Any CPU
		{3F1B40FF-7F23-4797-913C-7812E093081D}.Debug|Any CPU.Build.0 = Debug|Any CPU
		{3F1B40FF-7F23-4797-913C-7812E093081D}.Debug|x64.ActiveCfg = Debug|Any CPU
		{3F1B40FF-7F23-4797-913C-7812E093081D}.Debug|x64.Build.0 = Debug|Any CPU
		{3F1B40FF-7F23-4797-913C-7812E093081D}.Debug|x86.ActiveCfg = Debug|Any CPU
		{3F1B40FF-7F23-4797-913C-7812E093081D}.Debug|x86.Build.0 = Debug|Any CPU
		{3F1B40FF-7F23-4797-913C-7812E093081D}.Release|Any CPU.ActiveCfg = Release|Any CPU
		{3F1B40FF-7F23-4797-913C-7812E093081D}.Release|Any CPU.Build.0 = Release|Any CPU
		{3F1B40FF-7F23-4797-913C-7812E093081D}.Release|x64.ActiveCfg = Release|Any CPU
		{3F1B40FF-7F23-4797-913C-7812E093081D}.Release|x64.Build.0 = Release|Any CPU
		{3F1B40FF-7F23-4797-913C-7812E093081D}.Release|x86.ActiveCfg = Release|Any CPU
		{3F1B40FF-7F23-4797-913C-7812E093081D}.Release|x86.Build.0 = Release|Any CPU
		{F52498C1-D444-4CC6-BEFA-025CCCEDFB9F}.Debug|Any CPU.ActiveCfg = Debug|Any CPU
		{F52498C1-D444-4CC6-BEFA-025CCCEDFB9F}.Debug|Any CPU.Build.0 = Debug|Any CPU
		{F52498C1-D444-4CC6-BEFA-025CCCEDFB9F}.Debug|x64.ActiveCfg = Debug|Any CPU
		{F52498C1-D444-4CC6-BEFA-025CCCEDFB9F}.Debug|x64.Build.0 = Debug|Any CPU
		{F52498C1-D444-4CC6-BEFA-025CCCEDFB9F}.Debug|x86.ActiveCfg = Debug|Any CPU
		{F52498C1-D444-4CC6-BEFA-025CCCEDFB9F}.Debug|x86.Build.0 = Debug|Any CPU
		{F52498C1-D444-4CC6-BEFA-025CCCEDFB9F}.Release|Any CPU.ActiveCfg = Release|Any CPU
		{F52498C1-D444-4CC6-BEFA-025CCCEDFB9F}.Release|Any CPU.Build.0 = Release|Any CPU
		{F52498C1-D444-4CC6-BEFA-025CCCEDFB9F}.Release|x64.ActiveCfg = Release|Any CPU
		{F52498C1-D444-4CC6-BEFA-025CCCEDFB9F}.Release|x64.Build.0 = Release|Any CPU
		{F52498C1-D444-4CC6-BEFA-025CCCEDFB9F}.Release|x86.ActiveCfg = Release|Any CPU
		{F52498C1-D444-4CC6-BEFA-025CCCEDFB9F}.Release|x86.Build.0 = Release|Any CPU
		{3CC81405-AE1A-41A8-B78F-738551FF3FC4}.Debug|Any CPU.ActiveCfg = Debug|Any CPU
		{3CC81405-AE1A-41A8-B78F-738551FF3FC4}.Debug|Any CPU.Build.0 = Debug|Any CPU
		{3CC81405-AE1A-41A8-B78F-738551FF3FC4}.Debug|x64.ActiveCfg = Debug|Any CPU
		{3CC81405-AE1A-41A8-B78F-738551FF3FC4}.Debug|x64.Build.0 = Debug|Any CPU
		{3CC81405-AE1A-41A8-B78F-738551FF3FC4}.Debug|x86.ActiveCfg = Debug|Any CPU
		{3CC81405-AE1A-41A8-B78F-738551FF3FC4}.Debug|x86.Build.0 = Debug|Any CPU
		{3CC81405-AE1A-41A8-B78F-738551FF3FC4}.Release|Any CPU.ActiveCfg = Release|Any CPU
		{3CC81405-AE1A-41A8-B78F-738551FF3FC4}.Release|Any CPU.Build.0 = Release|Any CPU
		{3CC81405-AE1A-41A8-B78F-738551FF3FC4}.Release|x64.ActiveCfg = Release|Any CPU
		{3CC81405-AE1A-41A8-B78F-738551FF3FC4}.Release|x64.Build.0 = Release|Any CPU
		{3CC81405-AE1A-41A8-B78F-738551FF3FC4}.Release|x86.ActiveCfg = Release|Any CPU
		{3CC81405-AE1A-41A8-B78F-738551FF3FC4}.Release|x86.Build.0 = Release|Any CPU
		{611873DC-593C-474F-AF65-28469E8A6496}.Debug|Any CPU.ActiveCfg = Debug|Any CPU
		{611873DC-593C-474F-AF65-28469E8A6496}.Debug|Any CPU.Build.0 = Debug|Any CPU
		{611873DC-593C-474F-AF65-28469E8A6496}.Debug|x64.ActiveCfg = Debug|Any CPU
		{611873DC-593C-474F-AF65-28469E8A6496}.Debug|x64.Build.0 = Debug|Any CPU
		{611873DC-593C-474F-AF65-28469E8A6496}.Debug|x86.ActiveCfg = Debug|Any CPU
		{611873DC-593C-474F-AF65-28469E8A6496}.Debug|x86.Build.0 = Debug|Any CPU
		{611873DC-593C-474F-AF65-28469E8A6496}.Release|Any CPU.ActiveCfg = Release|Any CPU
		{611873DC-593C-474F-AF65-28469E8A6496}.Release|Any CPU.Build.0 = Release|Any CPU
		{611873DC-593C-474F-AF65-28469E8A6496}.Release|x64.ActiveCfg = Release|Any CPU
		{611873DC-593C-474F-AF65-28469E8A6496}.Release|x64.Build.0 = Release|Any CPU
		{611873DC-593C-474F-AF65-28469E8A6496}.Release|x86.ActiveCfg = Release|Any CPU
		{611873DC-593C-474F-AF65-28469E8A6496}.Release|x86.Build.0 = Release|Any CPU
		{AD55F4B3-EF16-4E92-8E1B-B1AA266B2DC8}.Debug|Any CPU.ActiveCfg = Debug|Any CPU
		{AD55F4B3-EF16-4E92-8E1B-B1AA266B2DC8}.Debug|Any CPU.Build.0 = Debug|Any CPU
		{AD55F4B3-EF16-4E92-8E1B-B1AA266B2DC8}.Debug|x64.ActiveCfg = Debug|Any CPU
		{AD55F4B3-EF16-4E92-8E1B-B1AA266B2DC8}.Debug|x64.Build.0 = Debug|Any CPU
		{AD55F4B3-EF16-4E92-8E1B-B1AA266B2DC8}.Debug|x86.ActiveCfg = Debug|Any CPU
		{AD55F4B3-EF16-4E92-8E1B-B1AA266B2DC8}.Debug|x86.Build.0 = Debug|Any CPU
		{AD55F4B3-EF16-4E92-8E1B-B1AA266B2DC8}.Release|Any CPU.ActiveCfg = Release|Any CPU
		{AD55F4B3-EF16-4E92-8E1B-B1AA266B2DC8}.Release|Any CPU.Build.0 = Release|Any CPU
		{AD55F4B3-EF16-4E92-8E1B-B1AA266B2DC8}.Release|x64.ActiveCfg = Release|Any CPU
		{AD55F4B3-EF16-4E92-8E1B-B1AA266B2DC8}.Release|x64.Build.0 = Release|Any CPU
		{AD55F4B3-EF16-4E92-8E1B-B1AA266B2DC8}.Release|x86.ActiveCfg = Release|Any CPU
		{AD55F4B3-EF16-4E92-8E1B-B1AA266B2DC8}.Release|x86.Build.0 = Release|Any CPU
		{BE2EC44B-E758-4DAB-8548-F876F05612FE}.Debug|Any CPU.ActiveCfg = Debug|Any CPU
		{BE2EC44B-E758-4DAB-8548-F876F05612FE}.Debug|Any CPU.Build.0 = Debug|Any CPU
		{BE2EC44B-E758-4DAB-8548-F876F05612FE}.Debug|x64.ActiveCfg = Debug|Any CPU
		{BE2EC44B-E758-4DAB-8548-F876F05612FE}.Debug|x64.Build.0 = Debug|Any CPU
		{BE2EC44B-E758-4DAB-8548-F876F05612FE}.Debug|x86.ActiveCfg = Debug|Any CPU
		{BE2EC44B-E758-4DAB-8548-F876F05612FE}.Debug|x86.Build.0 = Debug|Any CPU
		{BE2EC44B-E758-4DAB-8548-F876F05612FE}.Release|Any CPU.ActiveCfg = Release|Any CPU
		{BE2EC44B-E758-4DAB-8548-F876F05612FE}.Release|Any CPU.Build.0 = Release|Any CPU
		{BE2EC44B-E758-4DAB-8548-F876F05612FE}.Release|x64.ActiveCfg = Release|Any CPU
		{BE2EC44B-E758-4DAB-8548-F876F05612FE}.Release|x64.Build.0 = Release|Any CPU
		{BE2EC44B-E758-4DAB-8548-F876F05612FE}.Release|x86.ActiveCfg = Release|Any CPU
		{BE2EC44B-E758-4DAB-8548-F876F05612FE}.Release|x86.Build.0 = Release|Any CPU
		{81FD3450-383B-4716-A534-980D4BE3E270}.Debug|Any CPU.ActiveCfg = Debug|Any CPU
		{81FD3450-383B-4716-A534-980D4BE3E270}.Debug|Any CPU.Build.0 = Debug|Any CPU
		{81FD3450-383B-4716-A534-980D4BE3E270}.Debug|x64.ActiveCfg = Debug|Any CPU
		{81FD3450-383B-4716-A534-980D4BE3E270}.Debug|x64.Build.0 = Debug|Any CPU
		{81FD3450-383B-4716-A534-980D4BE3E270}.Debug|x86.ActiveCfg = Debug|Any CPU
		{81FD3450-383B-4716-A534-980D4BE3E270}.Debug|x86.Build.0 = Debug|Any CPU
		{81FD3450-383B-4716-A534-980D4BE3E270}.Release|Any CPU.ActiveCfg = Release|Any CPU
		{81FD3450-383B-4716-A534-980D4BE3E270}.Release|Any CPU.Build.0 = Release|Any CPU
		{81FD3450-383B-4716-A534-980D4BE3E270}.Release|x64.ActiveCfg = Release|Any CPU
		{81FD3450-383B-4716-A534-980D4BE3E270}.Release|x64.Build.0 = Release|Any CPU
		{81FD3450-383B-4716-A534-980D4BE3E270}.Release|x86.ActiveCfg = Release|Any CPU
		{81FD3450-383B-4716-A534-980D4BE3E270}.Release|x86.Build.0 = Release|Any CPU
		{7582CDAD-AD51-49C2-B213-E722811A748D}.Debug|Any CPU.ActiveCfg = Debug|Any CPU
		{7582CDAD-AD51-49C2-B213-E722811A748D}.Debug|Any CPU.Build.0 = Debug|Any CPU
		{7582CDAD-AD51-49C2-B213-E722811A748D}.Debug|x64.ActiveCfg = Debug|Any CPU
		{7582CDAD-AD51-49C2-B213-E722811A748D}.Debug|x64.Build.0 = Debug|Any CPU
		{7582CDAD-AD51-49C2-B213-E722811A748D}.Debug|x86.ActiveCfg = Debug|Any CPU
		{7582CDAD-AD51-49C2-B213-E722811A748D}.Debug|x86.Build.0 = Debug|Any CPU
		{7582CDAD-AD51-49C2-B213-E722811A748D}.Release|Any CPU.ActiveCfg = Release|Any CPU
		{7582CDAD-AD51-49C2-B213-E722811A748D}.Release|Any CPU.Build.0 = Release|Any CPU
		{7582CDAD-AD51-49C2-B213-E722811A748D}.Release|x64.ActiveCfg = Release|Any CPU
		{7582CDAD-AD51-49C2-B213-E722811A748D}.Release|x64.Build.0 = Release|Any CPU
		{7582CDAD-AD51-49C2-B213-E722811A748D}.Release|x86.ActiveCfg = Release|Any CPU
		{7582CDAD-AD51-49C2-B213-E722811A748D}.Release|x86.Build.0 = Release|Any CPU
		{BB12931E-1D47-47D0-B107-E6AEFBE05663}.Debug|Any CPU.ActiveCfg = Debug|Any CPU
		{BB12931E-1D47-47D0-B107-E6AEFBE05663}.Debug|Any CPU.Build.0 = Debug|Any CPU
		{BB12931E-1D47-47D0-B107-E6AEFBE05663}.Debug|x64.ActiveCfg = Debug|Any CPU
		{BB12931E-1D47-47D0-B107-E6AEFBE05663}.Debug|x64.Build.0 = Debug|Any CPU
		{BB12931E-1D47-47D0-B107-E6AEFBE05663}.Debug|x86.ActiveCfg = Debug|Any CPU
		{BB12931E-1D47-47D0-B107-E6AEFBE05663}.Debug|x86.Build.0 = Debug|Any CPU
		{BB12931E-1D47-47D0-B107-E6AEFBE05663}.Release|Any CPU.ActiveCfg = Release|Any CPU
		{BB12931E-1D47-47D0-B107-E6AEFBE05663}.Release|Any CPU.Build.0 = Release|Any CPU
		{BB12931E-1D47-47D0-B107-E6AEFBE05663}.Release|x64.ActiveCfg = Release|Any CPU
		{BB12931E-1D47-47D0-B107-E6AEFBE05663}.Release|x64.Build.0 = Release|Any CPU
		{BB12931E-1D47-47D0-B107-E6AEFBE05663}.Release|x86.ActiveCfg = Release|Any CPU
		{BB12931E-1D47-47D0-B107-E6AEFBE05663}.Release|x86.Build.0 = Release|Any CPU
		{48230F87-2DF3-4735-A1A1-D7156C2ECA9C}.Debug|Any CPU.ActiveCfg = Debug|Any CPU
		{48230F87-2DF3-4735-A1A1-D7156C2ECA9C}.Debug|Any CPU.Build.0 = Debug|Any CPU
		{48230F87-2DF3-4735-A1A1-D7156C2ECA9C}.Debug|x64.ActiveCfg = Debug|Any CPU
		{48230F87-2DF3-4735-A1A1-D7156C2ECA9C}.Debug|x64.Build.0 = Debug|Any CPU
		{48230F87-2DF3-4735-A1A1-D7156C2ECA9C}.Debug|x86.ActiveCfg = Debug|Any CPU
		{48230F87-2DF3-4735-A1A1-D7156C2ECA9C}.Debug|x86.Build.0 = Debug|Any CPU
		{48230F87-2DF3-4735-A1A1-D7156C2ECA9C}.Release|Any CPU.ActiveCfg = Release|Any CPU
		{48230F87-2DF3-4735-A1A1-D7156C2ECA9C}.Release|Any CPU.Build.0 = Release|Any CPU
		{48230F87-2DF3-4735-A1A1-D7156C2ECA9C}.Release|x64.ActiveCfg = Release|Any CPU
		{48230F87-2DF3-4735-A1A1-D7156C2ECA9C}.Release|x64.Build.0 = Release|Any CPU
		{48230F87-2DF3-4735-A1A1-D7156C2ECA9C}.Release|x86.ActiveCfg = Release|Any CPU
		{48230F87-2DF3-4735-A1A1-D7156C2ECA9C}.Release|x86.Build.0 = Release|Any CPU
		{565CB24E-72B6-4124-851F-C418E4EB8E0E}.Debug|Any CPU.ActiveCfg = Debug|Any CPU
		{565CB24E-72B6-4124-851F-C418E4EB8E0E}.Debug|Any CPU.Build.0 = Debug|Any CPU
		{565CB24E-72B6-4124-851F-C418E4EB8E0E}.Debug|x64.ActiveCfg = Debug|Any CPU
		{565CB24E-72B6-4124-851F-C418E4EB8E0E}.Debug|x64.Build.0 = Debug|Any CPU
		{565CB24E-72B6-4124-851F-C418E4EB8E0E}.Debug|x86.ActiveCfg = Debug|Any CPU
		{565CB24E-72B6-4124-851F-C418E4EB8E0E}.Debug|x86.Build.0 = Debug|Any CPU
		{565CB24E-72B6-4124-851F-C418E4EB8E0E}.Release|Any CPU.ActiveCfg = Release|Any CPU
		{565CB24E-72B6-4124-851F-C418E4EB8E0E}.Release|Any CPU.Build.0 = Release|Any CPU
		{565CB24E-72B6-4124-851F-C418E4EB8E0E}.Release|x64.ActiveCfg = Release|Any CPU
		{565CB24E-72B6-4124-851F-C418E4EB8E0E}.Release|x64.Build.0 = Release|Any CPU
		{565CB24E-72B6-4124-851F-C418E4EB8E0E}.Release|x86.ActiveCfg = Release|Any CPU
		{565CB24E-72B6-4124-851F-C418E4EB8E0E}.Release|x86.Build.0 = Release|Any CPU
	EndGlobalSection
	GlobalSection(SolutionProperties) = preSolution
		HideSolutionNode = FALSE
	EndGlobalSection
	GlobalSection(NestedProjects) = preSolution
		{23204EB3-62B4-4BBF-AA5D-B7838D397223} = {85F7CBF3-EF26-4AC4-22AF-16D15013B88E}
		{14380918-6E63-4BC9-82A4-85257F9C3A22} = {85F7CBF3-EF26-4AC4-22AF-16D15013B88E}
		{51029CA5-23D1-4FA2-8BA7-E8EB3970D668} = {85F7CBF3-EF26-4AC4-22AF-16D15013B88E}
		{36A1E6E8-5865-46FD-9142-AF149705004D} = {85F7CBF3-EF26-4AC4-22AF-16D15013B88E}
		{EFA4222A-230D-4734-8723-7D7B7AE3ADFA} = {85F7CBF3-EF26-4AC4-22AF-16D15013B88E}
		{5BB601E6-F587-4EA7-A78C-5BC72C0142E4} = {C8C5DAC2-19D6-1CC4-B55E-3732F248532B}
		{91CB9564-A859-4DD8-AB7B-DF0A137FF947} = {C8C5DAC2-19D6-1CC4-B55E-3732F248532B}
		{D818E18F-4107-4583-8FFC-2979DC835271} = {C8C5DAC2-19D6-1CC4-B55E-3732F248532B}
		{0BEAB3BF-2AA1-40BA-A7EF-ECF99C7C4D75} = {C8C5DAC2-19D6-1CC4-B55E-3732F248532B}
		{0CB1CB08-428E-445E-BE56-6FFED4E53A25} = {C8C5DAC2-19D6-1CC4-B55E-3732F248532B}
		{AA543315-876C-478A-BDE0-3209F85D0931} = {C09F6456-0B9B-3DB7-F860-4614DEF252DE}
		{2AB1E888-A7CE-42D2-A2F1-E733D1BA4E13} = {C09F6456-0B9B-3DB7-F860-4614DEF252DE}
		{3EC6C255-9BB7-4DD9-8946-474137CB78F2} = {C09F6456-0B9B-3DB7-F860-4614DEF252DE}
		{8467037A-5381-4950-A998-5AB72E7A6DF0} = {C09F6456-0B9B-3DB7-F860-4614DEF252DE}
		{6D1955E8-6FFE-4496-8149-A266906C644F} = {C09F6456-0B9B-3DB7-F860-4614DEF252DE}
		{73E02863-3DF6-446E-8800-A92488708983} = {03CCC7DC-32FE-5D17-CECD-CBFC96260A88}
		{23DCABC2-93CD-4247-892D-0E8A85D29B6A} = {03CCC7DC-32FE-5D17-CECD-CBFC96260A88}
		{FB113D69-1F1E-4FD8-89A5-EED1F5AF1EDA} = {03CCC7DC-32FE-5D17-CECD-CBFC96260A88}
		{F2E8A4A3-0EC1-4960-BF8A-770F03C4F2D6} = {03CCC7DC-32FE-5D17-CECD-CBFC96260A88}
		{17E615EE-8D6A-4488-9BC4-AF1A041D7AB7} = {03CCC7DC-32FE-5D17-CECD-CBFC96260A88}
		{5ABA7C68-7C51-4E31-A8BA-359C3ED62662} = {CF2E20A4-4434-BC58-957C-20692CC225B4}
		{9A731A36-9FD4-46D8-9D03-F4F4DAAE8EC3} = {CF2E20A4-4434-BC58-957C-20692CC225B4}
		{A419657E-0BF4-437C-BC47-645509F6B339} = {CF2E20A4-4434-BC58-957C-20692CC225B4}
		{2D59EBDD-2CF9-4C91-A843-010C2517551F} = {CF2E20A4-4434-BC58-957C-20692CC225B4}
		{C2FBE12F-AB87-4058-A6B7-FBF98A012725} = {CF2E20A4-4434-BC58-957C-20692CC225B4}
		{4CA40E06-EE00-4697-B82A-DE6A88380A2C} = {78AC0782-8D79-803C-7557-0626E0D01D92}
		{34BB4BCA-E226-4201-8407-2ABBE6C4EFCE} = {78AC0782-8D79-803C-7557-0626E0D01D92}
		{91A2DCA3-D517-4F2F-BF83-339D5F6EA048} = {78AC0782-8D79-803C-7557-0626E0D01D92}
		{3B28D7D5-CA05-4033-8966-8E204C181CEF} = {78AC0782-8D79-803C-7557-0626E0D01D92}
		{35050099-E6C0-4E65-9A57-5F82178A5F6C} = {78AC0782-8D79-803C-7557-0626E0D01D92}
		{E15264D4-4C30-4C4B-8A53-1976BA944ACF} = {45EE3C78-BE9F-467D-2FE2-0A845B33D93D}
		{A4B10966-2AED-4894-BE57-A420AC9F5BB0} = {45EE3C78-BE9F-467D-2FE2-0A845B33D93D}
		{0BF07ADE-A2C5-4C58-AFAC-5CB0AF9B77A5} = {45EE3C78-BE9F-467D-2FE2-0A845B33D93D}
		{107A7F89-B528-42B7-A6D4-92B55164F159} = {45EE3C78-BE9F-467D-2FE2-0A845B33D93D}
		{F3DE6E5F-5E18-4E63-A6F1-2DB0E7C40BC5} = {45EE3C78-BE9F-467D-2FE2-0A845B33D93D}
		{49B20464-6555-4543-91C8-28929649F55B} = {45EE3C78-BE9F-467D-2FE2-0A845B33D93D}
		{1EB263FF-BBF4-4722-BE13-FEE8F7D5CE2D} = {C5669A2C-8E26-7102-6FA8-FEA31A489191}
		{91A589BF-837D-4A9C-BE91-DD207638EA32} = {C5669A2C-8E26-7102-6FA8-FEA31A489191}
		{25DE1078-791D-4E62-A752-39A1E6750A62} = {C5669A2C-8E26-7102-6FA8-FEA31A489191}
		{BECC058C-260F-4596-A0C5-FF4688C524C1} = {C5669A2C-8E26-7102-6FA8-FEA31A489191}
		{81426E3E-401A-449F-AD2C-1A60B41ED8C3} = {C5669A2C-8E26-7102-6FA8-FEA31A489191}
		{CE077ABB-F8DF-415A-902C-74DE2875C6BF} = {8AA4D357-CA7A-9C9E-7ABE-1F531872A85D}
		{7CEFECD5-6CF4-48FB-87F9-D8CC641C0D96} = {8AA4D357-CA7A-9C9E-7ABE-1F531872A85D}
		{3F1B40FF-7F23-4797-913C-7812E093081D} = {8AA4D357-CA7A-9C9E-7ABE-1F531872A85D}
		{F52498C1-D444-4CC6-BEFA-025CCCEDFB9F} = {8AA4D357-CA7A-9C9E-7ABE-1F531872A85D}
		{3CC81405-AE1A-41A8-B78F-738551FF3FC4} = {8AA4D357-CA7A-9C9E-7ABE-1F531872A85D}
		{611873DC-593C-474F-AF65-28469E8A6496} = {8AA4D357-CA7A-9C9E-7ABE-1F531872A85D}
		{C26CCF14-F2D3-981E-873D-75A0BD707A5A} = {F2E35B3E-9711-EDEC-6202-DB40BDEED14A}
		{AD55F4B3-EF16-4E92-8E1B-B1AA266B2DC8} = {C26CCF14-F2D3-981E-873D-75A0BD707A5A}
		{BE2EC44B-E758-4DAB-8548-F876F05612FE} = {C26CCF14-F2D3-981E-873D-75A0BD707A5A}
		{8CF52549-CAF2-3FE9-D387-B19BC1ABF6CE} = {F2E35B3E-9711-EDEC-6202-DB40BDEED14A}
		{81FD3450-383B-4716-A534-980D4BE3E270} = {8CF52549-CAF2-3FE9-D387-B19BC1ABF6CE}
		{7582CDAD-AD51-49C2-B213-E722811A748D} = {8CF52549-CAF2-3FE9-D387-B19BC1ABF6CE}
		{BB12931E-1D47-47D0-B107-E6AEFBE05663} = {8CF52549-CAF2-3FE9-D387-B19BC1ABF6CE}
		{65F57DB5-8BF3-EABC-59F4-DC3A5D6CD6D7} = {F2E35B3E-9711-EDEC-6202-DB40BDEED14A}
		{48230F87-2DF3-4735-A1A1-D7156C2ECA9C} = {65F57DB5-8BF3-EABC-59F4-DC3A5D6CD6D7}
		{565CB24E-72B6-4124-851F-C418E4EB8E0E} = {65F57DB5-8BF3-EABC-59F4-DC3A5D6CD6D7}
	EndGlobalSection
	GlobalSection(ExtensibilityGlobals) = postSolution
		SolutionGuid = {3B94C4B2-BA3D-4700-9E46-5F3A4D55AE01}
	EndGlobalSection
EndGlobal
