
Microsoft Visual Studio Solution File, Format Version 12.00
# Visual Studio Version 17
VisualStudioVersion = 17.0.31903.59
MinimumVisualStudioVersion = 10.0.40219.1
Project("{2150E333-8FDC-42A3-9474-1A3956D46DE8}") = "src", "src", "{827E0CD3-B72D-47B6-A68D-7590B98EB39B}"
EndProject
Project("{FAE04EC0-301F-11D3-BF4B-00C04F79EFBC}") = "Domain", "src\Domain\Domain.csproj", "{426C3994-6E6E-42CB-B27E-180002C15A7F}"
EndProject
Project("{FAE04EC0-301F-11D3-BF4B-00C04F79EFBC}") = "Defender.Common", "..\Defender.Common\src\Defender.Common\Defender.Common.csproj", "{540D1609-42B9-47C1-8352-B9E187488D15}"
EndProject
Project("{FAE04EC0-301F-11D3-BF4B-00C04F79EFBC}") = "Application", "src\Application\Application.csproj", "{9170EFB6-7C51-4579-B87E-0ACAC3415DC6}"
EndProject
Project("{FAE04EC0-301F-11D3-BF4B-00C04F79EFBC}") = "Infrastructure", "src\Infrastructure\Infrastructure.csproj", "{2748B003-217B-44B0-A32A-73E17AAD44FD}"
EndProject
Project("{FAE04EC0-301F-11D3-BF4B-00C04F79EFBC}") = "WebApi", "src\WebApi\WebApi.csproj", "{A5D84308-1B5C-41E7-ADB8-71B34E1DFD94}"
EndProject
Project("{2150E333-8FDC-42A3-9474-1A3956D46DE8}") = "Tests", "Tests", "{CEA09484-30F6-4D44-02F6-822E06DBC57C}"
EndProject
Project("{FAE04EC0-301F-11D3-BF4B-00C04F79EFBC}") = "Defender.TravelCalendarService.Tests", "src\Tests\Defender.TravelCalendarService.Tests.csproj", "{9C1796FE-BC1F-4857-81A3-F2B5B22C2E71}"
EndProject
Global
	GlobalSection(SolutionConfigurationPlatforms) = preSolution
		Debug|Any CPU = Debug|Any CPU
		Debug|x64 = Debug|x64
		Debug|x86 = Debug|x86
		Release|Any CPU = Release|Any CPU
		Release|x64 = Release|x64
		Release|x86 = Release|x86
	EndGlobalSection
	GlobalSection(ProjectConfigurationPlatforms) = postSolution
		{426C3994-6E6E-42CB-B27E-180002C15A7F}.Debug|Any CPU.ActiveCfg = Debug|Any CPU
		{426C3994-6E6E-42CB-B27E-180002C15A7F}.Debug|Any CPU.Build.0 = Debug|Any CPU
		{426C3994-6E6E-42CB-B27E-180002C15A7F}.Debug|x64.ActiveCfg = Debug|Any CPU
		{426C3994-6E6E-42CB-B27E-180002C15A7F}.Debug|x64.Build.0 = Debug|Any CPU
		{426C3994-6E6E-42CB-B27E-180002C15A7F}.Debug|x86.ActiveCfg = Debug|Any CPU
		{426C3994-6E6E-42CB-B27E-180002C15A7F}.Debug|x86.Build.0 = Debug|Any CPU
		{426C3994-6E6E-42CB-B27E-180002C15A7F}.Release|Any CPU.ActiveCfg = Release|Any CPU
		{426C3994-6E6E-42CB-B27E-180002C15A7F}.Release|Any CPU.Build.0 = Release|Any CPU
		{426C3994-6E6E-42CB-B27E-180002C15A7F}.Release|x64.ActiveCfg = Release|Any CPU
		{426C3994-6E6E-42CB-B27E-180002C15A7F}.Release|x64.Build.0 = Release|Any CPU
		{426C3994-6E6E-42CB-B27E-180002C15A7F}.Release|x86.ActiveCfg = Release|Any CPU
		{426C3994-6E6E-42CB-B27E-180002C15A7F}.Release|x86.Build.0 = Release|Any CPU
		{540D1609-42B9-47C1-8352-B9E187488D15}.Debug|Any CPU.ActiveCfg = Debug|Any CPU
		{540D1609-42B9-47C1-8352-B9E187488D15}.Debug|Any CPU.Build.0 = Debug|Any CPU
		{540D1609-42B9-47C1-8352-B9E187488D15}.Debug|x64.ActiveCfg = Debug|Any CPU
		{540D1609-42B9-47C1-8352-B9E187488D15}.Debug|x64.Build.0 = Debug|Any CPU
		{540D1609-42B9-47C1-8352-B9E187488D15}.Debug|x86.ActiveCfg = Debug|Any CPU
		{540D1609-42B9-47C1-8352-B9E187488D15}.Debug|x86.Build.0 = Debug|Any CPU
		{540D1609-42B9-47C1-8352-B9E187488D15}.Release|Any CPU.ActiveCfg = Release|Any CPU
		{540D1609-42B9-47C1-8352-B9E187488D15}.Release|Any CPU.Build.0 = Release|Any CPU
		{540D1609-42B9-47C1-8352-B9E187488D15}.Release|x64.ActiveCfg = Release|Any CPU
		{540D1609-42B9-47C1-8352-B9E187488D15}.Release|x64.Build.0 = Release|Any CPU
		{540D1609-42B9-47C1-8352-B9E187488D15}.Release|x86.ActiveCfg = Release|Any CPU
		{540D1609-42B9-47C1-8352-B9E187488D15}.Release|x86.Build.0 = Release|Any CPU
		{9170EFB6-7C51-4579-B87E-0ACAC3415DC6}.Debug|Any CPU.ActiveCfg = Debug|Any CPU
		{9170EFB6-7C51-4579-B87E-0ACAC3415DC6}.Debug|Any CPU.Build.0 = Debug|Any CPU
		{9170EFB6-7C51-4579-B87E-0ACAC3415DC6}.Debug|x64.ActiveCfg = Debug|Any CPU
		{9170EFB6-7C51-4579-B87E-0ACAC3415DC6}.Debug|x64.Build.0 = Debug|Any CPU
		{9170EFB6-7C51-4579-B87E-0ACAC3415DC6}.Debug|x86.ActiveCfg = Debug|Any CPU
		{9170EFB6-7C51-4579-B87E-0ACAC3415DC6}.Debug|x86.Build.0 = Debug|Any CPU
		{9170EFB6-7C51-4579-B87E-0ACAC3415DC6}.Release|Any CPU.ActiveCfg = Release|Any CPU
		{9170EFB6-7C51-4579-B87E-0ACAC3415DC6}.Release|Any CPU.Build.0 = Release|Any CPU
		{9170EFB6-7C51-4579-B87E-0ACAC3415DC6}.Release|x64.ActiveCfg = Release|Any CPU
		{9170EFB6-7C51-4579-B87E-0ACAC3415DC6}.Release|x64.Build.0 = Release|Any CPU
		{9170EFB6-7C51-4579-B87E-0ACAC3415DC6}.Release|x86.ActiveCfg = Release|Any CPU
		{9170EFB6-7C51-4579-B87E-0ACAC3415DC6}.Release|x86.Build.0 = Release|Any CPU
		{2748B003-217B-44B0-A32A-73E17AAD44FD}.Debug|Any CPU.ActiveCfg = Debug|Any CPU
		{2748B003-217B-44B0-A32A-73E17AAD44FD}.Debug|Any CPU.Build.0 = Debug|Any CPU
		{2748B003-217B-44B0-A32A-73E17AAD44FD}.Debug|x64.ActiveCfg = Debug|Any CPU
		{2748B003-217B-44B0-A32A-73E17AAD44FD}.Debug|x64.Build.0 = Debug|Any CPU
		{2748B003-217B-44B0-A32A-73E17AAD44FD}.Debug|x86.ActiveCfg = Debug|Any CPU
		{2748B003-217B-44B0-A32A-73E17AAD44FD}.Debug|x86.Build.0 = Debug|Any CPU
		{2748B003-217B-44B0-A32A-73E17AAD44FD}.Release|Any CPU.ActiveCfg = Release|Any CPU
		{2748B003-217B-44B0-A32A-73E17AAD44FD}.Release|Any CPU.Build.0 = Release|Any CPU
		{2748B003-217B-44B0-A32A-73E17AAD44FD}.Release|x64.ActiveCfg = Release|Any CPU
		{2748B003-217B-44B0-A32A-73E17AAD44FD}.Release|x64.Build.0 = Release|Any CPU
		{2748B003-217B-44B0-A32A-73E17AAD44FD}.Release|x86.ActiveCfg = Release|Any CPU
		{2748B003-217B-44B0-A32A-73E17AAD44FD}.Release|x86.Build.0 = Release|Any CPU
		{A5D84308-1B5C-41E7-ADB8-71B34E1DFD94}.Debug|Any CPU.ActiveCfg = Debug|Any CPU
		{A5D84308-1B5C-41E7-ADB8-71B34E1DFD94}.Debug|Any CPU.Build.0 = Debug|Any CPU
		{A5D84308-1B5C-41E7-ADB8-71B34E1DFD94}.Debug|x64.ActiveCfg = Debug|Any CPU
		{A5D84308-1B5C-41E7-ADB8-71B34E1DFD94}.Debug|x64.Build.0 = Debug|Any CPU
		{A5D84308-1B5C-41E7-ADB8-71B34E1DFD94}.Debug|x86.ActiveCfg = Debug|Any CPU
		{A5D84308-1B5C-41E7-ADB8-71B34E1DFD94}.Debug|x86.Build.0 = Debug|Any CPU
		{A5D84308-1B5C-41E7-ADB8-71B34E1DFD94}.Release|Any CPU.ActiveCfg = Release|Any CPU
		{A5D84308-1B5C-41E7-ADB8-71B34E1DFD94}.Release|Any CPU.Build.0 = Release|Any CPU
		{A5D84308-1B5C-41E7-ADB8-71B34E1DFD94}.Release|x64.ActiveCfg = Release|Any CPU
		{A5D84308-1B5C-41E7-ADB8-71B34E1DFD94}.Release|x64.Build.0 = Release|Any CPU
		{A5D84308-1B5C-41E7-ADB8-71B34E1DFD94}.Release|x86.ActiveCfg = Release|Any CPU
		{A5D84308-1B5C-41E7-ADB8-71B34E1DFD94}.Release|x86.Build.0 = Release|Any CPU
		{9C1796FE-BC1F-4857-81A3-F2B5B22C2E71}.Debug|Any CPU.ActiveCfg = Debug|Any CPU
		{9C1796FE-BC1F-4857-81A3-F2B5B22C2E71}.Debug|Any CPU.Build.0 = Debug|Any CPU
		{9C1796FE-BC1F-4857-81A3-F2B5B22C2E71}.Debug|x64.ActiveCfg = Debug|Any CPU
		{9C1796FE-BC1F-4857-81A3-F2B5B22C2E71}.Debug|x64.Build.0 = Debug|Any CPU
		{9C1796FE-BC1F-4857-81A3-F2B5B22C2E71}.Debug|x86.ActiveCfg = Debug|Any CPU
		{9C1796FE-BC1F-4857-81A3-F2B5B22C2E71}.Debug|x86.Build.0 = Debug|Any CPU
		{9C1796FE-BC1F-4857-81A3-F2B5B22C2E71}.Release|Any CPU.ActiveCfg = Release|Any CPU
		{9C1796FE-BC1F-4857-81A3-F2B5B22C2E71}.Release|Any CPU.Build.0 = Release|Any CPU
		{9C1796FE-BC1F-4857-81A3-F2B5B22C2E71}.Release|x64.ActiveCfg = Release|Any CPU
		{9C1796FE-BC1F-4857-81A3-F2B5B22C2E71}.Release|x64.Build.0 = Release|Any CPU
		{9C1796FE-BC1F-4857-81A3-F2B5B22C2E71}.Release|x86.ActiveCfg = Release|Any CPU
		{9C1796FE-BC1F-4857-81A3-F2B5B22C2E71}.Release|x86.Build.0 = Release|Any CPU
	EndGlobalSection
	GlobalSection(SolutionProperties) = preSolution
		HideSolutionNode = FALSE
	EndGlobalSection
	GlobalSection(NestedProjects) = preSolution
		{426C3994-6E6E-42CB-B27E-180002C15A7F} = {827E0CD3-B72D-47B6-A68D-7590B98EB39B}
		{9170EFB6-7C51-4579-B87E-0ACAC3415DC6} = {827E0CD3-B72D-47B6-A68D-7590B98EB39B}
		{2748B003-217B-44B0-A32A-73E17AAD44FD} = {827E0CD3-B72D-47B6-A68D-7590B98EB39B}
		{A5D84308-1B5C-41E7-ADB8-71B34E1DFD94} = {827E0CD3-B72D-47B6-A68D-7590B98EB39B}
		{CEA09484-30F6-4D44-02F6-822E06DBC57C} = {827E0CD3-B72D-47B6-A68D-7590B98EB39B}
		{9C1796FE-BC1F-4857-81A3-F2B5B22C2E71} = {CEA09484-30F6-4D44-02F6-822E06DBC57C}
	EndGlobalSection
EndGlobal
