
Microsoft Visual Studio Solution File, Format Version 12.00
# Visual Studio Version 17
VisualStudioVersion = 17.0.31903.59
MinimumVisualStudioVersion = 10.0.40219.1
Project("{2150E333-8FDC-42A3-9474-1A3956D46DE8}") = "Defender.BudgetTracker", "Defender.BudgetTracker", "{85F7CBF3-EF26-4AC4-22AF-16D15013B88E}"
EndProject
Project("{FAE04EC0-301F-11D3-BF4B-00C04F79EFBC}") = "Application", "Defender.BudgetTracker\src\Application\Application.csproj", "{6D82CFE1-042C-4265-9343-034549B1FD04}"
EndProject
Project("{FAE04EC0-301F-11D3-BF4B-00C04F79EFBC}") = "Domain", "Defender.BudgetTracker\src\Domain\Domain.csproj", "{DC0B5A37-0A42-476D-8EB5-46E893F59310}"
EndProject
Project("{FAE04EC0-301F-11D3-BF4B-00C04F79EFBC}") = "Infrastructure", "Defender.BudgetTracker\src\Infrastructure\Infrastructure.csproj", "{A38FEB3C-A9FB-42A3-831E-154AD218E037}"
EndProject
Project("{FAE04EC0-301F-11D3-BF4B-00C04F79EFBC}") = "Defender.BudgetTracker.Tests", "Defender.BudgetTracker\src\Tests\Defender.BudgetTracker.Tests.csproj", "{74A6599D-FEA3-47B6-8EA5-B2DEB2A9E4A9}"
EndProject
Project("{FAE04EC0-301F-11D3-BF4B-00C04F79EFBC}") = "WebApi", "Defender.BudgetTracker\src\WebApi\WebApi.csproj", "{11D786F6-520E-4B21-8A1A-896D180F79CC}"
EndProject
Project("{2150E333-8FDC-42A3-9474-1A3956D46DE8}") = "Defender.IdentityService", "Defender.IdentityService", "{C8C5DAC2-19D6-1CC4-B55E-3732F248532B}"
EndProject
Project("{FAE04EC0-301F-11D3-BF4B-00C04F79EFBC}") = "Application", "Defender.IdentityService\src\Application\Application.csproj", "{64A897B6-719D-448F-987F-CFBCBC5D736F}"
EndProject
Project("{FAE04EC0-301F-11D3-BF4B-00C04F79EFBC}") = "Domain", "Defender.IdentityService\src\Domain\Domain.csproj", "{952ADEE2-00C4-4F73-84D6-B11D40EF4B1B}"
EndProject
Project("{FAE04EC0-301F-11D3-BF4B-00C04F79EFBC}") = "Infrastructure", "Defender.IdentityService\src\Infrastructure\Infrastructure.csproj", "{8187E78C-B6B3-4923-AE55-B31CEFDEA07C}"
EndProject
Project("{FAE04EC0-301F-11D3-BF4B-00C04F79EFBC}") = "Defender.IdentityService.Tests", "Defender.IdentityService\src\Tests\Defender.IdentityService.Tests.csproj", "{8E4E0102-AFD0-4DE6-86A8-50C7081B4536}"
EndProject
Project("{FAE04EC0-301F-11D3-BF4B-00C04F79EFBC}") = "WebApi", "Defender.IdentityService\src\WebApi\WebApi.csproj", "{93C58BB7-8B55-4605-9758-870FFCCC3DA3}"
EndProject
Project("{2150E333-8FDC-42A3-9474-1A3956D46DE8}") = "Defender.JobSchedulerService", "Defender.JobSchedulerService", "{C09F6456-0B9B-3DB7-F860-4614DEF252DE}"
EndProject
Project("{FAE04EC0-301F-11D3-BF4B-00C04F79EFBC}") = "Application", "Defender.JobSchedulerService\src\Application\Application.csproj", "{8BE104BE-7142-4C81-83FD-1B6014222E31}"
EndProject
Project("{FAE04EC0-301F-11D3-BF4B-00C04F79EFBC}") = "Domain", "Defender.JobSchedulerService\src\Domain\Domain.csproj", "{591D76DB-6698-4992-A41A-B8D286E04D3E}"
EndProject
Project("{FAE04EC0-301F-11D3-BF4B-00C04F79EFBC}") = "Infrastructure", "Defender.JobSchedulerService\src\Infrastructure\Infrastructure.csproj", "{1FA1985E-EC88-4307-B993-253D8D4D0511}"
EndProject
Project("{FAE04EC0-301F-11D3-BF4B-00C04F79EFBC}") = "Defender.JobSchedulerService.Tests", "Defender.JobSchedulerService\src\Tests\Defender.JobSchedulerService.Tests.csproj", "{948FA4D9-7414-43E0-841D-7C2C189FF684}"
EndProject
Project("{FAE04EC0-301F-11D3-BF4B-00C04F79EFBC}") = "WebApi", "Defender.JobSchedulerService\src\WebApi\WebApi.csproj", "{C44570AA-265D-4853-85F7-31EBAB7834E3}"
EndProject
Project("{2150E333-8FDC-42A3-9474-1A3956D46DE8}") = "Defender.NotificationService", "Defender.NotificationService", "{03CCC7DC-32FE-5D17-CECD-CBFC96260A88}"
EndProject
Project("{FAE04EC0-301F-11D3-BF4B-00C04F79EFBC}") = "Application", "Defender.NotificationService\src\Application\Application.csproj", "{332CAFA6-DC38-49A3-9020-2C76BF40C92A}"
EndProject
Project("{FAE04EC0-301F-11D3-BF4B-00C04F79EFBC}") = "Domain", "Defender.NotificationService\src\Domain\Domain.csproj", "{A6D90F93-CC4B-4770-8146-15131D73A742}"
EndProject
Project("{FAE04EC0-301F-11D3-BF4B-00C04F79EFBC}") = "Infrastructure", "Defender.NotificationService\src\Infrastructure\Infrastructure.csproj", "{E5BBC354-6CD7-4105-9449-4EB44404406C}"
EndProject
Project("{FAE04EC0-301F-11D3-BF4B-00C04F79EFBC}") = "Defender.NotificationService.Tests", "Defender.NotificationService\src\Tests\Defender.NotificationService.Tests.csproj", "{80813F9F-1479-4354-A27C-D2412D1173C3}"
EndProject
Project("{FAE04EC0-301F-11D3-BF4B-00C04F79EFBC}") = "WebApi", "Defender.NotificationService\src\WebApi\WebApi.csproj", "{5B5F3013-2D70-4497-A7FB-C08AAD4E9774}"
EndProject
Project("{2150E333-8FDC-42A3-9474-1A3956D46DE8}") = "Defender.PersonalFoodAdviser", "Defender.PersonalFoodAdviser", "{CF2E20A4-4434-BC58-957C-20692CC225B4}"
EndProject
Project("{FAE04EC0-301F-11D3-BF4B-00C04F79EFBC}") = "Application", "Defender.PersonalFoodAdviser\src\Application\Application.csproj", "{5E0C4249-17D5-4D62-9993-E2C5391B0ADC}"
EndProject
Project("{FAE04EC0-301F-11D3-BF4B-00C04F79EFBC}") = "Domain", "Defender.PersonalFoodAdviser\src\Domain\Domain.csproj", "{9B195DF3-7FC4-4BD2-B353-161A103D526C}"
EndProject
Project("{FAE04EC0-301F-11D3-BF4B-00C04F79EFBC}") = "Infrastructure", "Defender.PersonalFoodAdviser\src\Infrastructure\Infrastructure.csproj", "{84E91061-A8E3-4699-A4B4-A4798E871D01}"
EndProject
Project("{FAE04EC0-301F-11D3-BF4B-00C04F79EFBC}") = "Defender.PersonalFoodAdviser.Tests", "Defender.PersonalFoodAdviser\src\Tests\Defender.PersonalFoodAdviser.Tests.csproj", "{EBC1D441-50B7-4D98-A4FF-C4C22CA9A95F}"
EndProject
Project("{FAE04EC0-301F-11D3-BF4B-00C04F79EFBC}") = "WebApi", "Defender.PersonalFoodAdviser\src\WebApi\WebApi.csproj", "{8BD12554-04D1-4F38-BED1-F4B834531BE7}"
EndProject
Project("{2150E333-8FDC-42A3-9474-1A3956D46DE8}") = "Defender.Portal", "Defender.Portal", "{78AC0782-8D79-803C-7557-0626E0D01D92}"
EndProject
Project("{FAE04EC0-301F-11D3-BF4B-00C04F79EFBC}") = "Application", "Defender.Portal\src\Application\Application.csproj", "{1123F514-7BEC-49BB-9583-64CF3F33814E}"
EndProject
Project("{FAE04EC0-301F-11D3-BF4B-00C04F79EFBC}") = "Domain", "Defender.Portal\src\Domain\Domain.csproj", "{1EA2474D-0CD4-4F21-BF03-CE2338A80E0C}"
EndProject
Project("{FAE04EC0-301F-11D3-BF4B-00C04F79EFBC}") = "Infrastructure", "Defender.Portal\src\Infrastructure\Infrastructure.csproj", "{3FF375DD-691F-4DAD-9B7B-63C055BBF957}"
EndProject
Project("{FAE04EC0-301F-11D3-BF4B-00C04F79EFBC}") = "Defender.Portal.Tests", "Defender.Portal\src\Tests\Defender.Portal.Tests.csproj", "{886E0CFE-0BD8-49A4-985E-43261AC40E9D}"
EndProject
Project("{FAE04EC0-301F-11D3-BF4B-00C04F79EFBC}") = "WebUI", "Defender.Portal\src\WebUI\WebUI.csproj", "{626D3010-25C7-43A4-BB9A-B6C0909960D1}"
EndProject
Project("{2150E333-8FDC-42A3-9474-1A3956D46DE8}") = "Defender.RiskGamesService", "Defender.RiskGamesService", "{45EE3C78-BE9F-467D-2FE2-0A845B33D93D}"
EndProject
Project("{FAE04EC0-301F-11D3-BF4B-00C04F79EFBC}") = "Application", "Defender.RiskGamesService\src\Application\Application.csproj", "{76E734E6-EFB3-492D-B7E1-9511CBFC45A7}"
EndProject
Project("{FAE04EC0-301F-11D3-BF4B-00C04F79EFBC}") = "Common", "Defender.RiskGamesService\src\Common\Common.csproj", "{3DE01C54-1928-4D73-A953-2D3D08713003}"
EndProject
Project("{FAE04EC0-301F-11D3-BF4B-00C04F79EFBC}") = "Domain", "Defender.RiskGamesService\src\Domain\Domain.csproj", "{2445614C-D8D1-43B5-B2F4-CEAEE175E105}"
EndProject
Project("{FAE04EC0-301F-11D3-BF4B-00C04F79EFBC}") = "Infrastructure", "Defender.RiskGamesService\src\Infrastructure\Infrastructure.csproj", "{15C15203-17AC-48F7-B95F-FF9C8F4543B2}"
EndProject
Project("{FAE04EC0-301F-11D3-BF4B-00C04F79EFBC}") = "Defender.RiskGamesService.Tests", "Defender.RiskGamesService\src\Tests\Defender.RiskGamesService.Tests.csproj", "{D11DF5A1-272A-49E9-B35F-85628EEA50D0}"
EndProject
Project("{FAE04EC0-301F-11D3-BF4B-00C04F79EFBC}") = "WebApi", "Defender.RiskGamesService\src\WebApi\WebApi.csproj", "{EC9B17D7-BE2B-40F9-8495-E307A24B239A}"
EndProject
Project("{2150E333-8FDC-42A3-9474-1A3956D46DE8}") = "Defender.UserManagementService", "Defender.UserManagementService", "{C5669A2C-8E26-7102-6FA8-FEA31A489191}"
EndProject
Project("{FAE04EC0-301F-11D3-BF4B-00C04F79EFBC}") = "Application", "Defender.UserManagementService\src\Application\Application.csproj", "{EAF8C366-0167-483A-8E25-EB17E8C2E715}"
EndProject
Project("{FAE04EC0-301F-11D3-BF4B-00C04F79EFBC}") = "Domain", "Defender.UserManagementService\src\Domain\Domain.csproj", "{1C370796-2E64-4545-A045-9AD94299DAA4}"
EndProject
Project("{FAE04EC0-301F-11D3-BF4B-00C04F79EFBC}") = "Infrastructure", "Defender.UserManagementService\src\Infrastructure\Infrastructure.csproj", "{3C5110BE-9ECD-4A5A-A2C7-048E9F9458BB}"
EndProject
Project("{FAE04EC0-301F-11D3-BF4B-00C04F79EFBC}") = "Defender.UserManagementService.Tests", "Defender.UserManagementService\src\Tests\Defender.UserManagementService.Tests.csproj", "{B966B8A2-B6A5-444F-BF67-C449E2905D97}"
EndProject
Project("{FAE04EC0-301F-11D3-BF4B-00C04F79EFBC}") = "WebApi", "Defender.UserManagementService\src\WebApi\WebApi.csproj", "{0B8063D0-F512-471D-B318-59F20468FA37}"
EndProject
Project("{2150E333-8FDC-42A3-9474-1A3956D46DE8}") = "Defender.WalletService", "Defender.WalletService", "{8AA4D357-CA7A-9C9E-7ABE-1F531872A85D}"
EndProject
Project("{FAE04EC0-301F-11D3-BF4B-00C04F79EFBC}") = "Application", "Defender.WalletService\src\Application\Application.csproj", "{5A48CD12-EF50-4B99-A350-E1F4C2B0062D}"
EndProject
Project("{FAE04EC0-301F-11D3-BF4B-00C04F79EFBC}") = "Common", "Defender.WalletService\src\Common\Common.csproj", "{8F16076D-7DFE-4CF5-BAA5-5CC85101D932}"
EndProject
Project("{FAE04EC0-301F-11D3-BF4B-00C04F79EFBC}") = "Domain", "Defender.WalletService\src\Domain\Domain.csproj", "{44E63F35-0295-4853-9D0E-5B0B09D73232}"
EndProject
Project("{FAE04EC0-301F-11D3-BF4B-00C04F79EFBC}") = "Infrastructure", "Defender.WalletService\src\Infrastructure\Infrastructure.csproj", "{91C70E1B-664E-437D-8FD7-5C574D01FE0D}"
EndProject
Project("{FAE04EC0-301F-11D3-BF4B-00C04F79EFBC}") = "Defender.WalletService.Tests", "Defender.WalletService\src\Tests\Defender.WalletService.Tests.csproj", "{D6B28F88-FF18-43F5-B00D-CB158E140091}"
EndProject
Project("{FAE04EC0-301F-11D3-BF4B-00C04F79EFBC}") = "WebApi", "Defender.WalletService\src\WebApi\WebApi.csproj", "{2F76548D-A393-4FE1-A5E7-A69DD8989632}"
EndProject
Project("{2150E333-8FDC-42A3-9474-1A3956D46DE8}") = "Libraries", "Libraries", "{F2E35B3E-9711-EDEC-6202-DB40BDEED14A}"
EndProject
Project("{2150E333-8FDC-42A3-9474-1A3956D46DE8}") = "Defender.Common", "Defender.Common", "{C26CCF14-F2D3-981E-873D-75A0BD707A5A}"
EndProject
Project("{FAE04EC0-301F-11D3-BF4B-00C04F79EFBC}") = "Defender.Common", "Defender.Common\src\Defender.Common\Defender.Common.csproj", "{5B02D6DF-BC64-4A49-B7EF-4B09CEC6C32E}"
EndProject
Project("{FAE04EC0-301F-11D3-BF4B-00C04F79EFBC}") = "Defender.Common.Tests", "Defender.Common\src\Tests\Defender.Common.Tests.csproj", "{4A6DBC93-9937-4E2F-9829-172544194213}"
EndProject
Project("{2150E333-8FDC-42A3-9474-1A3956D46DE8}") = "Defender.DistributedCache", "Defender.DistributedCache", "{8CF52549-CAF2-3FE9-D387-B19BC1ABF6CE}"
EndProject
Project("{FAE04EC0-301F-11D3-BF4B-00C04F79EFBC}") = "Defender.DistributedCache", "Defender.DistributedCache\src\Defender.DistributedCache\Defender.DistributedCache.csproj", "{04109272-F5F1-4A54-91CC-7A9C6EDF2AB3}"
EndProject
Project("{FAE04EC0-301F-11D3-BF4B-00C04F79EFBC}") = "Defender.DistributedCacheTestWebApi", "Defender.DistributedCache\src\Defender.DistributedCacheTestWebApi\Defender.DistributedCacheTestWebApi.csproj", "{54BEBA20-3472-441D-8AF7-F89C28D65653}"
EndProject
Project("{FAE04EC0-301F-11D3-BF4B-00C04F79EFBC}") = "Defender.DistributedCache.Tests", "Defender.DistributedCache\src\Tests\Defender.DistributedCache.Tests.csproj", "{4CF38B43-D271-45F3-82E0-39090200B50B}"
EndProject
Project("{2150E333-8FDC-42A3-9474-1A3956D46DE8}") = "Defender.Kafka", "Defender.Kafka", "{65F57DB5-8BF3-EABC-59F4-DC3A5D6CD6D7}"
EndProject
Project("{FAE04EC0-301F-11D3-BF4B-00C04F79EFBC}") = "Defender.Kafka", "Defender.Kafka\src\Defender.Kafka\Defender.Kafka.csproj", "{86555672-FC04-4AD0-992C-C1676F44C2A2}"
EndProject
Project("{FAE04EC0-301F-11D3-BF4B-00C04F79EFBC}") = "Defender.Kafka.Tests", "Defender.Kafka\src\Tests\Defender.Kafka.Tests.csproj", "{BE2A49F3-F898-448D-B0EB-B70C11A92A74}"
EndProject
Global
	GlobalSection(SolutionConfigurationPlatforms) = preSolution
		Debug|Any CPU = Debug|Any CPU
		Debug|x64 = Debug|x64
		Debug|x86 = Debug|x86
		Release|Any CPU = Release|Any CPU
		Release|x64 = Release|x64
		Release|x86 = Release|x86
	EndGlobalSection
	GlobalSection(ProjectConfigurationPlatforms) = postSolution
		{6D82CFE1-042C-4265-9343-034549B1FD04}.Debug|Any CPU.ActiveCfg = Debug|Any CPU
		{6D82CFE1-042C-4265-9343-034549B1FD04}.Debug|Any CPU.Build.0 = Debug|Any CPU
		{6D82CFE1-042C-4265-9343-034549B1FD04}.Debug|x64.ActiveCfg = Debug|Any CPU
		{6D82CFE1-042C-4265-9343-034549B1FD04}.Debug|x64.Build.0 = Debug|Any CPU
		{6D82CFE1-042C-4265-9343-034549B1FD04}.Debug|x86.ActiveCfg = Debug|Any CPU
		{6D82CFE1-042C-4265-9343-034549B1FD04}.Debug|x86.Build.0 = Debug|Any CPU
		{6D82CFE1-042C-4265-9343-034549B1FD04}.Release|Any CPU.ActiveCfg = Release|Any CPU
		{6D82CFE1-042C-4265-9343-034549B1FD04}.Release|Any CPU.Build.0 = Release|Any CPU
		{6D82CFE1-042C-4265-9343-034549B1FD04}.Release|x64.ActiveCfg = Release|Any CPU
		{6D82CFE1-042C-4265-9343-034549B1FD04}.Release|x64.Build.0 = Release|Any CPU
		{6D82CFE1-042C-4265-9343-034549B1FD04}.Release|x86.ActiveCfg = Release|Any CPU
		{6D82CFE1-042C-4265-9343-034549B1FD04}.Release|x86.Build.0 = Release|Any CPU
		{DC0B5A37-0A42-476D-8EB5-46E893F59310}.Debug|Any CPU.ActiveCfg = Debug|Any CPU
		{DC0B5A37-0A42-476D-8EB5-46E893F59310}.Debug|Any CPU.Build.0 = Debug|Any CPU
		{DC0B5A37-0A42-476D-8EB5-46E893F59310}.Debug|x64.ActiveCfg = Debug|Any CPU
		{DC0B5A37-0A42-476D-8EB5-46E893F59310}.Debug|x64.Build.0 = Debug|Any CPU
		{DC0B5A37-0A42-476D-8EB5-46E893F59310}.Debug|x86.ActiveCfg = Debug|Any CPU
		{DC0B5A37-0A42-476D-8EB5-46E893F59310}.Debug|x86.Build.0 = Debug|Any CPU
		{DC0B5A37-0A42-476D-8EB5-46E893F59310}.Release|Any CPU.ActiveCfg = Release|Any CPU
		{DC0B5A37-0A42-476D-8EB5-46E893F59310}.Release|Any CPU.Build.0 = Release|Any CPU
		{DC0B5A37-0A42-476D-8EB5-46E893F59310}.Release|x64.ActiveCfg = Release|Any CPU
		{DC0B5A37-0A42-476D-8EB5-46E893F59310}.Release|x64.Build.0 = Release|Any CPU
		{DC0B5A37-0A42-476D-8EB5-46E893F59310}.Release|x86.ActiveCfg = Release|Any CPU
		{DC0B5A37-0A42-476D-8EB5-46E893F59310}.Release|x86.Build.0 = Release|Any CPU
		{A38FEB3C-A9FB-42A3-831E-154AD218E037}.Debug|Any CPU.ActiveCfg = Debug|Any CPU
		{A38FEB3C-A9FB-42A3-831E-154AD218E037}.Debug|Any CPU.Build.0 = Debug|Any CPU
		{A38FEB3C-A9FB-42A3-831E-154AD218E037}.Debug|x64.ActiveCfg = Debug|Any CPU
		{A38FEB3C-A9FB-42A3-831E-154AD218E037}.Debug|x64.Build.0 = Debug|Any CPU
		{A38FEB3C-A9FB-42A3-831E-154AD218E037}.Debug|x86.ActiveCfg = Debug|Any CPU
		{A38FEB3C-A9FB-42A3-831E-154AD218E037}.Debug|x86.Build.0 = Debug|Any CPU
		{A38FEB3C-A9FB-42A3-831E-154AD218E037}.Release|Any CPU.ActiveCfg = Release|Any CPU
		{A38FEB3C-A9FB-42A3-831E-154AD218E037}.Release|Any CPU.Build.0 = Release|Any CPU
		{A38FEB3C-A9FB-42A3-831E-154AD218E037}.Release|x64.ActiveCfg = Release|Any CPU
		{A38FEB3C-A9FB-42A3-831E-154AD218E037}.Release|x64.Build.0 = Release|Any CPU
		{A38FEB3C-A9FB-42A3-831E-154AD218E037}.Release|x86.ActiveCfg = Release|Any CPU
		{A38FEB3C-A9FB-42A3-831E-154AD218E037}.Release|x86.Build.0 = Release|Any CPU
		{74A6599D-FEA3-47B6-8EA5-B2DEB2A9E4A9}.Debug|Any CPU.ActiveCfg = Debug|Any CPU
		{74A6599D-FEA3-47B6-8EA5-B2DEB2A9E4A9}.Debug|Any CPU.Build.0 = Debug|Any CPU
		{74A6599D-FEA3-47B6-8EA5-B2DEB2A9E4A9}.Debug|x64.ActiveCfg = Debug|Any CPU
		{74A6599D-FEA3-47B6-8EA5-B2DEB2A9E4A9}.Debug|x64.Build.0 = Debug|Any CPU
		{74A6599D-FEA3-47B6-8EA5-B2DEB2A9E4A9}.Debug|x86.ActiveCfg = Debug|Any CPU
		{74A6599D-FEA3-47B6-8EA5-B2DEB2A9E4A9}.Debug|x86.Build.0 = Debug|Any CPU
		{74A6599D-FEA3-47B6-8EA5-B2DEB2A9E4A9}.Release|Any CPU.ActiveCfg = Release|Any CPU
		{74A6599D-FEA3-47B6-8EA5-B2DEB2A9E4A9}.Release|Any CPU.Build.0 = Release|Any CPU
		{74A6599D-FEA3-47B6-8EA5-B2DEB2A9E4A9}.Release|x64.ActiveCfg = Release|Any CPU
		{74A6599D-FEA3-47B6-8EA5-B2DEB2A9E4A9}.Release|x64.Build.0 = Release|Any CPU
		{74A6599D-FEA3-47B6-8EA5-B2DEB2A9E4A9}.Release|x86.ActiveCfg = Release|Any CPU
		{74A6599D-FEA3-47B6-8EA5-B2DEB2A9E4A9}.Release|x86.Build.0 = Release|Any CPU
		{11D786F6-520E-4B21-8A1A-896D180F79CC}.Debug|Any CPU.ActiveCfg = Debug|Any CPU
		{11D786F6-520E-4B21-8A1A-896D180F79CC}.Debug|Any CPU.Build.0 = Debug|Any CPU
		{11D786F6-520E-4B21-8A1A-896D180F79CC}.Debug|x64.ActiveCfg = Debug|Any CPU
		{11D786F6-520E-4B21-8A1A-896D180F79CC}.Debug|x64.Build.0 = Debug|Any CPU
		{11D786F6-520E-4B21-8A1A-896D180F79CC}.Debug|x86.ActiveCfg = Debug|Any CPU
		{11D786F6-520E-4B21-8A1A-896D180F79CC}.Debug|x86.Build.0 = Debug|Any CPU
		{11D786F6-520E-4B21-8A1A-896D180F79CC}.Release|Any CPU.ActiveCfg = Release|Any CPU
		{11D786F6-520E-4B21-8A1A-896D180F79CC}.Release|Any CPU.Build.0 = Release|Any CPU
		{11D786F6-520E-4B21-8A1A-896D180F79CC}.Release|x64.ActiveCfg = Release|Any CPU
		{11D786F6-520E-4B21-8A1A-896D180F79CC}.Release|x64.Build.0 = Release|Any CPU
		{11D786F6-520E-4B21-8A1A-896D180F79CC}.Release|x86.ActiveCfg = Release|Any CPU
		{11D786F6-520E-4B21-8A1A-896D180F79CC}.Release|x86.Build.0 = Release|Any CPU
		{64A897B6-719D-448F-987F-CFBCBC5D736F}.Debug|Any CPU.ActiveCfg = Debug|Any CPU
		{64A897B6-719D-448F-987F-CFBCBC5D736F}.Debug|Any CPU.Build.0 = Debug|Any CPU
		{64A897B6-719D-448F-987F-CFBCBC5D736F}.Debug|x64.ActiveCfg = Debug|Any CPU
		{64A897B6-719D-448F-987F-CFBCBC5D736F}.Debug|x64.Build.0 = Debug|Any CPU
		{64A897B6-719D-448F-987F-CFBCBC5D736F}.Debug|x86.ActiveCfg = Debug|Any CPU
		{64A897B6-719D-448F-987F-CFBCBC5D736F}.Debug|x86.Build.0 = Debug|Any CPU
		{64A897B6-719D-448F-987F-CFBCBC5D736F}.Release|Any CPU.ActiveCfg = Release|Any CPU
		{64A897B6-719D-448F-987F-CFBCBC5D736F}.Release|Any CPU.Build.0 = Release|Any CPU
		{64A897B6-719D-448F-987F-CFBCBC5D736F}.Release|x64.ActiveCfg = Release|Any CPU
		{64A897B6-719D-448F-987F-CFBCBC5D736F}.Release|x64.Build.0 = Release|Any CPU
		{64A897B6-719D-448F-987F-CFBCBC5D736F}.Release|x86.ActiveCfg = Release|Any CPU
		{64A897B6-719D-448F-987F-CFBCBC5D736F}.Release|x86.Build.0 = Release|Any CPU
		{952ADEE2-00C4-4F73-84D6-B11D40EF4B1B}.Debug|Any CPU.ActiveCfg = Debug|Any CPU
		{952ADEE2-00C4-4F73-84D6-B11D40EF4B1B}.Debug|Any CPU.Build.0 = Debug|Any CPU
		{952ADEE2-00C4-4F73-84D6-B11D40EF4B1B}.Debug|x64.ActiveCfg = Debug|Any CPU
		{952ADEE2-00C4-4F73-84D6-B11D40EF4B1B}.Debug|x64.Build.0 = Debug|Any CPU
		{952ADEE2-00C4-4F73-84D6-B11D40EF4B1B}.Debug|x86.ActiveCfg = Debug|Any CPU
		{952ADEE2-00C4-4F73-84D6-B11D40EF4B1B}.Debug|x86.Build.0 = Debug|Any CPU
		{952ADEE2-00C4-4F73-84D6-B11D40EF4B1B}.Release|Any CPU.ActiveCfg = Release|Any CPU
		{952ADEE2-00C4-4F73-84D6-B11D40EF4B1B}.Release|Any CPU.Build.0 = Release|Any CPU
		{952ADEE2-00C4-4F73-84D6-B11D40EF4B1B}.Release|x64.ActiveCfg = Release|Any CPU
		{952ADEE2-00C4-4F73-84D6-B11D40EF4B1B}.Release|x64.Build.0 = Release|Any CPU
		{952ADEE2-00C4-4F73-84D6-B11D40EF4B1B}.Release|x86.ActiveCfg = Release|Any CPU
		{952ADEE2-00C4-4F73-84D6-B11D40EF4B1B}.Release|x86.Build.0 = Release|Any CPU
		{8187E78C-B6B3-4923-AE55-B31CEFDEA07C}.Debug|Any CPU.ActiveCfg = Debug|Any CPU
		{8187E78C-B6B3-4923-AE55-B31CEFDEA07C}.Debug|Any CPU.Build.0 = Debug|Any CPU
		{8187E78C-B6B3-4923-AE55-B31CEFDEA07C}.Debug|x64.ActiveCfg = Debug|Any CPU
		{8187E78C-B6B3-4923-AE55-B31CEFDEA07C}.Debug|x64.Build.0 = Debug|Any CPU
		{8187E78C-B6B3-4923-AE55-B31CEFDEA07C}.Debug|x86.ActiveCfg = Debug|Any CPU
		{8187E78C-B6B3-4923-AE55-B31CEFDEA07C}.Debug|x86.Build.0 = Debug|Any CPU
		{8187E78C-B6B3-4923-AE55-B31CEFDEA07C}.Release|Any CPU.ActiveCfg = Release|Any CPU
		{8187E78C-B6B3-4923-AE55-B31CEFDEA07C}.Release|Any CPU.Build.0 = Release|Any CPU
		{8187E78C-B6B3-4923-AE55-B31CEFDEA07C}.Release|x64.ActiveCfg = Release|Any CPU
		{8187E78C-B6B3-4923-AE55-B31CEFDEA07C}.Release|x64.Build.0 = Release|Any CPU
		{8187E78C-B6B3-4923-AE55-B31CEFDEA07C}.Release|x86.ActiveCfg = Release|Any CPU
		{8187E78C-B6B3-4923-AE55-B31CEFDEA07C}.Release|x86.Build.0 = Release|Any CPU
		{8E4E0102-AFD0-4DE6-86A8-50C7081B4536}.Debug|Any CPU.ActiveCfg = Debug|Any CPU
		{8E4E0102-AFD0-4DE6-86A8-50C7081B4536}.Debug|Any CPU.Build.0 = Debug|Any CPU
		{8E4E0102-AFD0-4DE6-86A8-50C7081B4536}.Debug|x64.ActiveCfg = Debug|Any CPU
		{8E4E0102-AFD0-4DE6-86A8-50C7081B4536}.Debug|x64.Build.0 = Debug|Any CPU
		{8E4E0102-AFD0-4DE6-86A8-50C7081B4536}.Debug|x86.ActiveCfg = Debug|Any CPU
		{8E4E0102-AFD0-4DE6-86A8-50C7081B4536}.Debug|x86.Build.0 = Debug|Any CPU
		{8E4E0102-AFD0-4DE6-86A8-50C7081B4536}.Release|Any CPU.ActiveCfg = Release|Any CPU
		{8E4E0102-AFD0-4DE6-86A8-50C7081B4536}.Release|Any CPU.Build.0 = Release|Any CPU
		{8E4E0102-AFD0-4DE6-86A8-50C7081B4536}.Release|x64.ActiveCfg = Release|Any CPU
		{8E4E0102-AFD0-4DE6-86A8-50C7081B4536}.Release|x64.Build.0 = Release|Any CPU
		{8E4E0102-AFD0-4DE6-86A8-50C7081B4536}.Release|x86.ActiveCfg = Release|Any CPU
		{8E4E0102-AFD0-4DE6-86A8-50C7081B4536}.Release|x86.Build.0 = Release|Any CPU
		{93C58BB7-8B55-4605-9758-870FFCCC3DA3}.Debug|Any CPU.ActiveCfg = Debug|Any CPU
		{93C58BB7-8B55-4605-9758-870FFCCC3DA3}.Debug|Any CPU.Build.0 = Debug|Any CPU
		{93C58BB7-8B55-4605-9758-870FFCCC3DA3}.Debug|x64.ActiveCfg = Debug|Any CPU
		{93C58BB7-8B55-4605-9758-870FFCCC3DA3}.Debug|x64.Build.0 = Debug|Any CPU
		{93C58BB7-8B55-4605-9758-870FFCCC3DA3}.Debug|x86.ActiveCfg = Debug|Any CPU
		{93C58BB7-8B55-4605-9758-870FFCCC3DA3}.Debug|x86.Build.0 = Debug|Any CPU
		{93C58BB7-8B55-4605-9758-870FFCCC3DA3}.Release|Any CPU.ActiveCfg = Release|Any CPU
		{93C58BB7-8B55-4605-9758-870FFCCC3DA3}.Release|Any CPU.Build.0 = Release|Any CPU
		{93C58BB7-8B55-4605-9758-870FFCCC3DA3}.Release|x64.ActiveCfg = Release|Any CPU
		{93C58BB7-8B55-4605-9758-870FFCCC3DA3}.Release|x64.Build.0 = Release|Any CPU
		{93C58BB7-8B55-4605-9758-870FFCCC3DA3}.Release|x86.ActiveCfg = Release|Any CPU
		{93C58BB7-8B55-4605-9758-870FFCCC3DA3}.Release|x86.Build.0 = Release|Any CPU
		{8BE104BE-7142-4C81-83FD-1B6014222E31}.Debug|Any CPU.ActiveCfg = Debug|Any CPU
		{8BE104BE-7142-4C81-83FD-1B6014222E31}.Debug|Any CPU.Build.0 = Debug|Any CPU
		{8BE104BE-7142-4C81-83FD-1B6014222E31}.Debug|x64.ActiveCfg = Debug|Any CPU
		{8BE104BE-7142-4C81-83FD-1B6014222E31}.Debug|x64.Build.0 = Debug|Any CPU
		{8BE104BE-7142-4C81-83FD-1B6014222E31}.Debug|x86.ActiveCfg = Debug|Any CPU
		{8BE104BE-7142-4C81-83FD-1B6014222E31}.Debug|x86.Build.0 = Debug|Any CPU
		{8BE104BE-7142-4C81-83FD-1B6014222E31}.Release|Any CPU.ActiveCfg = Release|Any CPU
		{8BE104BE-7142-4C81-83FD-1B6014222E31}.Release|Any CPU.Build.0 = Release|Any CPU
		{8BE104BE-7142-4C81-83FD-1B6014222E31}.Release|x64.ActiveCfg = Release|Any CPU
		{8BE104BE-7142-4C81-83FD-1B6014222E31}.Release|x64.Build.0 = Release|Any CPU
		{8BE104BE-7142-4C81-83FD-1B6014222E31}.Release|x86.ActiveCfg = Release|Any CPU
		{8BE104BE-7142-4C81-83FD-1B6014222E31}.Release|x86.Build.0 = Release|Any CPU
		{591D76DB-6698-4992-A41A-B8D286E04D3E}.Debug|Any CPU.ActiveCfg = Debug|Any CPU
		{591D76DB-6698-4992-A41A-B8D286E04D3E}.Debug|Any CPU.Build.0 = Debug|Any CPU
		{591D76DB-6698-4992-A41A-B8D286E04D3E}.Debug|x64.ActiveCfg = Debug|Any CPU
		{591D76DB-6698-4992-A41A-B8D286E04D3E}.Debug|x64.Build.0 = Debug|Any CPU
		{591D76DB-6698-4992-A41A-B8D286E04D3E}.Debug|x86.ActiveCfg = Debug|Any CPU
		{591D76DB-6698-4992-A41A-B8D286E04D3E}.Debug|x86.Build.0 = Debug|Any CPU
		{591D76DB-6698-4992-A41A-B8D286E04D3E}.Release|Any CPU.ActiveCfg = Release|Any CPU
		{591D76DB-6698-4992-A41A-B8D286E04D3E}.Release|Any CPU.Build.0 = Release|Any CPU
		{591D76DB-6698-4992-A41A-B8D286E04D3E}.Release|x64.ActiveCfg = Release|Any CPU
		{591D76DB-6698-4992-A41A-B8D286E04D3E}.Release|x64.Build.0 = Release|Any CPU
		{591D76DB-6698-4992-A41A-B8D286E04D3E}.Release|x86.ActiveCfg = Release|Any CPU
		{591D76DB-6698-4992-A41A-B8D286E04D3E}.Release|x86.Build.0 = Release|Any CPU
		{1FA1985E-EC88-4307-B993-253D8D4D0511}.Debug|Any CPU.ActiveCfg = Debug|Any CPU
		{1FA1985E-EC88-4307-B993-253D8D4D0511}.Debug|Any CPU.Build.0 = Debug|Any CPU
		{1FA1985E-EC88-4307-B993-253D8D4D0511}.Debug|x64.ActiveCfg = Debug|Any CPU
		{1FA1985E-EC88-4307-B993-253D8D4D0511}.Debug|x64.Build.0 = Debug|Any CPU
		{1FA1985E-EC88-4307-B993-253D8D4D0511}.Debug|x86.ActiveCfg = Debug|Any CPU
		{1FA1985E-EC88-4307-B993-253D8D4D0511}.Debug|x86.Build.0 = Debug|Any CPU
		{1FA1985E-EC88-4307-B993-253D8D4D0511}.Release|Any CPU.ActiveCfg = Release|Any CPU
		{1FA1985E-EC88-4307-B993-253D8D4D0511}.Release|Any CPU.Build.0 = Release|Any CPU
		{1FA1985E-EC88-4307-B993-253D8D4D0511}.Release|x64.ActiveCfg = Release|Any CPU
		{1FA1985E-EC88-4307-B993-253D8D4D0511}.Release|x64.Build.0 = Release|Any CPU
		{1FA1985E-EC88-4307-B993-253D8D4D0511}.Release|x86.ActiveCfg = Release|Any CPU
		{1FA1985E-EC88-4307-B993-253D8D4D0511}.Release|x86.Build.0 = Release|Any CPU
		{948FA4D9-7414-43E0-841D-7C2C189FF684}.Debug|Any CPU.ActiveCfg = Debug|Any CPU
		{948FA4D9-7414-43E0-841D-7C2C189FF684}.Debug|Any CPU.Build.0 = Debug|Any CPU
		{948FA4D9-7414-43E0-841D-7C2C189FF684}.Debug|x64.ActiveCfg = Debug|Any CPU
		{948FA4D9-7414-43E0-841D-7C2C189FF684}.Debug|x64.Build.0 = Debug|Any CPU
		{948FA4D9-7414-43E0-841D-7C2C189FF684}.Debug|x86.ActiveCfg = Debug|Any CPU
		{948FA4D9-7414-43E0-841D-7C2C189FF684}.Debug|x86.Build.0 = Debug|Any CPU
		{948FA4D9-7414-43E0-841D-7C2C189FF684}.Release|Any CPU.ActiveCfg = Release|Any CPU
		{948FA4D9-7414-43E0-841D-7C2C189FF684}.Release|Any CPU.Build.0 = Release|Any CPU
		{948FA4D9-7414-43E0-841D-7C2C189FF684}.Release|x64.ActiveCfg = Release|Any CPU
		{948FA4D9-7414-43E0-841D-7C2C189FF684}.Release|x64.Build.0 = Release|Any CPU
		{948FA4D9-7414-43E0-841D-7C2C189FF684}.Release|x86.ActiveCfg = Release|Any CPU
		{948FA4D9-7414-43E0-841D-7C2C189FF684}.Release|x86.Build.0 = Release|Any CPU
		{C44570AA-265D-4853-85F7-31EBAB7834E3}.Debug|Any CPU.ActiveCfg = Debug|Any CPU
		{C44570AA-265D-4853-85F7-31EBAB7834E3}.Debug|Any CPU.Build.0 = Debug|Any CPU
		{C44570AA-265D-4853-85F7-31EBAB7834E3}.Debug|x64.ActiveCfg = Debug|Any CPU
		{C44570AA-265D-4853-85F7-31EBAB7834E3}.Debug|x64.Build.0 = Debug|Any CPU
		{C44570AA-265D-4853-85F7-31EBAB7834E3}.Debug|x86.ActiveCfg = Debug|Any CPU
		{C44570AA-265D-4853-85F7-31EBAB7834E3}.Debug|x86.Build.0 = Debug|Any CPU
		{C44570AA-265D-4853-85F7-31EBAB7834E3}.Release|Any CPU.ActiveCfg = Release|Any CPU
		{C44570AA-265D-4853-85F7-31EBAB7834E3}.Release|Any CPU.Build.0 = Release|Any CPU
		{C44570AA-265D-4853-85F7-31EBAB7834E3}.Release|x64.ActiveCfg = Release|Any CPU
		{C44570AA-265D-4853-85F7-31EBAB7834E3}.Release|x64.Build.0 = Release|Any CPU
		{C44570AA-265D-4853-85F7-31EBAB7834E3}.Release|x86.ActiveCfg = Release|Any CPU
		{C44570AA-265D-4853-85F7-31EBAB7834E3}.Release|x86.Build.0 = Release|Any CPU
		{332CAFA6-DC38-49A3-9020-2C76BF40C92A}.Debug|Any CPU.ActiveCfg = Debug|Any CPU
		{332CAFA6-DC38-49A3-9020-2C76BF40C92A}.Debug|Any CPU.Build.0 = Debug|Any CPU
		{332CAFA6-DC38-49A3-9020-2C76BF40C92A}.Debug|x64.ActiveCfg = Debug|Any CPU
		{332CAFA6-DC38-49A3-9020-2C76BF40C92A}.Debug|x64.Build.0 = Debug|Any CPU
		{332CAFA6-DC38-49A3-9020-2C76BF40C92A}.Debug|x86.ActiveCfg = Debug|Any CPU
		{332CAFA6-DC38-49A3-9020-2C76BF40C92A}.Debug|x86.Build.0 = Debug|Any CPU
		{332CAFA6-DC38-49A3-9020-2C76BF40C92A}.Release|Any CPU.ActiveCfg = Release|Any CPU
		{332CAFA6-DC38-49A3-9020-2C76BF40C92A}.Release|Any CPU.Build.0 = Release|Any CPU
		{332CAFA6-DC38-49A3-9020-2C76BF40C92A}.Release|x64.ActiveCfg = Release|Any CPU
		{332CAFA6-DC38-49A3-9020-2C76BF40C92A}.Release|x64.Build.0 = Release|Any CPU
		{332CAFA6-DC38-49A3-9020-2C76BF40C92A}.Release|x86.ActiveCfg = Release|Any CPU
		{332CAFA6-DC38-49A3-9020-2C76BF40C92A}.Release|x86.Build.0 = Release|Any CPU
		{A6D90F93-CC4B-4770-8146-15131D73A742}.Debug|Any CPU.ActiveCfg = Debug|Any CPU
		{A6D90F93-CC4B-4770-8146-15131D73A742}.Debug|Any CPU.Build.0 = Debug|Any CPU
		{A6D90F93-CC4B-4770-8146-15131D73A742}.Debug|x64.ActiveCfg = Debug|Any CPU
		{A6D90F93-CC4B-4770-8146-15131D73A742}.Debug|x64.Build.0 = Debug|Any CPU
		{A6D90F93-CC4B-4770-8146-15131D73A742}.Debug|x86.ActiveCfg = Debug|Any CPU
		{A6D90F93-CC4B-4770-8146-15131D73A742}.Debug|x86.Build.0 = Debug|Any CPU
		{A6D90F93-CC4B-4770-8146-15131D73A742}.Release|Any CPU.ActiveCfg = Release|Any CPU
		{A6D90F93-CC4B-4770-8146-15131D73A742}.Release|Any CPU.Build.0 = Release|Any CPU
		{A6D90F93-CC4B-4770-8146-15131D73A742}.Release|x64.ActiveCfg = Release|Any CPU
		{A6D90F93-CC4B-4770-8146-15131D73A742}.Release|x64.Build.0 = Release|Any CPU
		{A6D90F93-CC4B-4770-8146-15131D73A742}.Release|x86.ActiveCfg = Release|Any CPU
		{A6D90F93-CC4B-4770-8146-15131D73A742}.Release|x86.Build.0 = Release|Any CPU
		{E5BBC354-6CD7-4105-9449-4EB44404406C}.Debug|Any CPU.ActiveCfg = Debug|Any CPU
		{E5BBC354-6CD7-4105-9449-4EB44404406C}.Debug|Any CPU.Build.0 = Debug|Any CPU
		{E5BBC354-6CD7-4105-9449-4EB44404406C}.Debug|x64.ActiveCfg = Debug|Any CPU
		{E5BBC354-6CD7-4105-9449-4EB44404406C}.Debug|x64.Build.0 = Debug|Any CPU
		{E5BBC354-6CD7-4105-9449-4EB44404406C}.Debug|x86.ActiveCfg = Debug|Any CPU
		{E5BBC354-6CD7-4105-9449-4EB44404406C}.Debug|x86.Build.0 = Debug|Any CPU
		{E5BBC354-6CD7-4105-9449-4EB44404406C}.Release|Any CPU.ActiveCfg = Release|Any CPU
		{E5BBC354-6CD7-4105-9449-4EB44404406C}.Release|Any CPU.Build.0 = Release|Any CPU
		{E5BBC354-6CD7-4105-9449-4EB44404406C}.Release|x64.ActiveCfg = Release|Any CPU
		{E5BBC354-6CD7-4105-9449-4EB44404406C}.Release|x64.Build.0 = Release|Any CPU
		{E5BBC354-6CD7-4105-9449-4EB44404406C}.Release|x86.ActiveCfg = Release|Any CPU
		{E5BBC354-6CD7-4105-9449-4EB44404406C}.Release|x86.Build.0 = Release|Any CPU
		{80813F9F-1479-4354-A27C-D2412D1173C3}.Debug|Any CPU.ActiveCfg = Debug|Any CPU
		{80813F9F-1479-4354-A27C-D2412D1173C3}.Debug|Any CPU.Build.0 = Debug|Any CPU
		{80813F9F-1479-4354-A27C-D2412D1173C3}.Debug|x64.ActiveCfg = Debug|Any CPU
		{80813F9F-1479-4354-A27C-D2412D1173C3}.Debug|x64.Build.0 = Debug|Any CPU
		{80813F9F-1479-4354-A27C-D2412D1173C3}.Debug|x86.ActiveCfg = Debug|Any CPU
		{80813F9F-1479-4354-A27C-D2412D1173C3}.Debug|x86.Build.0 = Debug|Any CPU
		{80813F9F-1479-4354-A27C-D2412D1173C3}.Release|Any CPU.ActiveCfg = Release|Any CPU
		{80813F9F-1479-4354-A27C-D2412D1173C3}.Release|Any CPU.Build.0 = Release|Any CPU
		{80813F9F-1479-4354-A27C-D2412D1173C3}.Release|x64.ActiveCfg = Release|Any CPU
		{80813F9F-1479-4354-A27C-D2412D1173C3}.Release|x64.Build.0 = Release|Any CPU
		{80813F9F-1479-4354-A27C-D2412D1173C3}.Release|x86.ActiveCfg = Release|Any CPU
		{80813F9F-1479-4354-A27C-D2412D1173C3}.Release|x86.Build.0 = Release|Any CPU
		{5B5F3013-2D70-4497-A7FB-C08AAD4E9774}.Debug|Any CPU.ActiveCfg = Debug|Any CPU
		{5B5F3013-2D70-4497-A7FB-C08AAD4E9774}.Debug|Any CPU.Build.0 = Debug|Any CPU
		{5B5F3013-2D70-4497-A7FB-C08AAD4E9774}.Debug|x64.ActiveCfg = Debug|Any CPU
		{5B5F3013-2D70-4497-A7FB-C08AAD4E9774}.Debug|x64.Build.0 = Debug|Any CPU
		{5B5F3013-2D70-4497-A7FB-C08AAD4E9774}.Debug|x86.ActiveCfg = Debug|Any CPU
		{5B5F3013-2D70-4497-A7FB-C08AAD4E9774}.Debug|x86.Build.0 = Debug|Any CPU
		{5B5F3013-2D70-4497-A7FB-C08AAD4E9774}.Release|Any CPU.ActiveCfg = Release|Any CPU
		{5B5F3013-2D70-4497-A7FB-C08AAD4E9774}.Release|Any CPU.Build.0 = Release|Any CPU
		{5B5F3013-2D70-4497-A7FB-C08AAD4E9774}.Release|x64.ActiveCfg = Release|Any CPU
		{5B5F3013-2D70-4497-A7FB-C08AAD4E9774}.Release|x64.Build.0 = Release|Any CPU
		{5B5F3013-2D70-4497-A7FB-C08AAD4E9774}.Release|x86.ActiveCfg = Release|Any CPU
		{5B5F3013-2D70-4497-A7FB-C08AAD4E9774}.Release|x86.Build.0 = Release|Any CPU
		{5E0C4249-17D5-4D62-9993-E2C5391B0ADC}.Debug|Any CPU.ActiveCfg = Debug|Any CPU
		{5E0C4249-17D5-4D62-9993-E2C5391B0ADC}.Debug|Any CPU.Build.0 = Debug|Any CPU
		{5E0C4249-17D5-4D62-9993-E2C5391B0ADC}.Debug|x64.ActiveCfg = Debug|Any CPU
		{5E0C4249-17D5-4D62-9993-E2C5391B0ADC}.Debug|x64.Build.0 = Debug|Any CPU
		{5E0C4249-17D5-4D62-9993-E2C5391B0ADC}.Debug|x86.ActiveCfg = Debug|Any CPU
		{5E0C4249-17D5-4D62-9993-E2C5391B0ADC}.Debug|x86.Build.0 = Debug|Any CPU
		{5E0C4249-17D5-4D62-9993-E2C5391B0ADC}.Release|Any CPU.ActiveCfg = Release|Any CPU
		{5E0C4249-17D5-4D62-9993-E2C5391B0ADC}.Release|Any CPU.Build.0 = Release|Any CPU
		{5E0C4249-17D5-4D62-9993-E2C5391B0ADC}.Release|x64.ActiveCfg = Release|Any CPU
		{5E0C4249-17D5-4D62-9993-E2C5391B0ADC}.Release|x64.Build.0 = Release|Any CPU
		{5E0C4249-17D5-4D62-9993-E2C5391B0ADC}.Release|x86.ActiveCfg = Release|Any CPU
		{5E0C4249-17D5-4D62-9993-E2C5391B0ADC}.Release|x86.Build.0 = Release|Any CPU
		{9B195DF3-7FC4-4BD2-B353-161A103D526C}.Debug|Any CPU.ActiveCfg = Debug|Any CPU
		{9B195DF3-7FC4-4BD2-B353-161A103D526C}.Debug|Any CPU.Build.0 = Debug|Any CPU
		{9B195DF3-7FC4-4BD2-B353-161A103D526C}.Debug|x64.ActiveCfg = Debug|Any CPU
		{9B195DF3-7FC4-4BD2-B353-161A103D526C}.Debug|x64.Build.0 = Debug|Any CPU
		{9B195DF3-7FC4-4BD2-B353-161A103D526C}.Debug|x86.ActiveCfg = Debug|Any CPU
		{9B195DF3-7FC4-4BD2-B353-161A103D526C}.Debug|x86.Build.0 = Debug|Any CPU
		{9B195DF3-7FC4-4BD2-B353-161A103D526C}.Release|Any CPU.ActiveCfg = Release|Any CPU
		{9B195DF3-7FC4-4BD2-B353-161A103D526C}.Release|Any CPU.Build.0 = Release|Any CPU
		{9B195DF3-7FC4-4BD2-B353-161A103D526C}.Release|x64.ActiveCfg = Release|Any CPU
		{9B195DF3-7FC4-4BD2-B353-161A103D526C}.Release|x64.Build.0 = Release|Any CPU
		{9B195DF3-7FC4-4BD2-B353-161A103D526C}.Release|x86.ActiveCfg = Release|Any CPU
		{9B195DF3-7FC4-4BD2-B353-161A103D526C}.Release|x86.Build.0 = Release|Any CPU
		{84E91061-A8E3-4699-A4B4-A4798E871D01}.Debug|Any CPU.ActiveCfg = Debug|Any CPU
		{84E91061-A8E3-4699-A4B4-A4798E871D01}.Debug|Any CPU.Build.0 = Debug|Any CPU
		{84E91061-A8E3-4699-A4B4-A4798E871D01}.Debug|x64.ActiveCfg = Debug|Any CPU
		{84E91061-A8E3-4699-A4B4-A4798E871D01}.Debug|x64.Build.0 = Debug|Any CPU
		{84E91061-A8E3-4699-A4B4-A4798E871D01}.Debug|x86.ActiveCfg = Debug|Any CPU
		{84E91061-A8E3-4699-A4B4-A4798E871D01}.Debug|x86.Build.0 = Debug|Any CPU
		{84E91061-A8E3-4699-A4B4-A4798E871D01}.Release|Any CPU.ActiveCfg = Release|Any CPU
		{84E91061-A8E3-4699-A4B4-A4798E871D01}.Release|Any CPU.Build.0 = Release|Any CPU
		{84E91061-A8E3-4699-A4B4-A4798E871D01}.Release|x64.ActiveCfg = Release|Any CPU
		{84E91061-A8E3-4699-A4B4-A4798E871D01}.Release|x64.Build.0 = Release|Any CPU
		{84E91061-A8E3-4699-A4B4-A4798E871D01}.Release|x86.ActiveCfg = Release|Any CPU
		{84E91061-A8E3-4699-A4B4-A4798E871D01}.Release|x86.Build.0 = Release|Any CPU
		{EBC1D441-50B7-4D98-A4FF-C4C22CA9A95F}.Debug|Any CPU.ActiveCfg = Debug|Any CPU
		{EBC1D441-50B7-4D98-A4FF-C4C22CA9A95F}.Debug|Any CPU.Build.0 = Debug|Any CPU
		{EBC1D441-50B7-4D98-A4FF-C4C22CA9A95F}.Debug|x64.ActiveCfg = Debug|Any CPU
		{EBC1D441-50B7-4D98-A4FF-C4C22CA9A95F}.Debug|x64.Build.0 = Debug|Any CPU
		{EBC1D441-50B7-4D98-A4FF-C4C22CA9A95F}.Debug|x86.ActiveCfg = Debug|Any CPU
		{EBC1D441-50B7-4D98-A4FF-C4C22CA9A95F}.Debug|x86.Build.0 = Debug|Any CPU
		{EBC1D441-50B7-4D98-A4FF-C4C22CA9A95F}.Release|Any CPU.ActiveCfg = Release|Any CPU
		{EBC1D441-50B7-4D98-A4FF-C4C22CA9A95F}.Release|Any CPU.Build.0 = Release|Any CPU
		{EBC1D441-50B7-4D98-A4FF-C4C22CA9A95F}.Release|x64.ActiveCfg = Release|Any CPU
		{EBC1D441-50B7-4D98-A4FF-C4C22CA9A95F}.Release|x64.Build.0 = Release|Any CPU
		{EBC1D441-50B7-4D98-A4FF-C4C22CA9A95F}.Release|x86.ActiveCfg = Release|Any CPU
		{EBC1D441-50B7-4D98-A4FF-C4C22CA9A95F}.Release|x86.Build.0 = Release|Any CPU
		{8BD12554-04D1-4F38-BED1-F4B834531BE7}.Debug|Any CPU.ActiveCfg = Debug|Any CPU
		{8BD12554-04D1-4F38-BED1-F4B834531BE7}.Debug|Any CPU.Build.0 = Debug|Any CPU
		{8BD12554-04D1-4F38-BED1-F4B834531BE7}.Debug|x64.ActiveCfg = Debug|Any CPU
		{8BD12554-04D1-4F38-BED1-F4B834531BE7}.Debug|x64.Build.0 = Debug|Any CPU
		{8BD12554-04D1-4F38-BED1-F4B834531BE7}.Debug|x86.ActiveCfg = Debug|Any CPU
		{8BD12554-04D1-4F38-BED1-F4B834531BE7}.Debug|x86.Build.0 = Debug|Any CPU
		{8BD12554-04D1-4F38-BED1-F4B834531BE7}.Release|Any CPU.ActiveCfg = Release|Any CPU
		{8BD12554-04D1-4F38-BED1-F4B834531BE7}.Release|Any CPU.Build.0 = Release|Any CPU
		{8BD12554-04D1-4F38-BED1-F4B834531BE7}.Release|x64.ActiveCfg = Release|Any CPU
		{8BD12554-04D1-4F38-BED1-F4B834531BE7}.Release|x64.Build.0 = Release|Any CPU
		{8BD12554-04D1-4F38-BED1-F4B834531BE7}.Release|x86.ActiveCfg = Release|Any CPU
		{8BD12554-04D1-4F38-BED1-F4B834531BE7}.Release|x86.Build.0 = Release|Any CPU
		{1123F514-7BEC-49BB-9583-64CF3F33814E}.Debug|Any CPU.ActiveCfg = Debug|Any CPU
		{1123F514-7BEC-49BB-9583-64CF3F33814E}.Debug|Any CPU.Build.0 = Debug|Any CPU
		{1123F514-7BEC-49BB-9583-64CF3F33814E}.Debug|x64.ActiveCfg = Debug|Any CPU
		{1123F514-7BEC-49BB-9583-64CF3F33814E}.Debug|x64.Build.0 = Debug|Any CPU
		{1123F514-7BEC-49BB-9583-64CF3F33814E}.Debug|x86.ActiveCfg = Debug|Any CPU
		{1123F514-7BEC-49BB-9583-64CF3F33814E}.Debug|x86.Build.0 = Debug|Any CPU
		{1123F514-7BEC-49BB-9583-64CF3F33814E}.Release|Any CPU.ActiveCfg = Release|Any CPU
		{1123F514-7BEC-49BB-9583-64CF3F33814E}.Release|Any CPU.Build.0 = Release|Any CPU
		{1123F514-7BEC-49BB-9583-64CF3F33814E}.Release|x64.ActiveCfg = Release|Any CPU
		{1123F514-7BEC-49BB-9583-64CF3F33814E}.Release|x64.Build.0 = Release|Any CPU
		{1123F514-7BEC-49BB-9583-64CF3F33814E}.Release|x86.ActiveCfg = Release|Any CPU
		{1123F514-7BEC-49BB-9583-64CF3F33814E}.Release|x86.Build.0 = Release|Any CPU
		{1EA2474D-0CD4-4F21-BF03-CE2338A80E0C}.Debug|Any CPU.ActiveCfg = Debug|Any CPU
		{1EA2474D-0CD4-4F21-BF03-CE2338A80E0C}.Debug|Any CPU.Build.0 = Debug|Any CPU
		{1EA2474D-0CD4-4F21-BF03-CE2338A80E0C}.Debug|x64.ActiveCfg = Debug|Any CPU
		{1EA2474D-0CD4-4F21-BF03-CE2338A80E0C}.Debug|x64.Build.0 = Debug|Any CPU
		{1EA2474D-0CD4-4F21-BF03-CE2338A80E0C}.Debug|x86.ActiveCfg = Debug|Any CPU
		{1EA2474D-0CD4-4F21-BF03-CE2338A80E0C}.Debug|x86.Build.0 = Debug|Any CPU
		{1EA2474D-0CD4-4F21-BF03-CE2338A80E0C}.Release|Any CPU.ActiveCfg = Release|Any CPU
		{1EA2474D-0CD4-4F21-BF03-CE2338A80E0C}.Release|Any CPU.Build.0 = Release|Any CPU
		{1EA2474D-0CD4-4F21-BF03-CE2338A80E0C}.Release|x64.ActiveCfg = Release|Any CPU
		{1EA2474D-0CD4-4F21-BF03-CE2338A80E0C}.Release|x64.Build.0 = Release|Any CPU
		{1EA2474D-0CD4-4F21-BF03-CE2338A80E0C}.Release|x86.ActiveCfg = Release|Any CPU
		{1EA2474D-0CD4-4F21-BF03-CE2338A80E0C}.Release|x86.Build.0 = Release|Any CPU
		{3FF375DD-691F-4DAD-9B7B-63C055BBF957}.Debug|Any CPU.ActiveCfg = Debug|Any CPU
		{3FF375DD-691F-4DAD-9B7B-63C055BBF957}.Debug|Any CPU.Build.0 = Debug|Any CPU
		{3FF375DD-691F-4DAD-9B7B-63C055BBF957}.Debug|x64.ActiveCfg = Debug|Any CPU
		{3FF375DD-691F-4DAD-9B7B-63C055BBF957}.Debug|x64.Build.0 = Debug|Any CPU
		{3FF375DD-691F-4DAD-9B7B-63C055BBF957}.Debug|x86.ActiveCfg = Debug|Any CPU
		{3FF375DD-691F-4DAD-9B7B-63C055BBF957}.Debug|x86.Build.0 = Debug|Any CPU
		{3FF375DD-691F-4DAD-9B7B-63C055BBF957}.Release|Any CPU.ActiveCfg = Release|Any CPU
		{3FF375DD-691F-4DAD-9B7B-63C055BBF957}.Release|Any CPU.Build.0 = Release|Any CPU
		{3FF375DD-691F-4DAD-9B7B-63C055BBF957}.Release|x64.ActiveCfg = Release|Any CPU
		{3FF375DD-691F-4DAD-9B7B-63C055BBF957}.Release|x64.Build.0 = Release|Any CPU
		{3FF375DD-691F-4DAD-9B7B-63C055BBF957}.Release|x86.ActiveCfg = Release|Any CPU
		{3FF375DD-691F-4DAD-9B7B-63C055BBF957}.Release|x86.Build.0 = Release|Any CPU
		{886E0CFE-0BD8-49A4-985E-43261AC40E9D}.Debug|Any CPU.ActiveCfg = Debug|Any CPU
		{886E0CFE-0BD8-49A4-985E-43261AC40E9D}.Debug|Any CPU.Build.0 = Debug|Any CPU
		{886E0CFE-0BD8-49A4-985E-43261AC40E9D}.Debug|x64.ActiveCfg = Debug|Any CPU
		{886E0CFE-0BD8-49A4-985E-43261AC40E9D}.Debug|x64.Build.0 = Debug|Any CPU
		{886E0CFE-0BD8-49A4-985E-43261AC40E9D}.Debug|x86.ActiveCfg = Debug|Any CPU
		{886E0CFE-0BD8-49A4-985E-43261AC40E9D}.Debug|x86.Build.0 = Debug|Any CPU
		{886E0CFE-0BD8-49A4-985E-43261AC40E9D}.Release|Any CPU.ActiveCfg = Release|Any CPU
		{886E0CFE-0BD8-49A4-985E-43261AC40E9D}.Release|Any CPU.Build.0 = Release|Any CPU
		{886E0CFE-0BD8-49A4-985E-43261AC40E9D}.Release|x64.ActiveCfg = Release|Any CPU
		{886E0CFE-0BD8-49A4-985E-43261AC40E9D}.Release|x64.Build.0 = Release|Any CPU
		{886E0CFE-0BD8-49A4-985E-43261AC40E9D}.Release|x86.ActiveCfg = Release|Any CPU
		{886E0CFE-0BD8-49A4-985E-43261AC40E9D}.Release|x86.Build.0 = Release|Any CPU
		{626D3010-25C7-43A4-BB9A-B6C0909960D1}.Debug|Any CPU.ActiveCfg = Debug|Any CPU
		{626D3010-25C7-43A4-BB9A-B6C0909960D1}.Debug|Any CPU.Build.0 = Debug|Any CPU
		{626D3010-25C7-43A4-BB9A-B6C0909960D1}.Debug|x64.ActiveCfg = Debug|Any CPU
		{626D3010-25C7-43A4-BB9A-B6C0909960D1}.Debug|x64.Build.0 = Debug|Any CPU
		{626D3010-25C7-43A4-BB9A-B6C0909960D1}.Debug|x86.ActiveCfg = Debug|Any CPU
		{626D3010-25C7-43A4-BB9A-B6C0909960D1}.Debug|x86.Build.0 = Debug|Any CPU
		{626D3010-25C7-43A4-BB9A-B6C0909960D1}.Release|Any CPU.ActiveCfg = Release|Any CPU
		{626D3010-25C7-43A4-BB9A-B6C0909960D1}.Release|Any CPU.Build.0 = Release|Any CPU
		{626D3010-25C7-43A4-BB9A-B6C0909960D1}.Release|x64.ActiveCfg = Release|Any CPU
		{626D3010-25C7-43A4-BB9A-B6C0909960D1}.Release|x64.Build.0 = Release|Any CPU
		{626D3010-25C7-43A4-BB9A-B6C0909960D1}.Release|x86.ActiveCfg = Release|Any CPU
		{626D3010-25C7-43A4-BB9A-B6C0909960D1}.Release|x86.Build.0 = Release|Any CPU
		{76E734E6-EFB3-492D-B7E1-9511CBFC45A7}.Debug|Any CPU.ActiveCfg = Debug|Any CPU
		{76E734E6-EFB3-492D-B7E1-9511CBFC45A7}.Debug|Any CPU.Build.0 = Debug|Any CPU
		{76E734E6-EFB3-492D-B7E1-9511CBFC45A7}.Debug|x64.ActiveCfg = Debug|Any CPU
		{76E734E6-EFB3-492D-B7E1-9511CBFC45A7}.Debug|x64.Build.0 = Debug|Any CPU
		{76E734E6-EFB3-492D-B7E1-9511CBFC45A7}.Debug|x86.ActiveCfg = Debug|Any CPU
		{76E734E6-EFB3-492D-B7E1-9511CBFC45A7}.Debug|x86.Build.0 = Debug|Any CPU
		{76E734E6-EFB3-492D-B7E1-9511CBFC45A7}.Release|Any CPU.ActiveCfg = Release|Any CPU
		{76E734E6-EFB3-492D-B7E1-9511CBFC45A7}.Release|Any CPU.Build.0 = Release|Any CPU
		{76E734E6-EFB3-492D-B7E1-9511CBFC45A7}.Release|x64.ActiveCfg = Release|Any CPU
		{76E734E6-EFB3-492D-B7E1-9511CBFC45A7}.Release|x64.Build.0 = Release|Any CPU
		{76E734E6-EFB3-492D-B7E1-9511CBFC45A7}.Release|x86.ActiveCfg = Release|Any CPU
		{76E734E6-EFB3-492D-B7E1-9511CBFC45A7}.Release|x86.Build.0 = Release|Any CPU
		{3DE01C54-1928-4D73-A953-2D3D08713003}.Debug|Any CPU.ActiveCfg = Debug|Any CPU
		{3DE01C54-1928-4D73-A953-2D3D08713003}.Debug|Any CPU.Build.0 = Debug|Any CPU
		{3DE01C54-1928-4D73-A953-2D3D08713003}.Debug|x64.ActiveCfg = Debug|Any CPU
		{3DE01C54-1928-4D73-A953-2D3D08713003}.Debug|x64.Build.0 = Debug|Any CPU
		{3DE01C54-1928-4D73-A953-2D3D08713003}.Debug|x86.ActiveCfg = Debug|Any CPU
		{3DE01C54-1928-4D73-A953-2D3D08713003}.Debug|x86.Build.0 = Debug|Any CPU
		{3DE01C54-1928-4D73-A953-2D3D08713003}.Release|Any CPU.ActiveCfg = Release|Any CPU
		{3DE01C54-1928-4D73-A953-2D3D08713003}.Release|Any CPU.Build.0 = Release|Any CPU
		{3DE01C54-1928-4D73-A953-2D3D08713003}.Release|x64.ActiveCfg = Release|Any CPU
		{3DE01C54-1928-4D73-A953-2D3D08713003}.Release|x64.Build.0 = Release|Any CPU
		{3DE01C54-1928-4D73-A953-2D3D08713003}.Release|x86.ActiveCfg = Release|Any CPU
		{3DE01C54-1928-4D73-A953-2D3D08713003}.Release|x86.Build.0 = Release|Any CPU
		{2445614C-D8D1-43B5-B2F4-CEAEE175E105}.Debug|Any CPU.ActiveCfg = Debug|Any CPU
		{2445614C-D8D1-43B5-B2F4-CEAEE175E105}.Debug|Any CPU.Build.0 = Debug|Any CPU
		{2445614C-D8D1-43B5-B2F4-CEAEE175E105}.Debug|x64.ActiveCfg = Debug|Any CPU
		{2445614C-D8D1-43B5-B2F4-CEAEE175E105}.Debug|x64.Build.0 = Debug|Any CPU
		{2445614C-D8D1-43B5-B2F4-CEAEE175E105}.Debug|x86.ActiveCfg = Debug|Any CPU
		{2445614C-D8D1-43B5-B2F4-CEAEE175E105}.Debug|x86.Build.0 = Debug|Any CPU
		{2445614C-D8D1-43B5-B2F4-CEAEE175E105}.Release|Any CPU.ActiveCfg = Release|Any CPU
		{2445614C-D8D1-43B5-B2F4-CEAEE175E105}.Release|Any CPU.Build.0 = Release|Any CPU
		{2445614C-D8D1-43B5-B2F4-CEAEE175E105}.Release|x64.ActiveCfg = Release|Any CPU
		{2445614C-D8D1-43B5-B2F4-CEAEE175E105}.Release|x64.Build.0 = Release|Any CPU
		{2445614C-D8D1-43B5-B2F4-CEAEE175E105}.Release|x86.ActiveCfg = Release|Any CPU
		{2445614C-D8D1-43B5-B2F4-CEAEE175E105}.Release|x86.Build.0 = Release|Any CPU
		{15C15203-17AC-48F7-B95F-FF9C8F4543B2}.Debug|Any CPU.ActiveCfg = Debug|Any CPU
		{15C15203-17AC-48F7-B95F-FF9C8F4543B2}.Debug|Any CPU.Build.0 = Debug|Any CPU
		{15C15203-17AC-48F7-B95F-FF9C8F4543B2}.Debug|x64.ActiveCfg = Debug|Any CPU
		{15C15203-17AC-48F7-B95F-FF9C8F4543B2}.Debug|x64.Build.0 = Debug|Any CPU
		{15C15203-17AC-48F7-B95F-FF9C8F4543B2}.Debug|x86.ActiveCfg = Debug|Any CPU
		{15C15203-17AC-48F7-B95F-FF9C8F4543B2}.Debug|x86.Build.0 = Debug|Any CPU
		{15C15203-17AC-48F7-B95F-FF9C8F4543B2}.Release|Any CPU.ActiveCfg = Release|Any CPU
		{15C15203-17AC-48F7-B95F-FF9C8F4543B2}.Release|Any CPU.Build.0 = Release|Any CPU
		{15C15203-17AC-48F7-B95F-FF9C8F4543B2}.Release|x64.ActiveCfg = Release|Any CPU
		{15C15203-17AC-48F7-B95F-FF9C8F4543B2}.Release|x64.Build.0 = Release|Any CPU
		{15C15203-17AC-48F7-B95F-FF9C8F4543B2}.Release|x86.ActiveCfg = Release|Any CPU
		{15C15203-17AC-48F7-B95F-FF9C8F4543B2}.Release|x86.Build.0 = Release|Any CPU
		{D11DF5A1-272A-49E9-B35F-85628EEA50D0}.Debug|Any CPU.ActiveCfg = Debug|Any CPU
		{D11DF5A1-272A-49E9-B35F-85628EEA50D0}.Debug|Any CPU.Build.0 = Debug|Any CPU
		{D11DF5A1-272A-49E9-B35F-85628EEA50D0}.Debug|x64.ActiveCfg = Debug|Any CPU
		{D11DF5A1-272A-49E9-B35F-85628EEA50D0}.Debug|x64.Build.0 = Debug|Any CPU
		{D11DF5A1-272A-49E9-B35F-85628EEA50D0}.Debug|x86.ActiveCfg = Debug|Any CPU
		{D11DF5A1-272A-49E9-B35F-85628EEA50D0}.Debug|x86.Build.0 = Debug|Any CPU
		{D11DF5A1-272A-49E9-B35F-85628EEA50D0}.Release|Any CPU.ActiveCfg = Release|Any CPU
		{D11DF5A1-272A-49E9-B35F-85628EEA50D0}.Release|Any CPU.Build.0 = Release|Any CPU
		{D11DF5A1-272A-49E9-B35F-85628EEA50D0}.Release|x64.ActiveCfg = Release|Any CPU
		{D11DF5A1-272A-49E9-B35F-85628EEA50D0}.Release|x64.Build.0 = Release|Any CPU
		{D11DF5A1-272A-49E9-B35F-85628EEA50D0}.Release|x86.ActiveCfg = Release|Any CPU
		{D11DF5A1-272A-49E9-B35F-85628EEA50D0}.Release|x86.Build.0 = Release|Any CPU
		{EC9B17D7-BE2B-40F9-8495-E307A24B239A}.Debug|Any CPU.ActiveCfg = Debug|Any CPU
		{EC9B17D7-BE2B-40F9-8495-E307A24B239A}.Debug|Any CPU.Build.0 = Debug|Any CPU
		{EC9B17D7-BE2B-40F9-8495-E307A24B239A}.Debug|x64.ActiveCfg = Debug|Any CPU
		{EC9B17D7-BE2B-40F9-8495-E307A24B239A}.Debug|x64.Build.0 = Debug|Any CPU
		{EC9B17D7-BE2B-40F9-8495-E307A24B239A}.Debug|x86.ActiveCfg = Debug|Any CPU
		{EC9B17D7-BE2B-40F9-8495-E307A24B239A}.Debug|x86.Build.0 = Debug|Any CPU
		{EC9B17D7-BE2B-40F9-8495-E307A24B239A}.Release|Any CPU.ActiveCfg = Release|Any CPU
		{EC9B17D7-BE2B-40F9-8495-E307A24B239A}.Release|Any CPU.Build.0 = Release|Any CPU
		{EC9B17D7-BE2B-40F9-8495-E307A24B239A}.Release|x64.ActiveCfg = Release|Any CPU
		{EC9B17D7-BE2B-40F9-8495-E307A24B239A}.Release|x64.Build.0 = Release|Any CPU
		{EC9B17D7-BE2B-40F9-8495-E307A24B239A}.Release|x86.ActiveCfg = Release|Any CPU
		{EC9B17D7-BE2B-40F9-8495-E307A24B239A}.Release|x86.Build.0 = Release|Any CPU
		{EAF8C366-0167-483A-8E25-EB17E8C2E715}.Debug|Any CPU.ActiveCfg = Debug|Any CPU
		{EAF8C366-0167-483A-8E25-EB17E8C2E715}.Debug|Any CPU.Build.0 = Debug|Any CPU
		{EAF8C366-0167-483A-8E25-EB17E8C2E715}.Debug|x64.ActiveCfg = Debug|Any CPU
		{EAF8C366-0167-483A-8E25-EB17E8C2E715}.Debug|x64.Build.0 = Debug|Any CPU
		{EAF8C366-0167-483A-8E25-EB17E8C2E715}.Debug|x86.ActiveCfg = Debug|Any CPU
		{EAF8C366-0167-483A-8E25-EB17E8C2E715}.Debug|x86.Build.0 = Debug|Any CPU
		{EAF8C366-0167-483A-8E25-EB17E8C2E715}.Release|Any CPU.ActiveCfg = Release|Any CPU
		{EAF8C366-0167-483A-8E25-EB17E8C2E715}.Release|Any CPU.Build.0 = Release|Any CPU
		{EAF8C366-0167-483A-8E25-EB17E8C2E715}.Release|x64.ActiveCfg = Release|Any CPU
		{EAF8C366-0167-483A-8E25-EB17E8C2E715}.Release|x64.Build.0 = Release|Any CPU
		{EAF8C366-0167-483A-8E25-EB17E8C2E715}.Release|x86.ActiveCfg = Release|Any CPU
		{EAF8C366-0167-483A-8E25-EB17E8C2E715}.Release|x86.Build.0 = Release|Any CPU
		{1C370796-2E64-4545-A045-9AD94299DAA4}.Debug|Any CPU.ActiveCfg = Debug|Any CPU
		{1C370796-2E64-4545-A045-9AD94299DAA4}.Debug|Any CPU.Build.0 = Debug|Any CPU
		{1C370796-2E64-4545-A045-9AD94299DAA4}.Debug|x64.ActiveCfg = Debug|Any CPU
		{1C370796-2E64-4545-A045-9AD94299DAA4}.Debug|x64.Build.0 = Debug|Any CPU
		{1C370796-2E64-4545-A045-9AD94299DAA4}.Debug|x86.ActiveCfg = Debug|Any CPU
		{1C370796-2E64-4545-A045-9AD94299DAA4}.Debug|x86.Build.0 = Debug|Any CPU
		{1C370796-2E64-4545-A045-9AD94299DAA4}.Release|Any CPU.ActiveCfg = Release|Any CPU
		{1C370796-2E64-4545-A045-9AD94299DAA4}.Release|Any CPU.Build.0 = Release|Any CPU
		{1C370796-2E64-4545-A045-9AD94299DAA4}.Release|x64.ActiveCfg = Release|Any CPU
		{1C370796-2E64-4545-A045-9AD94299DAA4}.Release|x64.Build.0 = Release|Any CPU
		{1C370796-2E64-4545-A045-9AD94299DAA4}.Release|x86.ActiveCfg = Release|Any CPU
		{1C370796-2E64-4545-A045-9AD94299DAA4}.Release|x86.Build.0 = Release|Any CPU
		{3C5110BE-9ECD-4A5A-A2C7-048E9F9458BB}.Debug|Any CPU.ActiveCfg = Debug|Any CPU
		{3C5110BE-9ECD-4A5A-A2C7-048E9F9458BB}.Debug|Any CPU.Build.0 = Debug|Any CPU
		{3C5110BE-9ECD-4A5A-A2C7-048E9F9458BB}.Debug|x64.ActiveCfg = Debug|Any CPU
		{3C5110BE-9ECD-4A5A-A2C7-048E9F9458BB}.Debug|x64.Build.0 = Debug|Any CPU
		{3C5110BE-9ECD-4A5A-A2C7-048E9F9458BB}.Debug|x86.ActiveCfg = Debug|Any CPU
		{3C5110BE-9ECD-4A5A-A2C7-048E9F9458BB}.Debug|x86.Build.0 = Debug|Any CPU
		{3C5110BE-9ECD-4A5A-A2C7-048E9F9458BB}.Release|Any CPU.ActiveCfg = Release|Any CPU
		{3C5110BE-9ECD-4A5A-A2C7-048E9F9458BB}.Release|Any CPU.Build.0 = Release|Any CPU
		{3C5110BE-9ECD-4A5A-A2C7-048E9F9458BB}.Release|x64.ActiveCfg = Release|Any CPU
		{3C5110BE-9ECD-4A5A-A2C7-048E9F9458BB}.Release|x64.Build.0 = Release|Any CPU
		{3C5110BE-9ECD-4A5A-A2C7-048E9F9458BB}.Release|x86.ActiveCfg = Release|Any CPU
		{3C5110BE-9ECD-4A5A-A2C7-048E9F9458BB}.Release|x86.Build.0 = Release|Any CPU
		{B966B8A2-B6A5-444F-BF67-C449E2905D97}.Debug|Any CPU.ActiveCfg = Debug|Any CPU
		{B966B8A2-B6A5-444F-BF67-C449E2905D97}.Debug|Any CPU.Build.0 = Debug|Any CPU
		{B966B8A2-B6A5-444F-BF67-C449E2905D97}.Debug|x64.ActiveCfg = Debug|Any CPU
		{B966B8A2-B6A5-444F-BF67-C449E2905D97}.Debug|x64.Build.0 = Debug|Any CPU
		{B966B8A2-B6A5-444F-BF67-C449E2905D97}.Debug|x86.ActiveCfg = Debug|Any CPU
		{B966B8A2-B6A5-444F-BF67-C449E2905D97}.Debug|x86.Build.0 = Debug|Any CPU
		{B966B8A2-B6A5-444F-BF67-C449E2905D97}.Release|Any CPU.ActiveCfg = Release|Any CPU
		{B966B8A2-B6A5-444F-BF67-C449E2905D97}.Release|Any CPU.Build.0 = Release|Any CPU
		{B966B8A2-B6A5-444F-BF67-C449E2905D97}.Release|x64.ActiveCfg = Release|Any CPU
		{B966B8A2-B6A5-444F-BF67-C449E2905D97}.Release|x64.Build.0 = Release|Any CPU
		{B966B8A2-B6A5-444F-BF67-C449E2905D97}.Release|x86.ActiveCfg = Release|Any CPU
		{B966B8A2-B6A5-444F-BF67-C449E2905D97}.Release|x86.Build.0 = Release|Any CPU
		{0B8063D0-F512-471D-B318-59F20468FA37}.Debug|Any CPU.ActiveCfg = Debug|Any CPU
		{0B8063D0-F512-471D-B318-59F20468FA37}.Debug|Any CPU.Build.0 = Debug|Any CPU
		{0B8063D0-F512-471D-B318-59F20468FA37}.Debug|x64.ActiveCfg = Debug|Any CPU
		{0B8063D0-F512-471D-B318-59F20468FA37}.Debug|x64.Build.0 = Debug|Any CPU
		{0B8063D0-F512-471D-B318-59F20468FA37}.Debug|x86.ActiveCfg = Debug|Any CPU
		{0B8063D0-F512-471D-B318-59F20468FA37}.Debug|x86.Build.0 = Debug|Any CPU
		{0B8063D0-F512-471D-B318-59F20468FA37}.Release|Any CPU.ActiveCfg = Release|Any CPU
		{0B8063D0-F512-471D-B318-59F20468FA37}.Release|Any CPU.Build.0 = Release|Any CPU
		{0B8063D0-F512-471D-B318-59F20468FA37}.Release|x64.ActiveCfg = Release|Any CPU
		{0B8063D0-F512-471D-B318-59F20468FA37}.Release|x64.Build.0 = Release|Any CPU
		{0B8063D0-F512-471D-B318-59F20468FA37}.Release|x86.ActiveCfg = Release|Any CPU
		{0B8063D0-F512-471D-B318-59F20468FA37}.Release|x86.Build.0 = Release|Any CPU
		{5A48CD12-EF50-4B99-A350-E1F4C2B0062D}.Debug|Any CPU.ActiveCfg = Debug|Any CPU
		{5A48CD12-EF50-4B99-A350-E1F4C2B0062D}.Debug|Any CPU.Build.0 = Debug|Any CPU
		{5A48CD12-EF50-4B99-A350-E1F4C2B0062D}.Debug|x64.ActiveCfg = Debug|Any CPU
		{5A48CD12-EF50-4B99-A350-E1F4C2B0062D}.Debug|x64.Build.0 = Debug|Any CPU
		{5A48CD12-EF50-4B99-A350-E1F4C2B0062D}.Debug|x86.ActiveCfg = Debug|Any CPU
		{5A48CD12-EF50-4B99-A350-E1F4C2B0062D}.Debug|x86.Build.0 = Debug|Any CPU
		{5A48CD12-EF50-4B99-A350-E1F4C2B0062D}.Release|Any CPU.ActiveCfg = Release|Any CPU
		{5A48CD12-EF50-4B99-A350-E1F4C2B0062D}.Release|Any CPU.Build.0 = Release|Any CPU
		{5A48CD12-EF50-4B99-A350-E1F4C2B0062D}.Release|x64.ActiveCfg = Release|Any CPU
		{5A48CD12-EF50-4B99-A350-E1F4C2B0062D}.Release|x64.Build.0 = Release|Any CPU
		{5A48CD12-EF50-4B99-A350-E1F4C2B0062D}.Release|x86.ActiveCfg = Release|Any CPU
		{5A48CD12-EF50-4B99-A350-E1F4C2B0062D}.Release|x86.Build.0 = Release|Any CPU
		{8F16076D-7DFE-4CF5-BAA5-5CC85101D932}.Debug|Any CPU.ActiveCfg = Debug|Any CPU
		{8F16076D-7DFE-4CF5-BAA5-5CC85101D932}.Debug|Any CPU.Build.0 = Debug|Any CPU
		{8F16076D-7DFE-4CF5-BAA5-5CC85101D932}.Debug|x64.ActiveCfg = Debug|Any CPU
		{8F16076D-7DFE-4CF5-BAA5-5CC85101D932}.Debug|x64.Build.0 = Debug|Any CPU
		{8F16076D-7DFE-4CF5-BAA5-5CC85101D932}.Debug|x86.ActiveCfg = Debug|Any CPU
		{8F16076D-7DFE-4CF5-BAA5-5CC85101D932}.Debug|x86.Build.0 = Debug|Any CPU
		{8F16076D-7DFE-4CF5-BAA5-5CC85101D932}.Release|Any CPU.ActiveCfg = Release|Any CPU
		{8F16076D-7DFE-4CF5-BAA5-5CC85101D932}.Release|Any CPU.Build.0 = Release|Any CPU
		{8F16076D-7DFE-4CF5-BAA5-5CC85101D932}.Release|x64.ActiveCfg = Release|Any CPU
		{8F16076D-7DFE-4CF5-BAA5-5CC85101D932}.Release|x64.Build.0 = Release|Any CPU
		{8F16076D-7DFE-4CF5-BAA5-5CC85101D932}.Release|x86.ActiveCfg = Release|Any CPU
		{8F16076D-7DFE-4CF5-BAA5-5CC85101D932}.Release|x86.Build.0 = Release|Any CPU
		{44E63F35-0295-4853-9D0E-5B0B09D73232}.Debug|Any CPU.ActiveCfg = Debug|Any CPU
		{44E63F35-0295-4853-9D0E-5B0B09D73232}.Debug|Any CPU.Build.0 = Debug|Any CPU
		{44E63F35-0295-4853-9D0E-5B0B09D73232}.Debug|x64.ActiveCfg = Debug|Any CPU
		{44E63F35-0295-4853-9D0E-5B0B09D73232}.Debug|x64.Build.0 = Debug|Any CPU
		{44E63F35-0295-4853-9D0E-5B0B09D73232}.Debug|x86.ActiveCfg = Debug|Any CPU
		{44E63F35-0295-4853-9D0E-5B0B09D73232}.Debug|x86.Build.0 = Debug|Any CPU
		{44E63F35-0295-4853-9D0E-5B0B09D73232}.Release|Any CPU.ActiveCfg = Release|Any CPU
		{44E63F35-0295-4853-9D0E-5B0B09D73232}.Release|Any CPU.Build.0 = Release|Any CPU
		{44E63F35-0295-4853-9D0E-5B0B09D73232}.Release|x64.ActiveCfg = Release|Any CPU
		{44E63F35-0295-4853-9D0E-5B0B09D73232}.Release|x64.Build.0 = Release|Any CPU
		{44E63F35-0295-4853-9D0E-5B0B09D73232}.Release|x86.ActiveCfg = Release|Any CPU
		{44E63F35-0295-4853-9D0E-5B0B09D73232}.Release|x86.Build.0 = Release|Any CPU
		{91C70E1B-664E-437D-8FD7-5C574D01FE0D}.Debug|Any CPU.ActiveCfg = Debug|Any CPU
		{91C70E1B-664E-437D-8FD7-5C574D01FE0D}.Debug|Any CPU.Build.0 = Debug|Any CPU
		{91C70E1B-664E-437D-8FD7-5C574D01FE0D}.Debug|x64.ActiveCfg = Debug|Any CPU
		{91C70E1B-664E-437D-8FD7-5C574D01FE0D}.Debug|x64.Build.0 = Debug|Any CPU
		{91C70E1B-664E-437D-8FD7-5C574D01FE0D}.Debug|x86.ActiveCfg = Debug|Any CPU
		{91C70E1B-664E-437D-8FD7-5C574D01FE0D}.Debug|x86.Build.0 = Debug|Any CPU
		{91C70E1B-664E-437D-8FD7-5C574D01FE0D}.Release|Any CPU.ActiveCfg = Release|Any CPU
		{91C70E1B-664E-437D-8FD7-5C574D01FE0D}.Release|Any CPU.Build.0 = Release|Any CPU
		{91C70E1B-664E-437D-8FD7-5C574D01FE0D}.Release|x64.ActiveCfg = Release|Any CPU
		{91C70E1B-664E-437D-8FD7-5C574D01FE0D}.Release|x64.Build.0 = Release|Any CPU
		{91C70E1B-664E-437D-8FD7-5C574D01FE0D}.Release|x86.ActiveCfg = Release|Any CPU
		{91C70E1B-664E-437D-8FD7-5C574D01FE0D}.Release|x86.Build.0 = Release|Any CPU
		{D6B28F88-FF18-43F5-B00D-CB158E140091}.Debug|Any CPU.ActiveCfg = Debug|Any CPU
		{D6B28F88-FF18-43F5-B00D-CB158E140091}.Debug|Any CPU.Build.0 = Debug|Any CPU
		{D6B28F88-FF18-43F5-B00D-CB158E140091}.Debug|x64.ActiveCfg = Debug|Any CPU
		{D6B28F88-FF18-43F5-B00D-CB158E140091}.Debug|x64.Build.0 = Debug|Any CPU
		{D6B28F88-FF18-43F5-B00D-CB158E140091}.Debug|x86.ActiveCfg = Debug|Any CPU
		{D6B28F88-FF18-43F5-B00D-CB158E140091}.Debug|x86.Build.0 = Debug|Any CPU
		{D6B28F88-FF18-43F5-B00D-CB158E140091}.Release|Any CPU.ActiveCfg = Release|Any CPU
		{D6B28F88-FF18-43F5-B00D-CB158E140091}.Release|Any CPU.Build.0 = Release|Any CPU
		{D6B28F88-FF18-43F5-B00D-CB158E140091}.Release|x64.ActiveCfg = Release|Any CPU
		{D6B28F88-FF18-43F5-B00D-CB158E140091}.Release|x64.Build.0 = Release|Any CPU
		{D6B28F88-FF18-43F5-B00D-CB158E140091}.Release|x86.ActiveCfg = Release|Any CPU
		{D6B28F88-FF18-43F5-B00D-CB158E140091}.Release|x86.Build.0 = Release|Any CPU
		{2F76548D-A393-4FE1-A5E7-A69DD8989632}.Debug|Any CPU.ActiveCfg = Debug|Any CPU
		{2F76548D-A393-4FE1-A5E7-A69DD8989632}.Debug|Any CPU.Build.0 = Debug|Any CPU
		{2F76548D-A393-4FE1-A5E7-A69DD8989632}.Debug|x64.ActiveCfg = Debug|Any CPU
		{2F76548D-A393-4FE1-A5E7-A69DD8989632}.Debug|x64.Build.0 = Debug|Any CPU
		{2F76548D-A393-4FE1-A5E7-A69DD8989632}.Debug|x86.ActiveCfg = Debug|Any CPU
		{2F76548D-A393-4FE1-A5E7-A69DD8989632}.Debug|x86.Build.0 = Debug|Any CPU
		{2F76548D-A393-4FE1-A5E7-A69DD8989632}.Release|Any CPU.ActiveCfg = Release|Any CPU
		{2F76548D-A393-4FE1-A5E7-A69DD8989632}.Release|Any CPU.Build.0 = Release|Any CPU
		{2F76548D-A393-4FE1-A5E7-A69DD8989632}.Release|x64.ActiveCfg = Release|Any CPU
		{2F76548D-A393-4FE1-A5E7-A69DD8989632}.Release|x64.Build.0 = Release|Any CPU
		{2F76548D-A393-4FE1-A5E7-A69DD8989632}.Release|x86.ActiveCfg = Release|Any CPU
		{2F76548D-A393-4FE1-A5E7-A69DD8989632}.Release|x86.Build.0 = Release|Any CPU
		{5B02D6DF-BC64-4A49-B7EF-4B09CEC6C32E}.Debug|Any CPU.ActiveCfg = Debug|Any CPU
		{5B02D6DF-BC64-4A49-B7EF-4B09CEC6C32E}.Debug|Any CPU.Build.0 = Debug|Any CPU
		{5B02D6DF-BC64-4A49-B7EF-4B09CEC6C32E}.Debug|x64.ActiveCfg = Debug|Any CPU
		{5B02D6DF-BC64-4A49-B7EF-4B09CEC6C32E}.Debug|x64.Build.0 = Debug|Any CPU
		{5B02D6DF-BC64-4A49-B7EF-4B09CEC6C32E}.Debug|x86.ActiveCfg = Debug|Any CPU
		{5B02D6DF-BC64-4A49-B7EF-4B09CEC6C32E}.Debug|x86.Build.0 = Debug|Any CPU
		{5B02D6DF-BC64-4A49-B7EF-4B09CEC6C32E}.Release|Any CPU.ActiveCfg = Release|Any CPU
		{5B02D6DF-BC64-4A49-B7EF-4B09CEC6C32E}.Release|Any CPU.Build.0 = Release|Any CPU
		{5B02D6DF-BC64-4A49-B7EF-4B09CEC6C32E}.Release|x64.ActiveCfg = Release|Any CPU
		{5B02D6DF-BC64-4A49-B7EF-4B09CEC6C32E}.Release|x64.Build.0 = Release|Any CPU
		{5B02D6DF-BC64-4A49-B7EF-4B09CEC6C32E}.Release|x86.ActiveCfg = Release|Any CPU
		{5B02D6DF-BC64-4A49-B7EF-4B09CEC6C32E}.Release|x86.Build.0 = Release|Any CPU
		{4A6DBC93-9937-4E2F-9829-172544194213}.Debug|Any CPU.ActiveCfg = Debug|Any CPU
		{4A6DBC93-9937-4E2F-9829-172544194213}.Debug|Any CPU.Build.0 = Debug|Any CPU
		{4A6DBC93-9937-4E2F-9829-172544194213}.Debug|x64.ActiveCfg = Debug|Any CPU
		{4A6DBC93-9937-4E2F-9829-172544194213}.Debug|x64.Build.0 = Debug|Any CPU
		{4A6DBC93-9937-4E2F-9829-172544194213}.Debug|x86.ActiveCfg = Debug|Any CPU
		{4A6DBC93-9937-4E2F-9829-172544194213}.Debug|x86.Build.0 = Debug|Any CPU
		{4A6DBC93-9937-4E2F-9829-172544194213}.Release|Any CPU.ActiveCfg = Release|Any CPU
		{4A6DBC93-9937-4E2F-9829-172544194213}.Release|Any CPU.Build.0 = Release|Any CPU
		{4A6DBC93-9937-4E2F-9829-172544194213}.Release|x64.ActiveCfg = Release|Any CPU
		{4A6DBC93-9937-4E2F-9829-172544194213}.Release|x64.Build.0 = Release|Any CPU
		{4A6DBC93-9937-4E2F-9829-172544194213}.Release|x86.ActiveCfg = Release|Any CPU
		{4A6DBC93-9937-4E2F-9829-172544194213}.Release|x86.Build.0 = Release|Any CPU
		{04109272-F5F1-4A54-91CC-7A9C6EDF2AB3}.Debug|Any CPU.ActiveCfg = Debug|Any CPU
		{04109272-F5F1-4A54-91CC-7A9C6EDF2AB3}.Debug|Any CPU.Build.0 = Debug|Any CPU
		{04109272-F5F1-4A54-91CC-7A9C6EDF2AB3}.Debug|x64.ActiveCfg = Debug|Any CPU
		{04109272-F5F1-4A54-91CC-7A9C6EDF2AB3}.Debug|x64.Build.0 = Debug|Any CPU
		{04109272-F5F1-4A54-91CC-7A9C6EDF2AB3}.Debug|x86.ActiveCfg = Debug|Any CPU
		{04109272-F5F1-4A54-91CC-7A9C6EDF2AB3}.Debug|x86.Build.0 = Debug|Any CPU
		{04109272-F5F1-4A54-91CC-7A9C6EDF2AB3}.Release|Any CPU.ActiveCfg = Release|Any CPU
		{04109272-F5F1-4A54-91CC-7A9C6EDF2AB3}.Release|Any CPU.Build.0 = Release|Any CPU
		{04109272-F5F1-4A54-91CC-7A9C6EDF2AB3}.Release|x64.ActiveCfg = Release|Any CPU
		{04109272-F5F1-4A54-91CC-7A9C6EDF2AB3}.Release|x64.Build.0 = Release|Any CPU
		{04109272-F5F1-4A54-91CC-7A9C6EDF2AB3}.Release|x86.ActiveCfg = Release|Any CPU
		{04109272-F5F1-4A54-91CC-7A9C6EDF2AB3}.Release|x86.Build.0 = Release|Any CPU
		{54BEBA20-3472-441D-8AF7-F89C28D65653}.Debug|Any CPU.ActiveCfg = Debug|Any CPU
		{54BEBA20-3472-441D-8AF7-F89C28D65653}.Debug|Any CPU.Build.0 = Debug|Any CPU
		{54BEBA20-3472-441D-8AF7-F89C28D65653}.Debug|x64.ActiveCfg = Debug|Any CPU
		{54BEBA20-3472-441D-8AF7-F89C28D65653}.Debug|x64.Build.0 = Debug|Any CPU
		{54BEBA20-3472-441D-8AF7-F89C28D65653}.Debug|x86.ActiveCfg = Debug|Any CPU
		{54BEBA20-3472-441D-8AF7-F89C28D65653}.Debug|x86.Build.0 = Debug|Any CPU
		{54BEBA20-3472-441D-8AF7-F89C28D65653}.Release|Any CPU.ActiveCfg = Release|Any CPU
		{54BEBA20-3472-441D-8AF7-F89C28D65653}.Release|Any CPU.Build.0 = Release|Any CPU
		{54BEBA20-3472-441D-8AF7-F89C28D65653}.Release|x64.ActiveCfg = Release|Any CPU
		{54BEBA20-3472-441D-8AF7-F89C28D65653}.Release|x64.Build.0 = Release|Any CPU
		{54BEBA20-3472-441D-8AF7-F89C28D65653}.Release|x86.ActiveCfg = Release|Any CPU
		{54BEBA20-3472-441D-8AF7-F89C28D65653}.Release|x86.Build.0 = Release|Any CPU
		{4CF38B43-D271-45F3-82E0-39090200B50B}.Debug|Any CPU.ActiveCfg = Debug|Any CPU
		{4CF38B43-D271-45F3-82E0-39090200B50B}.Debug|Any CPU.Build.0 = Debug|Any CPU
		{4CF38B43-D271-45F3-82E0-39090200B50B}.Debug|x64.ActiveCfg = Debug|Any CPU
		{4CF38B43-D271-45F3-82E0-39090200B50B}.Debug|x64.Build.0 = Debug|Any CPU
		{4CF38B43-D271-45F3-82E0-39090200B50B}.Debug|x86.ActiveCfg = Debug|Any CPU
		{4CF38B43-D271-45F3-82E0-39090200B50B}.Debug|x86.Build.0 = Debug|Any CPU
		{4CF38B43-D271-45F3-82E0-39090200B50B}.Release|Any CPU.ActiveCfg = Release|Any CPU
		{4CF38B43-D271-45F3-82E0-39090200B50B}.Release|Any CPU.Build.0 = Release|Any CPU
		{4CF38B43-D271-45F3-82E0-39090200B50B}.Release|x64.ActiveCfg = Release|Any CPU
		{4CF38B43-D271-45F3-82E0-39090200B50B}.Release|x64.Build.0 = Release|Any CPU
		{4CF38B43-D271-45F3-82E0-39090200B50B}.Release|x86.ActiveCfg = Release|Any CPU
		{4CF38B43-D271-45F3-82E0-39090200B50B}.Release|x86.Build.0 = Release|Any CPU
		{86555672-FC04-4AD0-992C-C1676F44C2A2}.Debug|Any CPU.ActiveCfg = Debug|Any CPU
		{86555672-FC04-4AD0-992C-C1676F44C2A2}.Debug|Any CPU.Build.0 = Debug|Any CPU
		{86555672-FC04-4AD0-992C-C1676F44C2A2}.Debug|x64.ActiveCfg = Debug|Any CPU
		{86555672-FC04-4AD0-992C-C1676F44C2A2}.Debug|x64.Build.0 = Debug|Any CPU
		{86555672-FC04-4AD0-992C-C1676F44C2A2}.Debug|x86.ActiveCfg = Debug|Any CPU
		{86555672-FC04-4AD0-992C-C1676F44C2A2}.Debug|x86.Build.0 = Debug|Any CPU
		{86555672-FC04-4AD0-992C-C1676F44C2A2}.Release|Any CPU.ActiveCfg = Release|Any CPU
		{86555672-FC04-4AD0-992C-C1676F44C2A2}.Release|Any CPU.Build.0 = Release|Any CPU
		{86555672-FC04-4AD0-992C-C1676F44C2A2}.Release|x64.ActiveCfg = Release|Any CPU
		{86555672-FC04-4AD0-992C-C1676F44C2A2}.Release|x64.Build.0 = Release|Any CPU
		{86555672-FC04-4AD0-992C-C1676F44C2A2}.Release|x86.ActiveCfg = Release|Any CPU
		{86555672-FC04-4AD0-992C-C1676F44C2A2}.Release|x86.Build.0 = Release|Any CPU
		{BE2A49F3-F898-448D-B0EB-B70C11A92A74}.Debug|Any CPU.ActiveCfg = Debug|Any CPU
		{BE2A49F3-F898-448D-B0EB-B70C11A92A74}.Debug|Any CPU.Build.0 = Debug|Any CPU
		{BE2A49F3-F898-448D-B0EB-B70C11A92A74}.Debug|x64.ActiveCfg = Debug|Any CPU
		{BE2A49F3-F898-448D-B0EB-B70C11A92A74}.Debug|x64.Build.0 = Debug|Any CPU
		{BE2A49F3-F898-448D-B0EB-B70C11A92A74}.Debug|x86.ActiveCfg = Debug|Any CPU
		{BE2A49F3-F898-448D-B0EB-B70C11A92A74}.Debug|x86.Build.0 = Debug|Any CPU
		{BE2A49F3-F898-448D-B0EB-B70C11A92A74}.Release|Any CPU.ActiveCfg = Release|Any CPU
		{BE2A49F3-F898-448D-B0EB-B70C11A92A74}.Release|Any CPU.Build.0 = Release|Any CPU
		{BE2A49F3-F898-448D-B0EB-B70C11A92A74}.Release|x64.ActiveCfg = Release|Any CPU
		{BE2A49F3-F898-448D-B0EB-B70C11A92A74}.Release|x64.Build.0 = Release|Any CPU
		{BE2A49F3-F898-448D-B0EB-B70C11A92A74}.Release|x86.ActiveCfg = Release|Any CPU
		{BE2A49F3-F898-448D-B0EB-B70C11A92A74}.Release|x86.Build.0 = Release|Any CPU
	EndGlobalSection
	GlobalSection(SolutionProperties) = preSolution
		HideSolutionNode = FALSE
	EndGlobalSection
	GlobalSection(NestedProjects) = preSolution
		{6D82CFE1-042C-4265-9343-034549B1FD04} = {85F7CBF3-EF26-4AC4-22AF-16D15013B88E}
		{DC0B5A37-0A42-476D-8EB5-46E893F59310} = {85F7CBF3-EF26-4AC4-22AF-16D15013B88E}
		{A38FEB3C-A9FB-42A3-831E-154AD218E037} = {85F7CBF3-EF26-4AC4-22AF-16D15013B88E}
		{74A6599D-FEA3-47B6-8EA5-B2DEB2A9E4A9} = {85F7CBF3-EF26-4AC4-22AF-16D15013B88E}
		{11D786F6-520E-4B21-8A1A-896D180F79CC} = {85F7CBF3-EF26-4AC4-22AF-16D15013B88E}
		{64A897B6-719D-448F-987F-CFBCBC5D736F} = {C8C5DAC2-19D6-1CC4-B55E-3732F248532B}
		{952ADEE2-00C4-4F73-84D6-B11D40EF4B1B} = {C8C5DAC2-19D6-1CC4-B55E-3732F248532B}
		{8187E78C-B6B3-4923-AE55-B31CEFDEA07C} = {C8C5DAC2-19D6-1CC4-B55E-3732F248532B}
		{8E4E0102-AFD0-4DE6-86A8-50C7081B4536} = {C8C5DAC2-19D6-1CC4-B55E-3732F248532B}
		{93C58BB7-8B55-4605-9758-870FFCCC3DA3} = {C8C5DAC2-19D6-1CC4-B55E-3732F248532B}
		{8BE104BE-7142-4C81-83FD-1B6014222E31} = {C09F6456-0B9B-3DB7-F860-4614DEF252DE}
		{591D76DB-6698-4992-A41A-B8D286E04D3E} = {C09F6456-0B9B-3DB7-F860-4614DEF252DE}
		{1FA1985E-EC88-4307-B993-253D8D4D0511} = {C09F6456-0B9B-3DB7-F860-4614DEF252DE}
		{948FA4D9-7414-43E0-841D-7C2C189FF684} = {C09F6456-0B9B-3DB7-F860-4614DEF252DE}
		{C44570AA-265D-4853-85F7-31EBAB7834E3} = {C09F6456-0B9B-3DB7-F860-4614DEF252DE}
		{332CAFA6-DC38-49A3-9020-2C76BF40C92A} = {03CCC7DC-32FE-5D17-CECD-CBFC96260A88}
		{A6D90F93-CC4B-4770-8146-15131D73A742} = {03CCC7DC-32FE-5D17-CECD-CBFC96260A88}
		{E5BBC354-6CD7-4105-9449-4EB44404406C} = {03CCC7DC-32FE-5D17-CECD-CBFC96260A88}
		{80813F9F-1479-4354-A27C-D2412D1173C3} = {03CCC7DC-32FE-5D17-CECD-CBFC96260A88}
		{5B5F3013-2D70-4497-A7FB-C08AAD4E9774} = {03CCC7DC-32FE-5D17-CECD-CBFC96260A88}
		{5E0C4249-17D5-4D62-9993-E2C5391B0ADC} = {CF2E20A4-4434-BC58-957C-20692CC225B4}
		{9B195DF3-7FC4-4BD2-B353-161A103D526C} = {CF2E20A4-4434-BC58-957C-20692CC225B4}
		{84E91061-A8E3-4699-A4B4-A4798E871D01} = {CF2E20A4-4434-BC58-957C-20692CC225B4}
		{EBC1D441-50B7-4D98-A4FF-C4C22CA9A95F} = {CF2E20A4-4434-BC58-957C-20692CC225B4}
		{8BD12554-04D1-4F38-BED1-F4B834531BE7} = {CF2E20A4-4434-BC58-957C-20692CC225B4}
		{1123F514-7BEC-49BB-9583-64CF3F33814E} = {78AC0782-8D79-803C-7557-0626E0D01D92}
		{1EA2474D-0CD4-4F21-BF03-CE2338A80E0C} = {78AC0782-8D79-803C-7557-0626E0D01D92}
		{3FF375DD-691F-4DAD-9B7B-63C055BBF957} = {78AC0782-8D79-803C-7557-0626E0D01D92}
		{886E0CFE-0BD8-49A4-985E-43261AC40E9D} = {78AC0782-8D79-803C-7557-0626E0D01D92}
		{626D3010-25C7-43A4-BB9A-B6C0909960D1} = {78AC0782-8D79-803C-7557-0626E0D01D92}
		{76E734E6-EFB3-492D-B7E1-9511CBFC45A7} = {45EE3C78-BE9F-467D-2FE2-0A845B33D93D}
		{3DE01C54-1928-4D73-A953-2D3D08713003} = {45EE3C78-BE9F-467D-2FE2-0A845B33D93D}
		{2445614C-D8D1-43B5-B2F4-CEAEE175E105} = {45EE3C78-BE9F-467D-2FE2-0A845B33D93D}
		{15C15203-17AC-48F7-B95F-FF9C8F4543B2} = {45EE3C78-BE9F-467D-2FE2-0A845B33D93D}
		{D11DF5A1-272A-49E9-B35F-85628EEA50D0} = {45EE3C78-BE9F-467D-2FE2-0A845B33D93D}
		{EC9B17D7-BE2B-40F9-8495-E307A24B239A} = {45EE3C78-BE9F-467D-2FE2-0A845B33D93D}
		{EAF8C366-0167-483A-8E25-EB17E8C2E715} = {C5669A2C-8E26-7102-6FA8-FEA31A489191}
		{1C370796-2E64-4545-A045-9AD94299DAA4} = {C5669A2C-8E26-7102-6FA8-FEA31A489191}
		{3C5110BE-9ECD-4A5A-A2C7-048E9F9458BB} = {C5669A2C-8E26-7102-6FA8-FEA31A489191}
		{B966B8A2-B6A5-444F-BF67-C449E2905D97} = {C5669A2C-8E26-7102-6FA8-FEA31A489191}
		{0B8063D0-F512-471D-B318-59F20468FA37} = {C5669A2C-8E26-7102-6FA8-FEA31A489191}
		{5A48CD12-EF50-4B99-A350-E1F4C2B0062D} = {8AA4D357-CA7A-9C9E-7ABE-1F531872A85D}
		{8F16076D-7DFE-4CF5-BAA5-5CC85101D932} = {8AA4D357-CA7A-9C9E-7ABE-1F531872A85D}
		{44E63F35-0295-4853-9D0E-5B0B09D73232} = {8AA4D357-CA7A-9C9E-7ABE-1F531872A85D}
		{91C70E1B-664E-437D-8FD7-5C574D01FE0D} = {8AA4D357-CA7A-9C9E-7ABE-1F531872A85D}
		{D6B28F88-FF18-43F5-B00D-CB158E140091} = {8AA4D357-CA7A-9C9E-7ABE-1F531872A85D}
		{2F76548D-A393-4FE1-A5E7-A69DD8989632} = {8AA4D357-CA7A-9C9E-7ABE-1F531872A85D}
		{C26CCF14-F2D3-981E-873D-75A0BD707A5A} = {F2E35B3E-9711-EDEC-6202-DB40BDEED14A}
		{5B02D6DF-BC64-4A49-B7EF-4B09CEC6C32E} = {C26CCF14-F2D3-981E-873D-75A0BD707A5A}
		{4A6DBC93-9937-4E2F-9829-172544194213} = {C26CCF14-F2D3-981E-873D-75A0BD707A5A}
		{8CF52549-CAF2-3FE9-D387-B19BC1ABF6CE} = {F2E35B3E-9711-EDEC-6202-DB40BDEED14A}
		{04109272-F5F1-4A54-91CC-7A9C6EDF2AB3} = {8CF52549-CAF2-3FE9-D387-B19BC1ABF6CE}
		{54BEBA20-3472-441D-8AF7-F89C28D65653} = {8CF52549-CAF2-3FE9-D387-B19BC1ABF6CE}
		{4CF38B43-D271-45F3-82E0-39090200B50B} = {8CF52549-CAF2-3FE9-D387-B19BC1ABF6CE}
		{65F57DB5-8BF3-EABC-59F4-DC3A5D6CD6D7} = {F2E35B3E-9711-EDEC-6202-DB40BDEED14A}
		{86555672-FC04-4AD0-992C-C1676F44C2A2} = {65F57DB5-8BF3-EABC-59F4-DC3A5D6CD6D7}
		{BE2A49F3-F898-448D-B0EB-B70C11A92A74} = {65F57DB5-8BF3-EABC-59F4-DC3A5D6CD6D7}
	EndGlobalSection
EndGlobal
